
Microsoft Visual Studio Solution File, Format Version 12.00
# Visual Studio 2013
VisualStudioVersion = 12.0.30723.0
MinimumVisualStudioVersion = 10.0.40219.1
Project("{FAE04EC0-301F-11D3-BF4B-00C04F79EFBC}") = "SystemTester.Module", "SystemTester.Module\SystemTester.Module.csproj", "{5F15837D-D1E5-44DC-92F0-4F2EBE9C3F8D}"
EndProject
Project("{FAE04EC0-301F-11D3-BF4B-00C04F79EFBC}") = "SystemTester.Module.Web", "SystemTester.Module.Web\SystemTester.Module.Web.csproj", "{0C729AAD-7626-4668-A7F1-35F7D240489D}"
EndProject
Project("{FAE04EC0-301F-11D3-BF4B-00C04F79EFBC}") = "SystemTester.Web", "SystemTester.Web\SystemTester.Web.csproj", "{82A6DBC9-B1B4-44E4-9718-55DF930CD349}"
EndProject
Project("{FAE04EC0-301F-11D3-BF4B-00C04F79EFBC}") = "SystemTester.Module.Win", "SystemTester.Module.Win\SystemTester.Module.Win.csproj", "{7964F87D-BC5D-4C4E-8B2F-71E89739AA97}"
EndProject
Project("{FAE04EC0-301F-11D3-BF4B-00C04F79EFBC}") = "SystemTester.Win", "SystemTester.Win\SystemTester.Win.csproj", "{D05D93DF-312D-4D4E-B980-726871EC7833}"
EndProject
Project("{2150E333-8FDC-42A3-9474-1A3956D46DE8}") = "Xpand", "Xpand", "{53A5472F-A9C7-43D1-B9A1-C03713879157}"
EndProject
Project("{FAE04EC0-301F-11D3-BF4B-00C04F79EFBC}") = "Xpand.EasyTest", "..\..\..\Xpand.EasyTest\Xpand.EasyTest\Xpand.EasyTest.csproj", "{80DC8CB8-C285-4953-871F-E49002FA10E8}"
EndProject
Project("{FAE04EC0-301F-11D3-BF4B-00C04F79EFBC}") = "Xpand.Persistent.Base", "..\..\..\Xpand\Xpand.Persistent\Xpand.Persistent.Base\Xpand.Persistent.Base.csproj", "{0E40CCB3-7904-4300-BCD6-E34D275E6370}"
EndProject
Project("{FAE04EC0-301F-11D3-BF4B-00C04F79EFBC}") = "Xpand.ExpressApp", "..\..\..\Xpand\Xpand.ExpressApp\Xpand.ExpressApp\Xpand.ExpressApp.csproj", "{A85F685A-F56F-4C9A-A5A3-C2444DB4FB78}"
EndProject
Project("{FAE04EC0-301F-11D3-BF4B-00C04F79EFBC}") = "Xpand.ExpressApp.Win", "..\..\..\Xpand\Xpand.ExpressApp\Xpand.ExpressApp.Win\Xpand.ExpressApp.Win.csproj", "{C88FF08D-3819-41C0-A1F2-F4FF0CDFE99D}"
EndProject
Project("{FAE04EC0-301F-11D3-BF4B-00C04F79EFBC}") = "Xpand.Utils", "..\..\..\Xpand\Xpand.Utils\Xpand.Utils.csproj", "{3FA72CCB-7AA9-4CE6-B3BD-CE6554B2D4D7}"
EndProject
Project("{FAE04EC0-301F-11D3-BF4B-00C04F79EFBC}") = "Xpand.Xpo", "..\..\..\Xpand\Xpand.Xpo\Xpand.Xpo.csproj", "{3A3180CF-2A7B-48FC-AC8A-F39B21E75DB6}"
EndProject
Project("{FAE04EC0-301F-11D3-BF4B-00C04F79EFBC}") = "Xpand.ExpressApp.EasyTest.WinAdapter", "..\..\..\Xpand.EasyTest\Xpand.ExpressApp.EasyTest.WinAdapter\Xpand.ExpressApp.EasyTest.WinAdapter.csproj", "{3A83F2D3-A5DD-438A-AD03-041883B1D6AD}"
EndProject
Project("{FAE04EC0-301F-11D3-BF4B-00C04F79EFBC}") = "Xpand.ExpressApp.EasyTest.WebAdapter", "..\..\..\Xpand.EasyTest\Xpand.ExpressApp.EasyTest.WebAdapter\Xpand.ExpressApp.EasyTest.WebAdapter.csproj", "{38E16F8A-517C-4CA9-9775-56F598F25534}"
EndProject
Project("{2150E333-8FDC-42A3-9474-1A3956D46DE8}") = "EasyTest", "EasyTest", "{54382620-5585-4FBD-A347-468CF2487378}"
EndProject
Project("{FAE04EC0-301F-11D3-BF4B-00C04F79EFBC}") = "DevExpress.ExpressApp.Win", "..\..\..\..\..\DevExpress 14.1\Components\Sources\DevExpress.ExpressApp\DevExpress.ExpressApp.Win\DevExpress.ExpressApp.Win.csproj", "{C5DBCF36-36A3-4871-8EDC-5C52408C7317}"
EndProject
Project("{FAE04EC0-301F-11D3-BF4B-00C04F79EFBC}") = "DevExpress.ExpressApp", "..\..\..\..\..\DevExpress 14.1\Components\Sources\DevExpress.ExpressApp\DevExpress.ExpressApp\DevExpress.ExpressApp.csproj", "{39E0DE91-4458-44FA-9320-55F94BD812AB}"
EndProject
Project("{FAE04EC0-301F-11D3-BF4B-00C04F79EFBC}") = "DevExpress.EasyTest", "..\..\..\..\DX Sources\2014.1\EasyTest\DevExpress.EasyTest\DevExpress.EasyTest.csproj", "{E785498D-A29E-416E-B7BC-C2B452A5AA5E}"
EndProject
Project("{FAE04EC0-301F-11D3-BF4B-00C04F79EFBC}") = "DevExpress.ExpressApp.ConditionalAppearance", "..\..\..\..\..\DevExpress 14.1\Components\Sources\DevExpress.ExpressApp.Modules\DevExpress.ExpressApp.ConditionalAppearance\DevExpress.ExpressApp.ConditionalAppearance.csproj", "{9CC03991-03BF-462F-A4DF-CE9781E9762F}"
EndProject
Global
	GlobalSection(SourceCodeControl) = preSolution
		SccNumberOfProjects = 1
		SccProjectUniqueName0 = ..\\..\\..\\..\\DX\u0020Sources\\2014.1\\EasyTest\\DevExpress.EasyTest\\DevExpress.EasyTest.csproj
		SccProjectName0 = \u0022$/2014.1/EasyTest\u0022
		SccLocalPath0 = ..\\..\\..\\..\\DX\u0020Sources\\2014.1\\EasyTest
		SccProvider0 = MSSCCI:DXVCS
		SccProjectFilePathRelativizedFromConnection0 = DevExpress.EasyTest\\
	EndGlobalSection
	GlobalSection(SolutionConfigurationPlatforms) = preSolution
		Debug|Any CPU = Debug|Any CPU
		EasyTest|Any CPU = EasyTest|Any CPU
		Release|Any CPU = Release|Any CPU
		Test|Any CPU = Test|Any CPU
	EndGlobalSection
	GlobalSection(ProjectConfigurationPlatforms) = postSolution
		{5F15837D-D1E5-44DC-92F0-4F2EBE9C3F8D}.Debug|Any CPU.ActiveCfg = Debug|Any CPU
		{5F15837D-D1E5-44DC-92F0-4F2EBE9C3F8D}.Debug|Any CPU.Build.0 = Debug|Any CPU
		{5F15837D-D1E5-44DC-92F0-4F2EBE9C3F8D}.EasyTest|Any CPU.ActiveCfg = EasyTest|Any CPU
		{5F15837D-D1E5-44DC-92F0-4F2EBE9C3F8D}.EasyTest|Any CPU.Build.0 = EasyTest|Any CPU
		{5F15837D-D1E5-44DC-92F0-4F2EBE9C3F8D}.Release|Any CPU.ActiveCfg = Release|Any CPU
		{5F15837D-D1E5-44DC-92F0-4F2EBE9C3F8D}.Release|Any CPU.Build.0 = Release|Any CPU
		{5F15837D-D1E5-44DC-92F0-4F2EBE9C3F8D}.Test|Any CPU.ActiveCfg = EasyTest|Any CPU
		{5F15837D-D1E5-44DC-92F0-4F2EBE9C3F8D}.Test|Any CPU.Build.0 = EasyTest|Any CPU
		{0C729AAD-7626-4668-A7F1-35F7D240489D}.Debug|Any CPU.ActiveCfg = Debug|Any CPU
		{0C729AAD-7626-4668-A7F1-35F7D240489D}.Debug|Any CPU.Build.0 = Debug|Any CPU
		{0C729AAD-7626-4668-A7F1-35F7D240489D}.EasyTest|Any CPU.ActiveCfg = EasyTest|Any CPU
		{0C729AAD-7626-4668-A7F1-35F7D240489D}.EasyTest|Any CPU.Build.0 = EasyTest|Any CPU
		{0C729AAD-7626-4668-A7F1-35F7D240489D}.Release|Any CPU.ActiveCfg = Release|Any CPU
		{0C729AAD-7626-4668-A7F1-35F7D240489D}.Release|Any CPU.Build.0 = Release|Any CPU
		{0C729AAD-7626-4668-A7F1-35F7D240489D}.Test|Any CPU.ActiveCfg = EasyTest|Any CPU
		{0C729AAD-7626-4668-A7F1-35F7D240489D}.Test|Any CPU.Build.0 = EasyTest|Any CPU
		{82A6DBC9-B1B4-44E4-9718-55DF930CD349}.Debug|Any CPU.ActiveCfg = Debug|Any CPU
		{82A6DBC9-B1B4-44E4-9718-55DF930CD349}.Debug|Any CPU.Build.0 = Debug|Any CPU
		{82A6DBC9-B1B4-44E4-9718-55DF930CD349}.EasyTest|Any CPU.ActiveCfg = EasyTest|Any CPU
		{82A6DBC9-B1B4-44E4-9718-55DF930CD349}.EasyTest|Any CPU.Build.0 = EasyTest|Any CPU
		{82A6DBC9-B1B4-44E4-9718-55DF930CD349}.Release|Any CPU.ActiveCfg = Release|Any CPU
		{82A6DBC9-B1B4-44E4-9718-55DF930CD349}.Release|Any CPU.Build.0 = Release|Any CPU
		{82A6DBC9-B1B4-44E4-9718-55DF930CD349}.Test|Any CPU.ActiveCfg = EasyTest|Any CPU
		{82A6DBC9-B1B4-44E4-9718-55DF930CD349}.Test|Any CPU.Build.0 = EasyTest|Any CPU
		{7964F87D-BC5D-4C4E-8B2F-71E89739AA97}.Debug|Any CPU.ActiveCfg = Debug|Any CPU
		{7964F87D-BC5D-4C4E-8B2F-71E89739AA97}.Debug|Any CPU.Build.0 = Debug|Any CPU
		{7964F87D-BC5D-4C4E-8B2F-71E89739AA97}.EasyTest|Any CPU.ActiveCfg = EasyTest|Any CPU
		{7964F87D-BC5D-4C4E-8B2F-71E89739AA97}.EasyTest|Any CPU.Build.0 = EasyTest|Any CPU
		{7964F87D-BC5D-4C4E-8B2F-71E89739AA97}.Release|Any CPU.ActiveCfg = Release|Any CPU
		{7964F87D-BC5D-4C4E-8B2F-71E89739AA97}.Release|Any CPU.Build.0 = Release|Any CPU
		{7964F87D-BC5D-4C4E-8B2F-71E89739AA97}.Test|Any CPU.ActiveCfg = EasyTest|Any CPU
		{7964F87D-BC5D-4C4E-8B2F-71E89739AA97}.Test|Any CPU.Build.0 = EasyTest|Any CPU
		{D05D93DF-312D-4D4E-B980-726871EC7833}.Debug|Any CPU.ActiveCfg = Debug|Any CPU
		{D05D93DF-312D-4D4E-B980-726871EC7833}.Debug|Any CPU.Build.0 = Debug|Any CPU
		{D05D93DF-312D-4D4E-B980-726871EC7833}.EasyTest|Any CPU.ActiveCfg = EasyTest|Any CPU
		{D05D93DF-312D-4D4E-B980-726871EC7833}.EasyTest|Any CPU.Build.0 = EasyTest|Any CPU
		{D05D93DF-312D-4D4E-B980-726871EC7833}.Release|Any CPU.ActiveCfg = Release|Any CPU
		{D05D93DF-312D-4D4E-B980-726871EC7833}.Release|Any CPU.Build.0 = Release|Any CPU
		{D05D93DF-312D-4D4E-B980-726871EC7833}.Test|Any CPU.ActiveCfg = EasyTest|Any CPU
		{D05D93DF-312D-4D4E-B980-726871EC7833}.Test|Any CPU.Build.0 = EasyTest|Any CPU
		{80DC8CB8-C285-4953-871F-E49002FA10E8}.Debug|Any CPU.ActiveCfg = Debug|Any CPU
		{80DC8CB8-C285-4953-871F-E49002FA10E8}.EasyTest|Any CPU.ActiveCfg = Release|Any CPU
		{80DC8CB8-C285-4953-871F-E49002FA10E8}.Release|Any CPU.ActiveCfg = Release|Any CPU
		{80DC8CB8-C285-4953-871F-E49002FA10E8}.Release|Any CPU.Build.0 = Release|Any CPU
		{80DC8CB8-C285-4953-871F-E49002FA10E8}.Test|Any CPU.ActiveCfg = Release|Any CPU
		{80DC8CB8-C285-4953-871F-E49002FA10E8}.Test|Any CPU.Build.0 = Release|Any CPU
		{0E40CCB3-7904-4300-BCD6-E34D275E6370}.Debug|Any CPU.ActiveCfg = Debug|Any CPU
		{0E40CCB3-7904-4300-BCD6-E34D275E6370}.EasyTest|Any CPU.ActiveCfg = Release|Any CPU
		{0E40CCB3-7904-4300-BCD6-E34D275E6370}.Release|Any CPU.ActiveCfg = Release|Any CPU
		{0E40CCB3-7904-4300-BCD6-E34D275E6370}.Release|Any CPU.Build.0 = Release|Any CPU
		{0E40CCB3-7904-4300-BCD6-E34D275E6370}.Test|Any CPU.ActiveCfg = Test|Any CPU
		{0E40CCB3-7904-4300-BCD6-E34D275E6370}.Test|Any CPU.Build.0 = Test|Any CPU
		{A85F685A-F56F-4C9A-A5A3-C2444DB4FB78}.Debug|Any CPU.ActiveCfg = Debug|Any CPU
		{A85F685A-F56F-4C9A-A5A3-C2444DB4FB78}.EasyTest|Any CPU.ActiveCfg = Release|Any CPU
		{A85F685A-F56F-4C9A-A5A3-C2444DB4FB78}.Release|Any CPU.ActiveCfg = Release|Any CPU
		{A85F685A-F56F-4C9A-A5A3-C2444DB4FB78}.Release|Any CPU.Build.0 = Release|Any CPU
		{A85F685A-F56F-4C9A-A5A3-C2444DB4FB78}.Test|Any CPU.ActiveCfg = Release|Any CPU
		{A85F685A-F56F-4C9A-A5A3-C2444DB4FB78}.Test|Any CPU.Build.0 = Release|Any CPU
		{C88FF08D-3819-41C0-A1F2-F4FF0CDFE99D}.Debug|Any CPU.ActiveCfg = Debug|Any CPU
		{C88FF08D-3819-41C0-A1F2-F4FF0CDFE99D}.EasyTest|Any CPU.ActiveCfg = Release|Any CPU
		{C88FF08D-3819-41C0-A1F2-F4FF0CDFE99D}.Release|Any CPU.ActiveCfg = Release|Any CPU
		{C88FF08D-3819-41C0-A1F2-F4FF0CDFE99D}.Release|Any CPU.Build.0 = Release|Any CPU
		{C88FF08D-3819-41C0-A1F2-F4FF0CDFE99D}.Test|Any CPU.ActiveCfg = Release|Any CPU
		{C88FF08D-3819-41C0-A1F2-F4FF0CDFE99D}.Test|Any CPU.Build.0 = Release|Any CPU
		{3FA72CCB-7AA9-4CE6-B3BD-CE6554B2D4D7}.Debug|Any CPU.ActiveCfg = Debug|Any CPU
		{3FA72CCB-7AA9-4CE6-B3BD-CE6554B2D4D7}.EasyTest|Any CPU.ActiveCfg = Release|Any CPU
		{3FA72CCB-7AA9-4CE6-B3BD-CE6554B2D4D7}.Release|Any CPU.ActiveCfg = Release|Any CPU
		{3FA72CCB-7AA9-4CE6-B3BD-CE6554B2D4D7}.Release|Any CPU.Build.0 = Release|Any CPU
		{3FA72CCB-7AA9-4CE6-B3BD-CE6554B2D4D7}.Test|Any CPU.ActiveCfg = Release|Any CPU
		{3FA72CCB-7AA9-4CE6-B3BD-CE6554B2D4D7}.Test|Any CPU.Build.0 = Release|Any CPU
		{3A3180CF-2A7B-48FC-AC8A-F39B21E75DB6}.Debug|Any CPU.ActiveCfg = Debug|Any CPU
		{3A3180CF-2A7B-48FC-AC8A-F39B21E75DB6}.EasyTest|Any CPU.ActiveCfg = Test|Any CPU
		{3A3180CF-2A7B-48FC-AC8A-F39B21E75DB6}.Release|Any CPU.ActiveCfg = Release|Any CPU
		{3A3180CF-2A7B-48FC-AC8A-F39B21E75DB6}.Release|Any CPU.Build.0 = Release|Any CPU
		{3A3180CF-2A7B-48FC-AC8A-F39B21E75DB6}.Test|Any CPU.ActiveCfg = Test|Any CPU
		{3A3180CF-2A7B-48FC-AC8A-F39B21E75DB6}.Test|Any CPU.Build.0 = Test|Any CPU
		{3A83F2D3-A5DD-438A-AD03-041883B1D6AD}.Debug|Any CPU.ActiveCfg = Debug|Any CPU
		{3A83F2D3-A5DD-438A-AD03-041883B1D6AD}.EasyTest|Any CPU.ActiveCfg = Release|Any CPU
		{3A83F2D3-A5DD-438A-AD03-041883B1D6AD}.Release|Any CPU.ActiveCfg = Release|Any CPU
		{3A83F2D3-A5DD-438A-AD03-041883B1D6AD}.Release|Any CPU.Build.0 = Release|Any CPU
		{3A83F2D3-A5DD-438A-AD03-041883B1D6AD}.Test|Any CPU.ActiveCfg = Release|Any CPU
		{3A83F2D3-A5DD-438A-AD03-041883B1D6AD}.Test|Any CPU.Build.0 = Release|Any CPU
		{38E16F8A-517C-4CA9-9775-56F598F25534}.Debug|Any CPU.ActiveCfg = Debug|Any CPU
		{38E16F8A-517C-4CA9-9775-56F598F25534}.EasyTest|Any CPU.ActiveCfg = Release|Any CPU
		{38E16F8A-517C-4CA9-9775-56F598F25534}.Release|Any CPU.ActiveCfg = Release|Any CPU
		{38E16F8A-517C-4CA9-9775-56F598F25534}.Release|Any CPU.Build.0 = Release|Any CPU
		{38E16F8A-517C-4CA9-9775-56F598F25534}.Test|Any CPU.ActiveCfg = Release|Any CPU
		{38E16F8A-517C-4CA9-9775-56F598F25534}.Test|Any CPU.Build.0 = Release|Any CPU
		{C5DBCF36-36A3-4871-8EDC-5C52408C7317}.Debug|Any CPU.ActiveCfg = Debug|Any CPU
		{C5DBCF36-36A3-4871-8EDC-5C52408C7317}.Debug|Any CPU.Build.0 = Debug|Any CPU
		{C5DBCF36-36A3-4871-8EDC-5C52408C7317}.EasyTest|Any CPU.ActiveCfg = Release|Any CPU
		{C5DBCF36-36A3-4871-8EDC-5C52408C7317}.Release|Any CPU.ActiveCfg = Release|Any CPU
		{C5DBCF36-36A3-4871-8EDC-5C52408C7317}.Release|Any CPU.Build.0 = Release|Any CPU
		{C5DBCF36-36A3-4871-8EDC-5C52408C7317}.Test|Any CPU.ActiveCfg = Release|Any CPU
		{C5DBCF36-36A3-4871-8EDC-5C52408C7317}.Test|Any CPU.Build.0 = Release|Any CPU
		{39E0DE91-4458-44FA-9320-55F94BD812AB}.Debug|Any CPU.ActiveCfg = Debug|Any CPU
		{39E0DE91-4458-44FA-9320-55F94BD812AB}.Debug|Any CPU.Build.0 = Debug|Any CPU
		{39E0DE91-4458-44FA-9320-55F94BD812AB}.EasyTest|Any CPU.ActiveCfg = Release|Any CPU
		{39E0DE91-4458-44FA-9320-55F94BD812AB}.Release|Any CPU.ActiveCfg = Release|Any CPU
		{39E0DE91-4458-44FA-9320-55F94BD812AB}.Release|Any CPU.Build.0 = Release|Any CPU
		{39E0DE91-4458-44FA-9320-55F94BD812AB}.Test|Any CPU.ActiveCfg = Release|Any CPU
		{39E0DE91-4458-44FA-9320-55F94BD812AB}.Test|Any CPU.Build.0 = Release|Any CPU
		{E785498D-A29E-416E-B7BC-C2B452A5AA5E}.Debug|Any CPU.ActiveCfg = Debug|Any CPU
		{E785498D-A29E-416E-B7BC-C2B452A5AA5E}.Debug|Any CPU.Build.0 = Debug|Any CPU
		{E785498D-A29E-416E-B7BC-C2B452A5AA5E}.EasyTest|Any CPU.ActiveCfg = Release|Any CPU
		{E785498D-A29E-416E-B7BC-C2B452A5AA5E}.EasyTest|Any CPU.Build.0 = Release|Any CPU
		{E785498D-A29E-416E-B7BC-C2B452A5AA5E}.Release|Any CPU.ActiveCfg = Release|Any CPU
		{E785498D-A29E-416E-B7BC-C2B452A5AA5E}.Release|Any CPU.Build.0 = Release|Any CPU
		{E785498D-A29E-416E-B7BC-C2B452A5AA5E}.Test|Any CPU.ActiveCfg = Release|Any CPU
		{E785498D-A29E-416E-B7BC-C2B452A5AA5E}.Test|Any CPU.Build.0 = Release|Any CPU
		{9CC03991-03BF-462F-A4DF-CE9781E9762F}.Debug|Any CPU.ActiveCfg = Debug|Any CPU
		{9CC03991-03BF-462F-A4DF-CE9781E9762F}.Debug|Any CPU.Build.0 = Debug|Any CPU
		{9CC03991-03BF-462F-A4DF-CE9781E9762F}.EasyTest|Any CPU.ActiveCfg = Release|Any CPU
		{9CC03991-03BF-462F-A4DF-CE9781E9762F}.Release|Any CPU.ActiveCfg = Release|Any CPU
		{9CC03991-03BF-462F-A4DF-CE9781E9762F}.Release|Any CPU.Build.0 = Release|Any CPU
		{9CC03991-03BF-462F-A4DF-CE9781E9762F}.Test|Any CPU.ActiveCfg = Release|Any CPU
		{9CC03991-03BF-462F-A4DF-CE9781E9762F}.Test|Any CPU.Build.0 = Release|Any CPU
	EndGlobalSection
	GlobalSection(SolutionProperties) = preSolution
		HideSolutionNode = FALSE
	EndGlobalSection
	GlobalSection(NestedProjects) = preSolution
		{80DC8CB8-C285-4953-871F-E49002FA10E8} = {54382620-5585-4FBD-A347-468CF2487378}
		{0E40CCB3-7904-4300-BCD6-E34D275E6370} = {53A5472F-A9C7-43D1-B9A1-C03713879157}
		{A85F685A-F56F-4C9A-A5A3-C2444DB4FB78} = {53A5472F-A9C7-43D1-B9A1-C03713879157}
		{C88FF08D-3819-41C0-A1F2-F4FF0CDFE99D} = {53A5472F-A9C7-43D1-B9A1-C03713879157}
		{3FA72CCB-7AA9-4CE6-B3BD-CE6554B2D4D7} = {53A5472F-A9C7-43D1-B9A1-C03713879157}
		{3A3180CF-2A7B-48FC-AC8A-F39B21E75DB6} = {53A5472F-A9C7-43D1-B9A1-C03713879157}
		{3A83F2D3-A5DD-438A-AD03-041883B1D6AD} = {54382620-5585-4FBD-A347-468CF2487378}
		{38E16F8A-517C-4CA9-9775-56F598F25534} = {54382620-5585-4FBD-A347-468CF2487378}
		{54382620-5585-4FBD-A347-468CF2487378} = {53A5472F-A9C7-43D1-B9A1-C03713879157}
	EndGlobalSection
EndGlobal
