
Microsoft Visual Studio Solution File, Format Version 12.00
# Visual Studio 2012
Project("{2150E333-8FDC-42A3-9474-1A3956D46DE8}") = "AdditionalViewControlsProvider", "AdditionalViewControlsProvider", "{634CD662-E09E-4E2E-82ED-AEBB41DF4A19}"
EndProject
Project("{FAE04EC0-301F-11D3-BF4B-00C04F79EFBC}") = "Xpand.ExpressApp.AdditionalViewControlsProvider", "AdditionalViewControlsProvider\Xpand.ExpressApp.AdditionalViewControlsProvider.csproj", "{B3216F6A-B4C6-4899-9D42-398CDF0CA91E}"
	ProjectSection(ProjectDependencies) = postProject
		{B964E541-EBA2-4971-B104-A99ABBD95D36} = {B964E541-EBA2-4971-B104-A99ABBD95D36}
		{D38722E2-F2CD-47D3-9203-1AC8070BBE2E} = {D38722E2-F2CD-47D3-9203-1AC8070BBE2E}
		{8A0EECEA-F699-40BA-B8F9-D70F79E9130B} = {8A0EECEA-F699-40BA-B8F9-D70F79E9130B}
	EndProjectSection
EndProject
Project("{FAE04EC0-301F-11D3-BF4B-00C04F79EFBC}") = "Xpand.ExpressApp.AdditionalViewControlsProvider.Web", "AdditionalViewControlsProvider.Web\Xpand.ExpressApp.AdditionalViewControlsProvider.Web.csproj", "{D33DA85F-C92D-4A13-9880-B6A5343B957D}"
	ProjectSection(ProjectDependencies) = postProject
		{B3216F6A-B4C6-4899-9D42-398CDF0CA91E} = {B3216F6A-B4C6-4899-9D42-398CDF0CA91E}
		{BAD55FD1-7A64-4A38-894D-5C18895EB76B} = {BAD55FD1-7A64-4A38-894D-5C18895EB76B}
	EndProjectSection
EndProject
Project("{FAE04EC0-301F-11D3-BF4B-00C04F79EFBC}") = "Xpand.ExpressApp.AdditionalViewControlsProvider.Win", "AdditionalViewControlsProvider.Win\Xpand.ExpressApp.AdditionalViewControlsProvider.Win.csproj", "{9C2D3690-C7EB-46C4-83CC-F1D597E0CD2C}"
	ProjectSection(ProjectDependencies) = postProject
		{50DF1466-D5B2-40FC-B91E-B212E4A7F4A9} = {50DF1466-D5B2-40FC-B91E-B212E4A7F4A9}
		{B3216F6A-B4C6-4899-9D42-398CDF0CA91E} = {B3216F6A-B4C6-4899-9D42-398CDF0CA91E}
	EndProjectSection
EndProject
Project("{2150E333-8FDC-42A3-9474-1A3956D46DE8}") = "Security", "Security", "{9376B701-8686-4610-A4DD-30CF76432ADB}"
EndProject
Project("{FAE04EC0-301F-11D3-BF4B-00C04F79EFBC}") = "Xpand.ExpressApp.Security", "Security\Xpand.ExpressApp.Security.csproj", "{B964E541-EBA2-4971-B104-A99ABBD95D36}"
EndProject
Project("{FAE04EC0-301F-11D3-BF4B-00C04F79EFBC}") = "Xpand.ExpressApp.Security.Web", "Security.Web\Xpand.ExpressApp.Security.Web.csproj", "{BAD55FD1-7A64-4A38-894D-5C18895EB76B}"
	ProjectSection(ProjectDependencies) = postProject
		{B964E541-EBA2-4971-B104-A99ABBD95D36} = {B964E541-EBA2-4971-B104-A99ABBD95D36}
	EndProjectSection
EndProject
Project("{FAE04EC0-301F-11D3-BF4B-00C04F79EFBC}") = "Xpand.ExpressApp.Security.Win", "Security.Win\Xpand.ExpressApp.Security.Win.csproj", "{50DF1466-D5B2-40FC-B91E-B212E4A7F4A9}"
	ProjectSection(ProjectDependencies) = postProject
		{B964E541-EBA2-4971-B104-A99ABBD95D36} = {B964E541-EBA2-4971-B104-A99ABBD95D36}
	EndProjectSection
EndProject
Project("{2150E333-8FDC-42A3-9474-1A3956D46DE8}") = "ModelArtifactState", "ModelArtifactState", "{A0C7060E-2474-4475-87FE-058AB2E1EA7C}"
EndProject
Project("{FAE04EC0-301F-11D3-BF4B-00C04F79EFBC}") = "Xpand.ExpressApp.ModelArtifactState", "ModelArtifactState\Xpand.ExpressApp.ModelArtifactState.csproj", "{8A0EECEA-F699-40BA-B8F9-D70F79E9130B}"
	ProjectSection(ProjectDependencies) = postProject
		{B2BC7237-E245-4619-A041-841CBB395E10} = {B2BC7237-E245-4619-A041-841CBB395E10}
		{B964E541-EBA2-4971-B104-A99ABBD95D36} = {B964E541-EBA2-4971-B104-A99ABBD95D36}
		{D38722E2-F2CD-47D3-9203-1AC8070BBE2E} = {D38722E2-F2CD-47D3-9203-1AC8070BBE2E}
	EndProjectSection
EndProject
Project("{2150E333-8FDC-42A3-9474-1A3956D46DE8}") = "Chart", "Chart", "{E0AA9A19-9349-4358-9600-D35F5EF0D3F0}"
EndProject
Project("{FAE04EC0-301F-11D3-BF4B-00C04F79EFBC}") = "Xpand.ExpressApp.Chart.Win", "Chart.Win\Xpand.ExpressApp.Chart.Win.csproj", "{560F01E0-F5F8-4261-93A8-A00082204536}"
EndProject
Project("{2150E333-8FDC-42A3-9474-1A3956D46DE8}") = "Logic", "Logic", "{CF0F5D3C-F0F7-4894-A3A6-B0505EF1B656}"
EndProject
Project("{FAE04EC0-301F-11D3-BF4B-00C04F79EFBC}") = "Xpand.ExpressApp.Logic", "Logic\Xpand.ExpressApp.Logic.csproj", "{D38722E2-F2CD-47D3-9203-1AC8070BBE2E}"
	ProjectSection(ProjectDependencies) = postProject
		{B964E541-EBA2-4971-B104-A99ABBD95D36} = {B964E541-EBA2-4971-B104-A99ABBD95D36}
	EndProjectSection
EndProject
Project("{2150E333-8FDC-42A3-9474-1A3956D46DE8}") = "Dashboard", "Dashboard", "{9EDD4832-9A7C-417B-87F1-7C33289D8126}"
EndProject
Project("{FAE04EC0-301F-11D3-BF4B-00C04F79EFBC}") = "Xpand.ExpressApp.Dashboard", "Dashboard\Xpand.ExpressApp.Dashboard.csproj", "{56242176-A728-4B97-BC0A-58B7D80FF412}"
	ProjectSection(ProjectDependencies) = postProject
		{B964E541-EBA2-4971-B104-A99ABBD95D36} = {B964E541-EBA2-4971-B104-A99ABBD95D36}
	EndProjectSection
EndProject
Project("{FAE04EC0-301F-11D3-BF4B-00C04F79EFBC}") = "Xpand.ExpressApp.XtraDashboard.Win", "XtraDashboard.Win\Xpand.ExpressApp.XtraDashboard.Win.csproj", "{3E1BF021-F83E-49C0-9BC0-C1C967DF1269}"
	ProjectSection(ProjectDependencies) = postProject
		{56242176-A728-4B97-BC0A-58B7D80FF412} = {56242176-A728-4B97-BC0A-58B7D80FF412}
	EndProjectSection
EndProject
Project("{2150E333-8FDC-42A3-9474-1A3956D46DE8}") = "Other", "Other", "{533C3117-B5AD-4B3D-B8A0-E9704910C1F9}"
EndProject
Project("{FAE04EC0-301F-11D3-BF4B-00C04F79EFBC}") = "Xpand.EmailTemplateEngine", "EmailTemplateEngine\Xpand.EmailTemplateEngine.csproj", "{E03FBA6A-B1AD-4BE5-B512-B7F9882D4A28}"
EndProject
Project("{2150E333-8FDC-42A3-9474-1A3956D46DE8}") = "ExceptionHandling", "ExceptionHandling", "{410D86E3-A429-4DD9-94CB-2E8AC034C258}"
EndProject
Project("{FAE04EC0-301F-11D3-BF4B-00C04F79EFBC}") = "Xpand.ExpressApp.ExceptionHandling", "ExceptionHandling\Xpand.ExpressApp.ExceptionHandling.csproj", "{CC5D7F34-65F4-4F50-BEF1-CF9251F73044}"
EndProject
Project("{FAE04EC0-301F-11D3-BF4B-00C04F79EFBC}") = "Xpand.ExpressApp.ExceptionHandling.Web", "ExceptionHandling.Web\Xpand.ExpressApp.ExceptionHandling.Web.csproj", "{8A6673F8-89FF-447E-8C33-55BE1FAA1245}"
	ProjectSection(ProjectDependencies) = postProject
		{CC5D7F34-65F4-4F50-BEF1-CF9251F73044} = {CC5D7F34-65F4-4F50-BEF1-CF9251F73044}
	EndProjectSection
EndProject
Project("{FAE04EC0-301F-11D3-BF4B-00C04F79EFBC}") = "Xpand.ExpressApp.ExceptionHandling.Win", "ExceptionHandling.Win\Xpand.ExpressApp.ExceptionHandling.Win.csproj", "{1188D863-60C0-4061-82D5-5A1FE46942AA}"
	ProjectSection(ProjectDependencies) = postProject
		{CC5D7F34-65F4-4F50-BEF1-CF9251F73044} = {CC5D7F34-65F4-4F50-BEF1-CF9251F73044}
	EndProjectSection
EndProject
Project("{2150E333-8FDC-42A3-9474-1A3956D46DE8}") = "FilterDataStore", "FilterDataStore", "{120B73B6-4195-41F4-88A2-C0866F27D17F}"
EndProject
Project("{FAE04EC0-301F-11D3-BF4B-00C04F79EFBC}") = "Xpand.ExpressApp.FilterDataStore", "FilterDataStore\Xpand.ExpressApp.FilterDataStore.csproj", "{02553832-9700-485B-ADF7-D1B7B3F4AF55}"
EndProject
Project("{FAE04EC0-301F-11D3-BF4B-00C04F79EFBC}") = "Xpand.ExpressApp.FilterDataStore.Web", "FilterDataStore.Web\Xpand.ExpressApp.FilterDataStore.Web.csproj", "{AF839B22-487B-46EC-B09C-E0772EC060C1}"
	ProjectSection(ProjectDependencies) = postProject
		{02553832-9700-485B-ADF7-D1B7B3F4AF55} = {02553832-9700-485B-ADF7-D1B7B3F4AF55}
	EndProjectSection
EndProject
Project("{FAE04EC0-301F-11D3-BF4B-00C04F79EFBC}") = "Xpand.ExpressApp.FilterDataStore.Win", "FilterDataStore.Win\Xpand.ExpressApp.FilterDataStore.Win.csproj", "{0ED58058-1D06-4FE1-85D0-E82863D51FBB}"
	ProjectSection(ProjectDependencies) = postProject
		{02553832-9700-485B-ADF7-D1B7B3F4AF55} = {02553832-9700-485B-ADF7-D1B7B3F4AF55}
	EndProjectSection
EndProject
Project("{2150E333-8FDC-42A3-9474-1A3956D46DE8}") = "HtmlPropertyEditor", "HtmlPropertyEditor", "{3F42AFC8-B356-4721-9822-241E1D872393}"
EndProject
Project("{FAE04EC0-301F-11D3-BF4B-00C04F79EFBC}") = "Xpand.ExpressApp.HtmlPropertyEditor.Web", "HtmlPropertyEditor.Web\Xpand.ExpressApp.HtmlPropertyEditor.Web.csproj", "{71319B74-CCF9-4171-B79B-1F9F1C89F4F7}"
	ProjectSection(ProjectDependencies) = postProject
		{5C78FE41-2525-40AC-9096-5D18B9A1ED84} = {5C78FE41-2525-40AC-9096-5D18B9A1ED84}
	EndProjectSection
EndProject
Project("{2150E333-8FDC-42A3-9474-1A3956D46DE8}") = "ModelAdaptor", "ModelAdaptor", "{1E0174C3-C46A-45E0-AEF4-4962C076986B}"
EndProject
Project("{FAE04EC0-301F-11D3-BF4B-00C04F79EFBC}") = "Xpand.ExpressApp.ModelAdaptor", "ModelAdaptor\Xpand.ExpressApp.ModelAdaptor.csproj", "{5C78FE41-2525-40AC-9096-5D18B9A1ED84}"
EndProject
Project("{2150E333-8FDC-42A3-9474-1A3956D46DE8}") = "ImportWizard", "ImportWizard", "{3A4A541B-39DD-49F4-B0F8-0EA112D063A4}"
EndProject
Project("{FAE04EC0-301F-11D3-BF4B-00C04F79EFBC}") = "Xpand.ExpressApp.ImportWizard", "ImportWizard\Xpand.ExpressApp.ImportWizard.csproj", "{C0BAAF0F-9FE6-4D7D-98DC-D163EEC7B87E}"
EndProject
Project("{FAE04EC0-301F-11D3-BF4B-00C04F79EFBC}") = "Xpand.ExpressApp.ImportWizard.Win", "ImportWizard.Win\Xpand.ExpressApp.ImportWizard.Win.csproj", "{6CCA3D25-5AFA-4C26-9DE7-31CDE8F239EB}"
	ProjectSection(ProjectDependencies) = postProject
		{C0BAAF0F-9FE6-4D7D-98DC-D163EEC7B87E} = {C0BAAF0F-9FE6-4D7D-98DC-D163EEC7B87E}
	EndProjectSection
EndProject
Project("{2150E333-8FDC-42A3-9474-1A3956D46DE8}") = "IO", "IO", "{0DD52F6C-3452-4313-87E1-20EC3444DE9F}"
EndProject
Project("{FAE04EC0-301F-11D3-BF4B-00C04F79EFBC}") = "Xpand.ExpressApp.IO", "IO\Xpand.ExpressApp.IO.csproj", "{32A12C8A-B9C9-4D7C-AF10-AE2CA89550F6}"
	ProjectSection(ProjectDependencies) = postProject
		{8A0EECEA-F699-40BA-B8F9-D70F79E9130B} = {8A0EECEA-F699-40BA-B8F9-D70F79E9130B}
	EndProjectSection
EndProject
Project("{FAE04EC0-301F-11D3-BF4B-00C04F79EFBC}") = "Xpand.ExpressApp.IO.Web", "IO.Web\Xpand.ExpressApp.IO.Web.csproj", "{67045B46-0875-497F-BF4E-4E74CEF4FF27}"
	ProjectSection(ProjectDependencies) = postProject
		{32A12C8A-B9C9-4D7C-AF10-AE2CA89550F6} = {32A12C8A-B9C9-4D7C-AF10-AE2CA89550F6}
	EndProjectSection
EndProject
Project("{FAE04EC0-301F-11D3-BF4B-00C04F79EFBC}") = "Xpand.ExpressApp.IO.Win", "IO.Win\Xpand.ExpressApp.IO.Win.csproj", "{EC481968-1696-43E4-837F-BCF08F393323}"
	ProjectSection(ProjectDependencies) = postProject
		{32A12C8A-B9C9-4D7C-AF10-AE2CA89550F6} = {32A12C8A-B9C9-4D7C-AF10-AE2CA89550F6}
		{4AC47CF2-DA60-48BB-AAD5-CDA3D3C6A934} = {4AC47CF2-DA60-48BB-AAD5-CDA3D3C6A934}
	EndProjectSection
EndProject
Project("{2150E333-8FDC-42A3-9474-1A3956D46DE8}") = "JobScheduler", "JobScheduler", "{602D80E2-4152-427A-9E09-4BE29970DF01}"
EndProject
Project("{FAE04EC0-301F-11D3-BF4B-00C04F79EFBC}") = "Xpand.ExpressApp.JobScheduler", "JobScheduler\Xpand.ExpressApp.JobScheduler.csproj", "{F41CAE34-DE81-4B3F-8590-FB7F8FC193D8}"
	ProjectSection(ProjectDependencies) = postProject
		{84F8D818-91BC-48DB-9B6C-7E71A82CA635} = {84F8D818-91BC-48DB-9B6C-7E71A82CA635}
		{B2BC7237-E245-4619-A041-841CBB395E10} = {B2BC7237-E245-4619-A041-841CBB395E10}
		{D33DA85F-C92D-4A13-9880-B6A5343B957D} = {D33DA85F-C92D-4A13-9880-B6A5343B957D}
		{19906D61-635D-4FF3-954E-9158CC848E5E} = {19906D61-635D-4FF3-954E-9158CC848E5E}
		{B3216F6A-B4C6-4899-9D42-398CDF0CA91E} = {B3216F6A-B4C6-4899-9D42-398CDF0CA91E}
		{9C2D3690-C7EB-46C4-83CC-F1D597E0CD2C} = {9C2D3690-C7EB-46C4-83CC-F1D597E0CD2C}
		{D38722E2-F2CD-47D3-9203-1AC8070BBE2E} = {D38722E2-F2CD-47D3-9203-1AC8070BBE2E}
	EndProjectSection
EndProject
Project("{FAE04EC0-301F-11D3-BF4B-00C04F79EFBC}") = "Xpand.ExpressApp.JobScheduler.Jobs", "JobScheduler.Jobs\Xpand.ExpressApp.JobScheduler.Jobs.csproj", "{40450919-27CC-4693-84DB-3BA16C44633B}"
	ProjectSection(ProjectDependencies) = postProject
		{F41CAE34-DE81-4B3F-8590-FB7F8FC193D8} = {F41CAE34-DE81-4B3F-8590-FB7F8FC193D8}
		{107424FA-EE61-41B7-BA89-2FD0BC9BCEDE} = {107424FA-EE61-41B7-BA89-2FD0BC9BCEDE}
	EndProjectSection
EndProject
Project("{FAE04EC0-301F-11D3-BF4B-00C04F79EFBC}") = "Xpand.Quartz.Server", "Quartz.Server\Xpand.Quartz.Server.csproj", "{09082B9A-906C-4A17-A2E5-6C947DAC7C85}"
	ProjectSection(ProjectDependencies) = postProject
		{40450919-27CC-4693-84DB-3BA16C44633B} = {40450919-27CC-4693-84DB-3BA16C44633B}
		{F41CAE34-DE81-4B3F-8590-FB7F8FC193D8} = {F41CAE34-DE81-4B3F-8590-FB7F8FC193D8}
		{8D97AC44-202D-4659-8CB0-6D8DCC796156} = {8D97AC44-202D-4659-8CB0-6D8DCC796156}
		{88207755-7F6B-4B53-9358-190364299985} = {88207755-7F6B-4B53-9358-190364299985}
		{05E856F4-5329-4DB4-8C7E-8B63F24F6506} = {05E856F4-5329-4DB4-8C7E-8B63F24F6506}
	EndProjectSection
EndProject
Project("{2150E333-8FDC-42A3-9474-1A3956D46DE8}") = "Validation", "Validation", "{EB8404EC-03D2-4DC7-8511-746E5CEF3D03}"
EndProject
Project("{FAE04EC0-301F-11D3-BF4B-00C04F79EFBC}") = "Xpand.ExpressApp.Validation", "Validation\Xpand.ExpressApp.Validation.csproj", "{B2BC7237-E245-4619-A041-841CBB395E10}"
EndProject
Project("{FAE04EC0-301F-11D3-BF4B-00C04F79EFBC}") = "Xpand.ExpressApp.Validation.Web", "Validation.Web\Xpand.ExpressApp.Validation.Web.csproj", "{19906D61-635D-4FF3-954E-9158CC848E5E}"
	ProjectSection(ProjectDependencies) = postProject
		{B2BC7237-E245-4619-A041-841CBB395E10} = {B2BC7237-E245-4619-A041-841CBB395E10}
	EndProjectSection
EndProject
Project("{FAE04EC0-301F-11D3-BF4B-00C04F79EFBC}") = "Xpand.ExpressApp.Validation.Win", "Validation.Win\Xpand.ExpressApp.Validation.Win.csproj", "{84F8D818-91BC-48DB-9B6C-7E71A82CA635}"
	ProjectSection(ProjectDependencies) = postProject
		{B2BC7237-E245-4619-A041-841CBB395E10} = {B2BC7237-E245-4619-A041-841CBB395E10}
	EndProjectSection
EndProject
Project("{2150E333-8FDC-42A3-9474-1A3956D46DE8}") = "ModelDifference", "ModelDifference", "{57A6ADDE-C312-44B1-8437-310F0A208746}"
EndProject
Project("{FAE04EC0-301F-11D3-BF4B-00C04F79EFBC}") = "Xpand.ExpressApp.ModelDifference", "ModelDifference\Xpand.ExpressApp.ModelDifference.csproj", "{8D97AC44-202D-4659-8CB0-6D8DCC796156}"
	ProjectSection(ProjectDependencies) = postProject
		{B964E541-EBA2-4971-B104-A99ABBD95D36} = {B964E541-EBA2-4971-B104-A99ABBD95D36}
		{50DF1466-D5B2-40FC-B91E-B212E4A7F4A9} = {50DF1466-D5B2-40FC-B91E-B212E4A7F4A9}
		{BAD55FD1-7A64-4A38-894D-5C18895EB76B} = {BAD55FD1-7A64-4A38-894D-5C18895EB76B}
	EndProjectSection
EndProject
Project("{FAE04EC0-301F-11D3-BF4B-00C04F79EFBC}") = "Xpand.ExpressApp.ModelDifference.Web", "ModelDifference.Web\Xpand.ExpressApp.ModelDifference.Web.csproj", "{05E856F4-5329-4DB4-8C7E-8B63F24F6506}"
	ProjectSection(ProjectDependencies) = postProject
		{8D97AC44-202D-4659-8CB0-6D8DCC796156} = {8D97AC44-202D-4659-8CB0-6D8DCC796156}
	EndProjectSection
EndProject
Project("{FAE04EC0-301F-11D3-BF4B-00C04F79EFBC}") = "Xpand.ExpressApp.ModelDifference.Win", "ModelDifference.Win\Xpand.ExpressApp.ModelDifference.Win.csproj", "{88207755-7F6B-4B53-9358-190364299985}"
	ProjectSection(ProjectDependencies) = postProject
		{8D97AC44-202D-4659-8CB0-6D8DCC796156} = {8D97AC44-202D-4659-8CB0-6D8DCC796156}
	EndProjectSection
EndProject
Project("{2150E333-8FDC-42A3-9474-1A3956D46DE8}") = "MasterDetail", "MasterDetail", "{663286E1-11FD-4CD4-9F55-532C1F03662E}"
EndProject
Project("{FAE04EC0-301F-11D3-BF4B-00C04F79EFBC}") = "Xpand.ExpressApp.MasterDetail", "MasterDetail\Xpand.ExpressApp.MasterDetail.csproj", "{FE3FD1A4-E5B5-44D4-8B9E-3BF29AD4CB96}"
	ProjectSection(ProjectDependencies) = postProject
		{B964E541-EBA2-4971-B104-A99ABBD95D36} = {B964E541-EBA2-4971-B104-A99ABBD95D36}
		{50DF1466-D5B2-40FC-B91E-B212E4A7F4A9} = {50DF1466-D5B2-40FC-B91E-B212E4A7F4A9}
		{BAD55FD1-7A64-4A38-894D-5C18895EB76B} = {BAD55FD1-7A64-4A38-894D-5C18895EB76B}
		{D38722E2-F2CD-47D3-9203-1AC8070BBE2E} = {D38722E2-F2CD-47D3-9203-1AC8070BBE2E}
	EndProjectSection
EndProject
Project("{FAE04EC0-301F-11D3-BF4B-00C04F79EFBC}") = "Xpand.ExpressApp.MasterDetail.Win", "MasterDetail.Win\Xpand.ExpressApp.MasterDetail.Win.csproj", "{B329592B-9530-4DA7-88F2-846BBA1C8F93}"
	ProjectSection(ProjectDependencies) = postProject
		{FE3FD1A4-E5B5-44D4-8B9E-3BF29AD4CB96} = {FE3FD1A4-E5B5-44D4-8B9E-3BF29AD4CB96}
		{D38722E2-F2CD-47D3-9203-1AC8070BBE2E} = {D38722E2-F2CD-47D3-9203-1AC8070BBE2E}
	EndProjectSection
EndProject
Project("{2150E333-8FDC-42A3-9474-1A3956D46DE8}") = "MemberLevelSecurity", "MemberLevelSecurity", "{F47C2DB1-8E8C-4E29-9B31-BA7AB3D40ACB}"
EndProject
Project("{FAE04EC0-301F-11D3-BF4B-00C04F79EFBC}") = "Xpand.ExpressApp.MemberLevelSecurity", "MemberLevelSecurity\Xpand.ExpressApp.MemberLevelSecurity.csproj", "{95550AD2-6D50-41FA-B7A2-5E1554867355}"
	ProjectSection(ProjectDependencies) = postProject
		{B964E541-EBA2-4971-B104-A99ABBD95D36} = {B964E541-EBA2-4971-B104-A99ABBD95D36}
		{50DF1466-D5B2-40FC-B91E-B212E4A7F4A9} = {50DF1466-D5B2-40FC-B91E-B212E4A7F4A9}
		{BAD55FD1-7A64-4A38-894D-5C18895EB76B} = {BAD55FD1-7A64-4A38-894D-5C18895EB76B}
	EndProjectSection
EndProject
Project("{FAE04EC0-301F-11D3-BF4B-00C04F79EFBC}") = "Xpand.ExpressApp.MemberLevelSecurity.Win", "MemberLevelSecurity.Win\Xpand.ExpressApp.MemberLevelSecurity.Win.csproj", "{D94DF769-4DF3-4543-AC47-13228884AB26}"
	ProjectSection(ProjectDependencies) = postProject
		{95550AD2-6D50-41FA-B7A2-5E1554867355} = {95550AD2-6D50-41FA-B7A2-5E1554867355}
	EndProjectSection
EndProject
Project("{2150E333-8FDC-42A3-9474-1A3956D46DE8}") = "NCarousel", "NCarousel", "{62EF5F5C-756E-4A81-A13F-8579539E8580}"
EndProject
Project("{FAE04EC0-301F-11D3-BF4B-00C04F79EFBC}") = "Xpand.NCarousel", "NCarousel\Xpand.NCarousel.csproj", "{E08F0BD5-77CA-4B3A-A035-211A2C5DF5CA}"
EndProject
Project("{FAE04EC0-301F-11D3-BF4B-00C04F79EFBC}") = "Xpand.ExpressApp.NCarousel.Web", "NCarousel.Web\Xpand.ExpressApp.NCarousel.Web.csproj", "{5F6908F4-2505-4C37-BD49-EC98A6CB103A}"
	ProjectSection(ProjectDependencies) = postProject
		{E08F0BD5-77CA-4B3A-A035-211A2C5DF5CA} = {E08F0BD5-77CA-4B3A-A035-211A2C5DF5CA}
	EndProjectSection
EndProject
Project("{2150E333-8FDC-42A3-9474-1A3956D46DE8}") = "PivotChart", "PivotChart", "{5A865BBD-D6F6-4B01-A867-2D4B0B807EE4}"
EndProject
Project("{FAE04EC0-301F-11D3-BF4B-00C04F79EFBC}") = "Xpand.ExpressApp.PivotChart", "PivotChart\Xpand.ExpressApp.PivotChart.csproj", "{2626A753-BFA4-4616-BF32-00D7D7AC4174}"
	ProjectSection(ProjectDependencies) = postProject
		{B2BC7237-E245-4619-A041-841CBB395E10} = {B2BC7237-E245-4619-A041-841CBB395E10}
		{B964E541-EBA2-4971-B104-A99ABBD95D36} = {B964E541-EBA2-4971-B104-A99ABBD95D36}
		{8A0EECEA-F699-40BA-B8F9-D70F79E9130B} = {8A0EECEA-F699-40BA-B8F9-D70F79E9130B}
	EndProjectSection
EndProject
Project("{FAE04EC0-301F-11D3-BF4B-00C04F79EFBC}") = "Xpand.ExpressApp.PivotChart.Web", "PivotChart.Web\Xpand.ExpressApp.PivotChart.Web.csproj", "{0D81BAF7-CC13-411C-BC50-8788755EBA4F}"
	ProjectSection(ProjectDependencies) = postProject
		{2626A753-BFA4-4616-BF32-00D7D7AC4174} = {2626A753-BFA4-4616-BF32-00D7D7AC4174}
	EndProjectSection
EndProject
Project("{FAE04EC0-301F-11D3-BF4B-00C04F79EFBC}") = "Xpand.ExpressApp.PivotChart.Win", "PivotChart.Win\Xpand.ExpressApp.PivotChart.Win.csproj", "{C044D0A5-B0E1-48D4-B55B-E992DC062A9B}"
	ProjectSection(ProjectDependencies) = postProject
		{2626A753-BFA4-4616-BF32-00D7D7AC4174} = {2626A753-BFA4-4616-BF32-00D7D7AC4174}
	EndProjectSection
EndProject
Project("{2150E333-8FDC-42A3-9474-1A3956D46DE8}") = "PivotGrid", "PivotGrid", "{5A91B737-6708-4380-B489-EE88670215D7}"
EndProject
Project("{FAE04EC0-301F-11D3-BF4B-00C04F79EFBC}") = "Xpand.ExpressApp.PivotGrid.Win", "PivotGrid.Win\Xpand.ExpressApp.PivotGrid.Win.csproj", "{74BE7291-EB8A-4FE3-A495-02545797CF2A}"
	ProjectSection(ProjectDependencies) = postProject
		{56242176-A728-4B97-BC0A-58B7D80FF412} = {56242176-A728-4B97-BC0A-58B7D80FF412}
	EndProjectSection
EndProject
Project("{2150E333-8FDC-42A3-9474-1A3956D46DE8}") = "Reports", "Reports", "{CF6EE81F-791B-4DED-BD23-978055FD5D52}"
EndProject
Project("{FAE04EC0-301F-11D3-BF4B-00C04F79EFBC}") = "Xpand.ExpressApp.Reports", "Reports\Xpand.ExpressApp.Reports.csproj", "{D40E2E45-324C-4EFD-867E-79ED59F10892}"
EndProject
Project("{FAE04EC0-301F-11D3-BF4B-00C04F79EFBC}") = "Xpand.ExpressApp.Reports.Win", "Reports.Win\Xpand.ExpressApp.Reports.Win.csproj", "{538EA7E1-1930-497A-82EB-3605F0F123F4}"
	ProjectSection(ProjectDependencies) = postProject
		{D40E2E45-324C-4EFD-867E-79ED59F10892} = {D40E2E45-324C-4EFD-867E-79ED59F10892}
		{56242176-A728-4B97-BC0A-58B7D80FF412} = {56242176-A728-4B97-BC0A-58B7D80FF412}
	EndProjectSection
EndProject
Project("{2150E333-8FDC-42A3-9474-1A3956D46DE8}") = "Scheduler", "Scheduler", "{CE441F2B-DA1A-40D9-85D5-2CABBA2DC91C}"
EndProject
Project("{FAE04EC0-301F-11D3-BF4B-00C04F79EFBC}") = "Xpand.ExpressApp.Scheduler.Win", "Scheduler.Win\Xpand.ExpressApp.Scheduler.Win.csproj", "{E0C71294-D0D1-4633-8EE5-630088DF81DD}"
	ProjectSection(ProjectDependencies) = postProject
		{B7848472-FE27-41FD-941B-9C9EE26D9D5F} = {B7848472-FE27-41FD-941B-9C9EE26D9D5F}
	EndProjectSection
EndProject
Project("{2150E333-8FDC-42A3-9474-1A3956D46DE8}") = "StateMachine", "StateMachine", "{13311CEA-6FC1-443D-8E2B-9EBD0AE83C8F}"
EndProject
Project("{FAE04EC0-301F-11D3-BF4B-00C04F79EFBC}") = "Xpand.ExpressApp.StateMachine", "StateMachine\Xpand.ExpressApp.StateMachine.csproj", "{5F9E1E64-7384-475E-99A6-50407FAF329A}"
	ProjectSection(ProjectDependencies) = postProject
		{B964E541-EBA2-4971-B104-A99ABBD95D36} = {B964E541-EBA2-4971-B104-A99ABBD95D36}
	EndProjectSection
EndProject
Project("{2150E333-8FDC-42A3-9474-1A3956D46DE8}") = "Thumbnail", "Thumbnail", "{DA50832F-4A7B-408E-94FA-856F0752A766}"
EndProject
Project("{FAE04EC0-301F-11D3-BF4B-00C04F79EFBC}") = "Xpand.ExpressApp.Thumbnail.Web", "Thumbnail.Web\Xpand.ExpressApp.Thumbnail.Web.csproj", "{55002F8C-4046-4E00-B397-32CB19AD557E}"
EndProject
Project("{2150E333-8FDC-42A3-9474-1A3956D46DE8}") = "TreeListEditors", "TreeListEditors", "{660BD865-56D0-4B8D-969D-3EF810771E6D}"
EndProject
Project("{FAE04EC0-301F-11D3-BF4B-00C04F79EFBC}") = "Xpand.ExpressApp.TreeListEditors", "TreeListEditors\Xpand.ExpressApp.TreeListEditors.csproj", "{A4B6B731-8A03-4A91-93DB-B22535F8CD99}"
EndProject
Project("{FAE04EC0-301F-11D3-BF4B-00C04F79EFBC}") = "Xpand.ExpressApp.TreeListEditors.Web", "TreeListEditors.Web\Xpand.ExpressApp.TreeListEditors.Web.csproj", "{7FC6A30C-7375-4EB2-A6E9-A597B941B45F}"
	ProjectSection(ProjectDependencies) = postProject
		{A4B6B731-8A03-4A91-93DB-B22535F8CD99} = {A4B6B731-8A03-4A91-93DB-B22535F8CD99}
	EndProjectSection
EndProject
Project("{FAE04EC0-301F-11D3-BF4B-00C04F79EFBC}") = "Xpand.ExpressApp.TreeListEditors.Win", "TreeListEditors.Win\Xpand.ExpressApp.TreeListEditors.Win.csproj", "{4AC47CF2-DA60-48BB-AAD5-CDA3D3C6A934}"
	ProjectSection(ProjectDependencies) = postProject
		{A4B6B731-8A03-4A91-93DB-B22535F8CD99} = {A4B6B731-8A03-4A91-93DB-B22535F8CD99}
	EndProjectSection
EndProject
Project("{2150E333-8FDC-42A3-9474-1A3956D46DE8}") = "ViewVariants", "ViewVariants", "{F0D2F61C-1960-480B-8655-9CF81C98C972}"
EndProject
Project("{FAE04EC0-301F-11D3-BF4B-00C04F79EFBC}") = "Xpand.ExpressApp.ViewVariants", "ViewVariants\Xpand.ExpressApp.ViewVariants.csproj", "{3D13CAAC-A265-4A02-97CB-6C9121D7514D}"
EndProject
Project("{2150E333-8FDC-42A3-9474-1A3956D46DE8}") = "WizardUI", "WizardUI", "{1149F2F7-F6C8-4DD8-9D51-82120C98A887}"
EndProject
Project("{FAE04EC0-301F-11D3-BF4B-00C04F79EFBC}") = "Xpand.ExpressApp.WizardUI.Win", "WizardUI.Win\Xpand.ExpressApp.WizardUI.Win.csproj", "{54F6126C-8D97-4BB4-816D-01EB602D9EA2}"
EndProject
Project("{2150E333-8FDC-42A3-9474-1A3956D46DE8}") = "Workflow", "Workflow", "{83679FB2-A2E2-4727-BF13-6029E545FF17}"
EndProject
Project("{FAE04EC0-301F-11D3-BF4B-00C04F79EFBC}") = "Xpand.ExpressApp.Workflow", "Workflow\Xpand.ExpressApp.Workflow.csproj", "{DA7200E2-BE28-4B34-99F2-FF9490A720DC}"
EndProject
Project("{2150E333-8FDC-42A3-9474-1A3956D46DE8}") = "WorldCreator", "WorldCreator", "{108448EF-FEC5-4ECB-BC36-238074A92F39}"
EndProject
Project("{FAE04EC0-301F-11D3-BF4B-00C04F79EFBC}") = "Xpand.ExpressApp.WorldCreator", "WorldCreator\Xpand.ExpressApp.WorldCreator.csproj", "{E3A59B23-05DF-4AB1-BE2B-471EAC7ADD60}"
	ProjectSection(ProjectDependencies) = postProject
		{B2BC7237-E245-4619-A041-841CBB395E10} = {B2BC7237-E245-4619-A041-841CBB395E10}
		{B964E541-EBA2-4971-B104-A99ABBD95D36} = {B964E541-EBA2-4971-B104-A99ABBD95D36}
	EndProjectSection
EndProject
Project("{FAE04EC0-301F-11D3-BF4B-00C04F79EFBC}") = "Xpand.ExpressApp.WorldCreator.DBMapper", "WorldCreator.DBMapper\Xpand.ExpressApp.WorldCreator.DBMapper.csproj", "{F28172DF-6820-45AA-A278-525AE01F8202}"
	ProjectSection(ProjectDependencies) = postProject
		{E3A59B23-05DF-4AB1-BE2B-471EAC7ADD60} = {E3A59B23-05DF-4AB1-BE2B-471EAC7ADD60}
	EndProjectSection
EndProject
Project("{FAE04EC0-301F-11D3-BF4B-00C04F79EFBC}") = "Xpand.ExpressApp.WorldCreator.SqlDBMapper", "WorldCreator.SqlDBMapper\Xpand.ExpressApp.WorldCreator.SqlDBMapper.csproj", "{C4566461-3E4F-49C1-98B2-AB34901630E0}"
	ProjectSection(ProjectDependencies) = postProject
		{E3A59B23-05DF-4AB1-BE2B-471EAC7ADD60} = {E3A59B23-05DF-4AB1-BE2B-471EAC7ADD60}
	EndProjectSection
EndProject
Project("{FAE04EC0-301F-11D3-BF4B-00C04F79EFBC}") = "Xpand.ExpressApp.WorldCreator.Web", "WorldCreator.Web\Xpand.ExpressApp.WorldCreator.Web.csproj", "{D0B11788-3559-45D1-BC21-07953398755B}"
	ProjectSection(ProjectDependencies) = postProject
		{E3A59B23-05DF-4AB1-BE2B-471EAC7ADD60} = {E3A59B23-05DF-4AB1-BE2B-471EAC7ADD60}
	EndProjectSection
EndProject
Project("{FAE04EC0-301F-11D3-BF4B-00C04F79EFBC}") = "Xpand.ExpressApp.WorldCreator.Win", "WorldCreator.Win\Xpand.ExpressApp.WorldCreator.Win.csproj", "{85D2C1FA-1478-454F-B703-5ACB4B420C28}"
	ProjectSection(ProjectDependencies) = postProject
		{E3A59B23-05DF-4AB1-BE2B-471EAC7ADD60} = {E3A59B23-05DF-4AB1-BE2B-471EAC7ADD60}
	EndProjectSection
EndProject
Project("{FAE04EC0-301F-11D3-BF4B-00C04F79EFBC}") = "Xpand.Persistent.BaseImpl", "..\Xpand.Persistent\Xpand.Persistent.BaseImpl\Xpand.Persistent.BaseImpl.csproj", "{107424FA-EE61-41B7-BA89-2FD0BC9BCEDE}"
	ProjectSection(ProjectDependencies) = postProject
		{7FC6A30C-7375-4EB2-A6E9-A597B941B45F} = {7FC6A30C-7375-4EB2-A6E9-A597B941B45F}
		{84F8D818-91BC-48DB-9B6C-7E71A82CA635} = {84F8D818-91BC-48DB-9B6C-7E71A82CA635}
		{3E1BF021-F83E-49C0-9BC0-C1C967DF1269} = {3E1BF021-F83E-49C0-9BC0-C1C967DF1269}
		{AF839B22-487B-46EC-B09C-E0772EC060C1} = {AF839B22-487B-46EC-B09C-E0772EC060C1}
		{6CCA3D25-5AFA-4C26-9DE7-31CDE8F239EB} = {6CCA3D25-5AFA-4C26-9DE7-31CDE8F239EB}
		{B329592B-9530-4DA7-88F2-846BBA1C8F93} = {B329592B-9530-4DA7-88F2-846BBA1C8F93}
		{F41CAE34-DE81-4B3F-8590-FB7F8FC193D8} = {F41CAE34-DE81-4B3F-8590-FB7F8FC193D8}
		{67045B46-0875-497F-BF4E-4E74CEF4FF27} = {67045B46-0875-497F-BF4E-4E74CEF4FF27}
		{88207755-7F6B-4B53-9358-190364299985} = {88207755-7F6B-4B53-9358-190364299985}
		{0ED58058-1D06-4FE1-85D0-E82863D51FBB} = {0ED58058-1D06-4FE1-85D0-E82863D51FBB}
		{D33DA85F-C92D-4A13-9880-B6A5343B957D} = {D33DA85F-C92D-4A13-9880-B6A5343B957D}
		{C4566461-3E4F-49C1-98B2-AB34901630E0} = {C4566461-3E4F-49C1-98B2-AB34901630E0}
		{19906D61-635D-4FF3-954E-9158CC848E5E} = {19906D61-635D-4FF3-954E-9158CC848E5E}
		{1188D863-60C0-4061-82D5-5A1FE46942AA} = {1188D863-60C0-4061-82D5-5A1FE46942AA}
		{50DF1466-D5B2-40FC-B91E-B212E4A7F4A9} = {50DF1466-D5B2-40FC-B91E-B212E4A7F4A9}
		{EC481968-1696-43E4-837F-BCF08F393323} = {EC481968-1696-43E4-837F-BCF08F393323}
		{D94DF769-4DF3-4543-AC47-13228884AB26} = {D94DF769-4DF3-4543-AC47-13228884AB26}
		{E03FBA6A-B1AD-4BE5-B512-B7F9882D4A28} = {E03FBA6A-B1AD-4BE5-B512-B7F9882D4A28}
		{54F6126C-8D97-4BB4-816D-01EB602D9EA2} = {54F6126C-8D97-4BB4-816D-01EB602D9EA2}
		{56242176-A728-4B97-BC0A-58B7D80FF412} = {56242176-A728-4B97-BC0A-58B7D80FF412}
		{D0B11788-3559-45D1-BC21-07953398755B} = {D0B11788-3559-45D1-BC21-07953398755B}
		{9C2D3690-C7EB-46C4-83CC-F1D597E0CD2C} = {9C2D3690-C7EB-46C4-83CC-F1D597E0CD2C}
		{74BE7291-EB8A-4FE3-A495-02545797CF2A} = {74BE7291-EB8A-4FE3-A495-02545797CF2A}
		{E0C71294-D0D1-4633-8EE5-630088DF81DD} = {E0C71294-D0D1-4633-8EE5-630088DF81DD}
		{C044D0A5-B0E1-48D4-B55B-E992DC062A9B} = {C044D0A5-B0E1-48D4-B55B-E992DC062A9B}
		{3D13CAAC-A265-4A02-97CB-6C9121D7514D} = {3D13CAAC-A265-4A02-97CB-6C9121D7514D}
		{BAD55FD1-7A64-4A38-894D-5C18895EB76B} = {BAD55FD1-7A64-4A38-894D-5C18895EB76B}
		{E08F0BD5-77CA-4B3A-A035-211A2C5DF5CA} = {E08F0BD5-77CA-4B3A-A035-211A2C5DF5CA}
		{F28172DF-6820-45AA-A278-525AE01F8202} = {F28172DF-6820-45AA-A278-525AE01F8202}
		{560F01E0-F5F8-4261-93A8-A00082204536} = {560F01E0-F5F8-4261-93A8-A00082204536}
		{538EA7E1-1930-497A-82EB-3605F0F123F4} = {538EA7E1-1930-497A-82EB-3605F0F123F4}
		{8A0EECEA-F699-40BA-B8F9-D70F79E9130B} = {8A0EECEA-F699-40BA-B8F9-D70F79E9130B}
		{4AC47CF2-DA60-48BB-AAD5-CDA3D3C6A934} = {4AC47CF2-DA60-48BB-AAD5-CDA3D3C6A934}
		{5F6908F4-2505-4C37-BD49-EC98A6CB103A} = {5F6908F4-2505-4C37-BD49-EC98A6CB103A}
		{05E856F4-5329-4DB4-8C7E-8B63F24F6506} = {05E856F4-5329-4DB4-8C7E-8B63F24F6506}
		{0D81BAF7-CC13-411C-BC50-8788755EBA4F} = {0D81BAF7-CC13-411C-BC50-8788755EBA4F}
		{8A6673F8-89FF-447E-8C33-55BE1FAA1245} = {8A6673F8-89FF-447E-8C33-55BE1FAA1245}
		{85D2C1FA-1478-454F-B703-5ACB4B420C28} = {85D2C1FA-1478-454F-B703-5ACB4B420C28}
	EndProjectSection
EndProject
Project("{2150E333-8FDC-42A3-9474-1A3956D46DE8}") = "AuditTrail", "AuditTrail", "{615F7F47-B676-4297-8119-879ECC213907}"
EndProject
Project("{FAE04EC0-301F-11D3-BF4B-00C04F79EFBC}") = "Xpand.ExpressApp.AuditTrail", "AuditTrail\Xpand.ExpressApp.AuditTrail.csproj", "{007CDBAE-9DBD-431C-BB70-CF3596748B06}"
	ProjectSection(ProjectDependencies) = postProject
		{D38722E2-F2CD-47D3-9203-1AC8070BBE2E} = {D38722E2-F2CD-47D3-9203-1AC8070BBE2E}
	EndProjectSection
EndProject
Project("{FAE04EC0-301F-11D3-BF4B-00C04F79EFBC}") = "Xpand.ExpressApp.Scheduler.Web", "Scheduler.Web\Xpand.ExpressApp.Scheduler.Web.csproj", "{C1791E7B-A8F2-4FEE-9263-6BE0E3A73397}"
	ProjectSection(ProjectDependencies) = postProject
		{B7848472-FE27-41FD-941B-9C9EE26D9D5F} = {B7848472-FE27-41FD-941B-9C9EE26D9D5F}
	EndProjectSection
EndProject
Project("{FAE04EC0-301F-11D3-BF4B-00C04F79EFBC}") = "Xpand.ExpressApp.Scheduler", "Scheduler\Xpand.ExpressApp.Scheduler.csproj", "{B7848472-FE27-41FD-941B-9C9EE26D9D5F}"
EndProject
Project("{2150E333-8FDC-42A3-9474-1A3956D46DE8}") = "MapView", "MapView", "{0D5DFB81-3B70-4FA9-8F71-B02D25F05BB6}"
EndProject
Project("{FAE04EC0-301F-11D3-BF4B-00C04F79EFBC}") = "Xpand.ExpressApp.MapView", "MapView\Xpand.ExpressApp.MapView.csproj", "{A334AC3A-C12B-484D-AE4E-DA24038F443D}"
EndProject
Project("{FAE04EC0-301F-11D3-BF4B-00C04F79EFBC}") = "Xpand.ExpressApp.MapView.Web", "MapView.Web\Xpand.ExpressApp.MapView.Web.csproj", "{B9EF03FF-D05B-4FD4-A8E9-F90D819CB1DC}"
	ProjectSection(ProjectDependencies) = postProject
		{A334AC3A-C12B-484D-AE4E-DA24038F443D} = {A334AC3A-C12B-484D-AE4E-DA24038F443D}
	EndProjectSection
EndProject
Project("{FAE04EC0-301F-11D3-BF4B-00C04F79EFBC}") = "Xpand.ExpressApp.XtraDashboard.Web", "XtraDashboard.Web\Xpand.ExpressApp.XtraDashboard.Web.csproj", "{5A5436AD-B334-466C-89C5-2D866450C809}"
	ProjectSection(ProjectDependencies) = postProject
		{56242176-A728-4B97-BC0A-58B7D80FF412} = {56242176-A728-4B97-BC0A-58B7D80FF412}
	EndProjectSection
EndProject
Project("{2150E333-8FDC-42A3-9474-1A3956D46DE8}") = "Email", "Email", "{3A34ABAF-D18D-49BF-8B6D-EA0C17914EB4}"
EndProject
Project("{FAE04EC0-301F-11D3-BF4B-00C04F79EFBC}") = "Xpand.ExpressApp.Email", "Email\Xpand.ExpressApp.Email.csproj", "{175DE829-3659-47B5-9D37-54238CB694B7}"
	ProjectSection(ProjectDependencies) = postProject
		{B2BC7237-E245-4619-A041-841CBB395E10} = {B2BC7237-E245-4619-A041-841CBB395E10}
		{B964E541-EBA2-4971-B104-A99ABBD95D36} = {B964E541-EBA2-4971-B104-A99ABBD95D36}
		{E03FBA6A-B1AD-4BE5-B512-B7F9882D4A28} = {E03FBA6A-B1AD-4BE5-B512-B7F9882D4A28}
		{D38722E2-F2CD-47D3-9203-1AC8070BBE2E} = {D38722E2-F2CD-47D3-9203-1AC8070BBE2E}
	EndProjectSection
EndProject
Project("{2150E333-8FDC-42A3-9474-1A3956D46DE8}") = "FileAttachment", "FileAttachment", "{1865FFED-4812-44FE-8A5C-0A8CEC4C7751}"
EndProject
Project("{FAE04EC0-301F-11D3-BF4B-00C04F79EFBC}") = "Xpand.ExpressApp.FileAttachment", "FileAttachment\Xpand.ExpressApp.FileAttachment.csproj", "{D3346898-E61A-470E-B38D-D38BF584271B}"
EndProject
Global
	GlobalSection(SolutionConfigurationPlatforms) = preSolution
		Debug|Any CPU = Debug|Any CPU
		DebugGAC|Any CPU = DebugGAC|Any CPU
		Release|Any CPU = Release|Any CPU
	EndGlobalSection
	GlobalSection(ProjectConfigurationPlatforms) = postSolution
		{B3216F6A-B4C6-4899-9D42-398CDF0CA91E}.Debug|Any CPU.ActiveCfg = Debug|Any CPU
		{B3216F6A-B4C6-4899-9D42-398CDF0CA91E}.Debug|Any CPU.Build.0 = Debug|Any CPU
		{B3216F6A-B4C6-4899-9D42-398CDF0CA91E}.DebugGAC|Any CPU.ActiveCfg = Debug|Any CPU
		{B3216F6A-B4C6-4899-9D42-398CDF0CA91E}.DebugGAC|Any CPU.Build.0 = Debug|Any CPU
		{B3216F6A-B4C6-4899-9D42-398CDF0CA91E}.Release|Any CPU.ActiveCfg = Release|Any CPU
		{B3216F6A-B4C6-4899-9D42-398CDF0CA91E}.Release|Any CPU.Build.0 = Release|Any CPU
		{D33DA85F-C92D-4A13-9880-B6A5343B957D}.Debug|Any CPU.ActiveCfg = Debug|Any CPU
		{D33DA85F-C92D-4A13-9880-B6A5343B957D}.Debug|Any CPU.Build.0 = Debug|Any CPU
		{D33DA85F-C92D-4A13-9880-B6A5343B957D}.DebugGAC|Any CPU.ActiveCfg = Debug|Any CPU
		{D33DA85F-C92D-4A13-9880-B6A5343B957D}.DebugGAC|Any CPU.Build.0 = Debug|Any CPU
		{D33DA85F-C92D-4A13-9880-B6A5343B957D}.Release|Any CPU.ActiveCfg = Release|Any CPU
		{D33DA85F-C92D-4A13-9880-B6A5343B957D}.Release|Any CPU.Build.0 = Release|Any CPU
		{9C2D3690-C7EB-46C4-83CC-F1D597E0CD2C}.Debug|Any CPU.ActiveCfg = Debug|Any CPU
		{9C2D3690-C7EB-46C4-83CC-F1D597E0CD2C}.Debug|Any CPU.Build.0 = Debug|Any CPU
		{9C2D3690-C7EB-46C4-83CC-F1D597E0CD2C}.DebugGAC|Any CPU.ActiveCfg = Debug|Any CPU
		{9C2D3690-C7EB-46C4-83CC-F1D597E0CD2C}.DebugGAC|Any CPU.Build.0 = Debug|Any CPU
		{9C2D3690-C7EB-46C4-83CC-F1D597E0CD2C}.Release|Any CPU.ActiveCfg = Release|Any CPU
		{9C2D3690-C7EB-46C4-83CC-F1D597E0CD2C}.Release|Any CPU.Build.0 = Release|Any CPU
		{B964E541-EBA2-4971-B104-A99ABBD95D36}.Debug|Any CPU.ActiveCfg = Debug|Any CPU
		{B964E541-EBA2-4971-B104-A99ABBD95D36}.Debug|Any CPU.Build.0 = Debug|Any CPU
		{B964E541-EBA2-4971-B104-A99ABBD95D36}.DebugGAC|Any CPU.ActiveCfg = Debug|Any CPU
		{B964E541-EBA2-4971-B104-A99ABBD95D36}.DebugGAC|Any CPU.Build.0 = Debug|Any CPU
		{B964E541-EBA2-4971-B104-A99ABBD95D36}.Release|Any CPU.ActiveCfg = Release|Any CPU
		{B964E541-EBA2-4971-B104-A99ABBD95D36}.Release|Any CPU.Build.0 = Release|Any CPU
		{BAD55FD1-7A64-4A38-894D-5C18895EB76B}.Debug|Any CPU.ActiveCfg = Debug|Any CPU
		{BAD55FD1-7A64-4A38-894D-5C18895EB76B}.Debug|Any CPU.Build.0 = Debug|Any CPU
		{BAD55FD1-7A64-4A38-894D-5C18895EB76B}.DebugGAC|Any CPU.ActiveCfg = Debug|Any CPU
		{BAD55FD1-7A64-4A38-894D-5C18895EB76B}.DebugGAC|Any CPU.Build.0 = Debug|Any CPU
		{BAD55FD1-7A64-4A38-894D-5C18895EB76B}.Release|Any CPU.ActiveCfg = Release|Any CPU
		{BAD55FD1-7A64-4A38-894D-5C18895EB76B}.Release|Any CPU.Build.0 = Release|Any CPU
		{50DF1466-D5B2-40FC-B91E-B212E4A7F4A9}.Debug|Any CPU.ActiveCfg = Debug|Any CPU
		{50DF1466-D5B2-40FC-B91E-B212E4A7F4A9}.Debug|Any CPU.Build.0 = Debug|Any CPU
		{50DF1466-D5B2-40FC-B91E-B212E4A7F4A9}.DebugGAC|Any CPU.ActiveCfg = Debug|Any CPU
		{50DF1466-D5B2-40FC-B91E-B212E4A7F4A9}.DebugGAC|Any CPU.Build.0 = Debug|Any CPU
		{50DF1466-D5B2-40FC-B91E-B212E4A7F4A9}.Release|Any CPU.ActiveCfg = Release|Any CPU
		{50DF1466-D5B2-40FC-B91E-B212E4A7F4A9}.Release|Any CPU.Build.0 = Release|Any CPU
		{8A0EECEA-F699-40BA-B8F9-D70F79E9130B}.Debug|Any CPU.ActiveCfg = Debug|Any CPU
		{8A0EECEA-F699-40BA-B8F9-D70F79E9130B}.Debug|Any CPU.Build.0 = Debug|Any CPU
		{8A0EECEA-F699-40BA-B8F9-D70F79E9130B}.DebugGAC|Any CPU.ActiveCfg = Debug|Any CPU
		{8A0EECEA-F699-40BA-B8F9-D70F79E9130B}.DebugGAC|Any CPU.Build.0 = Debug|Any CPU
		{8A0EECEA-F699-40BA-B8F9-D70F79E9130B}.Release|Any CPU.ActiveCfg = Release|Any CPU
		{8A0EECEA-F699-40BA-B8F9-D70F79E9130B}.Release|Any CPU.Build.0 = Release|Any CPU
		{560F01E0-F5F8-4261-93A8-A00082204536}.Debug|Any CPU.ActiveCfg = Debug|Any CPU
		{560F01E0-F5F8-4261-93A8-A00082204536}.Debug|Any CPU.Build.0 = Debug|Any CPU
		{560F01E0-F5F8-4261-93A8-A00082204536}.DebugGAC|Any CPU.ActiveCfg = Debug|Any CPU
		{560F01E0-F5F8-4261-93A8-A00082204536}.DebugGAC|Any CPU.Build.0 = Debug|Any CPU
		{560F01E0-F5F8-4261-93A8-A00082204536}.Release|Any CPU.ActiveCfg = Release|Any CPU
		{560F01E0-F5F8-4261-93A8-A00082204536}.Release|Any CPU.Build.0 = Release|Any CPU
		{D38722E2-F2CD-47D3-9203-1AC8070BBE2E}.Debug|Any CPU.ActiveCfg = Debug|Any CPU
		{D38722E2-F2CD-47D3-9203-1AC8070BBE2E}.Debug|Any CPU.Build.0 = Debug|Any CPU
		{D38722E2-F2CD-47D3-9203-1AC8070BBE2E}.DebugGAC|Any CPU.ActiveCfg = Debug|Any CPU
		{D38722E2-F2CD-47D3-9203-1AC8070BBE2E}.DebugGAC|Any CPU.Build.0 = Debug|Any CPU
		{D38722E2-F2CD-47D3-9203-1AC8070BBE2E}.Release|Any CPU.ActiveCfg = Release|Any CPU
		{D38722E2-F2CD-47D3-9203-1AC8070BBE2E}.Release|Any CPU.Build.0 = Release|Any CPU
		{56242176-A728-4B97-BC0A-58B7D80FF412}.Debug|Any CPU.ActiveCfg = Debug|Any CPU
		{56242176-A728-4B97-BC0A-58B7D80FF412}.Debug|Any CPU.Build.0 = Debug|Any CPU
		{56242176-A728-4B97-BC0A-58B7D80FF412}.DebugGAC|Any CPU.ActiveCfg = Debug|Any CPU
		{56242176-A728-4B97-BC0A-58B7D80FF412}.DebugGAC|Any CPU.Build.0 = Debug|Any CPU
		{56242176-A728-4B97-BC0A-58B7D80FF412}.Release|Any CPU.ActiveCfg = Release|Any CPU
		{56242176-A728-4B97-BC0A-58B7D80FF412}.Release|Any CPU.Build.0 = Release|Any CPU
		{3E1BF021-F83E-49C0-9BC0-C1C967DF1269}.Debug|Any CPU.ActiveCfg = Debug|Any CPU
		{3E1BF021-F83E-49C0-9BC0-C1C967DF1269}.Debug|Any CPU.Build.0 = Debug|Any CPU
		{3E1BF021-F83E-49C0-9BC0-C1C967DF1269}.DebugGAC|Any CPU.ActiveCfg = Debug|Any CPU
		{3E1BF021-F83E-49C0-9BC0-C1C967DF1269}.DebugGAC|Any CPU.Build.0 = Debug|Any CPU
		{3E1BF021-F83E-49C0-9BC0-C1C967DF1269}.Release|Any CPU.ActiveCfg = Release|Any CPU
		{3E1BF021-F83E-49C0-9BC0-C1C967DF1269}.Release|Any CPU.Build.0 = Release|Any CPU
		{E03FBA6A-B1AD-4BE5-B512-B7F9882D4A28}.Debug|Any CPU.ActiveCfg = Debug|Any CPU
		{E03FBA6A-B1AD-4BE5-B512-B7F9882D4A28}.Debug|Any CPU.Build.0 = Debug|Any CPU
		{E03FBA6A-B1AD-4BE5-B512-B7F9882D4A28}.DebugGAC|Any CPU.ActiveCfg = Debug|Any CPU
		{E03FBA6A-B1AD-4BE5-B512-B7F9882D4A28}.DebugGAC|Any CPU.Build.0 = Debug|Any CPU
		{E03FBA6A-B1AD-4BE5-B512-B7F9882D4A28}.Release|Any CPU.ActiveCfg = Release|Any CPU
		{E03FBA6A-B1AD-4BE5-B512-B7F9882D4A28}.Release|Any CPU.Build.0 = Release|Any CPU
		{CC5D7F34-65F4-4F50-BEF1-CF9251F73044}.Debug|Any CPU.ActiveCfg = Debug|Any CPU
		{CC5D7F34-65F4-4F50-BEF1-CF9251F73044}.Debug|Any CPU.Build.0 = Debug|Any CPU
		{CC5D7F34-65F4-4F50-BEF1-CF9251F73044}.DebugGAC|Any CPU.ActiveCfg = Debug|Any CPU
		{CC5D7F34-65F4-4F50-BEF1-CF9251F73044}.DebugGAC|Any CPU.Build.0 = Debug|Any CPU
		{CC5D7F34-65F4-4F50-BEF1-CF9251F73044}.Release|Any CPU.ActiveCfg = Release|Any CPU
		{CC5D7F34-65F4-4F50-BEF1-CF9251F73044}.Release|Any CPU.Build.0 = Release|Any CPU
		{8A6673F8-89FF-447E-8C33-55BE1FAA1245}.Debug|Any CPU.ActiveCfg = Debug|Any CPU
		{8A6673F8-89FF-447E-8C33-55BE1FAA1245}.Debug|Any CPU.Build.0 = Debug|Any CPU
		{8A6673F8-89FF-447E-8C33-55BE1FAA1245}.DebugGAC|Any CPU.ActiveCfg = Debug|Any CPU
		{8A6673F8-89FF-447E-8C33-55BE1FAA1245}.DebugGAC|Any CPU.Build.0 = Debug|Any CPU
		{8A6673F8-89FF-447E-8C33-55BE1FAA1245}.Release|Any CPU.ActiveCfg = Release|Any CPU
		{8A6673F8-89FF-447E-8C33-55BE1FAA1245}.Release|Any CPU.Build.0 = Release|Any CPU
		{1188D863-60C0-4061-82D5-5A1FE46942AA}.Debug|Any CPU.ActiveCfg = Debug|Any CPU
		{1188D863-60C0-4061-82D5-5A1FE46942AA}.Debug|Any CPU.Build.0 = Debug|Any CPU
		{1188D863-60C0-4061-82D5-5A1FE46942AA}.DebugGAC|Any CPU.ActiveCfg = Debug|Any CPU
		{1188D863-60C0-4061-82D5-5A1FE46942AA}.DebugGAC|Any CPU.Build.0 = Debug|Any CPU
		{1188D863-60C0-4061-82D5-5A1FE46942AA}.Release|Any CPU.ActiveCfg = Release|Any CPU
		{1188D863-60C0-4061-82D5-5A1FE46942AA}.Release|Any CPU.Build.0 = Release|Any CPU
		{02553832-9700-485B-ADF7-D1B7B3F4AF55}.Debug|Any CPU.ActiveCfg = Debug|Any CPU
		{02553832-9700-485B-ADF7-D1B7B3F4AF55}.Debug|Any CPU.Build.0 = Debug|Any CPU
		{02553832-9700-485B-ADF7-D1B7B3F4AF55}.DebugGAC|Any CPU.ActiveCfg = Debug|Any CPU
		{02553832-9700-485B-ADF7-D1B7B3F4AF55}.DebugGAC|Any CPU.Build.0 = Debug|Any CPU
		{02553832-9700-485B-ADF7-D1B7B3F4AF55}.Release|Any CPU.ActiveCfg = Release|Any CPU
		{02553832-9700-485B-ADF7-D1B7B3F4AF55}.Release|Any CPU.Build.0 = Release|Any CPU
		{AF839B22-487B-46EC-B09C-E0772EC060C1}.Debug|Any CPU.ActiveCfg = Debug|Any CPU
		{AF839B22-487B-46EC-B09C-E0772EC060C1}.Debug|Any CPU.Build.0 = Debug|Any CPU
		{AF839B22-487B-46EC-B09C-E0772EC060C1}.DebugGAC|Any CPU.ActiveCfg = Debug|Any CPU
		{AF839B22-487B-46EC-B09C-E0772EC060C1}.DebugGAC|Any CPU.Build.0 = Debug|Any CPU
		{AF839B22-487B-46EC-B09C-E0772EC060C1}.Release|Any CPU.ActiveCfg = Release|Any CPU
		{AF839B22-487B-46EC-B09C-E0772EC060C1}.Release|Any CPU.Build.0 = Release|Any CPU
		{0ED58058-1D06-4FE1-85D0-E82863D51FBB}.Debug|Any CPU.ActiveCfg = Debug|Any CPU
		{0ED58058-1D06-4FE1-85D0-E82863D51FBB}.Debug|Any CPU.Build.0 = Debug|Any CPU
		{0ED58058-1D06-4FE1-85D0-E82863D51FBB}.DebugGAC|Any CPU.ActiveCfg = Debug|Any CPU
		{0ED58058-1D06-4FE1-85D0-E82863D51FBB}.DebugGAC|Any CPU.Build.0 = Debug|Any CPU
		{0ED58058-1D06-4FE1-85D0-E82863D51FBB}.Release|Any CPU.ActiveCfg = Release|Any CPU
		{0ED58058-1D06-4FE1-85D0-E82863D51FBB}.Release|Any CPU.Build.0 = Release|Any CPU
		{71319B74-CCF9-4171-B79B-1F9F1C89F4F7}.Debug|Any CPU.ActiveCfg = Debug|Any CPU
		{71319B74-CCF9-4171-B79B-1F9F1C89F4F7}.Debug|Any CPU.Build.0 = Debug|Any CPU
		{71319B74-CCF9-4171-B79B-1F9F1C89F4F7}.DebugGAC|Any CPU.ActiveCfg = Debug|Any CPU
		{71319B74-CCF9-4171-B79B-1F9F1C89F4F7}.DebugGAC|Any CPU.Build.0 = Debug|Any CPU
		{71319B74-CCF9-4171-B79B-1F9F1C89F4F7}.Release|Any CPU.ActiveCfg = Release|Any CPU
		{71319B74-CCF9-4171-B79B-1F9F1C89F4F7}.Release|Any CPU.Build.0 = Release|Any CPU
		{5C78FE41-2525-40AC-9096-5D18B9A1ED84}.Debug|Any CPU.ActiveCfg = Debug|Any CPU
		{5C78FE41-2525-40AC-9096-5D18B9A1ED84}.Debug|Any CPU.Build.0 = Debug|Any CPU
		{5C78FE41-2525-40AC-9096-5D18B9A1ED84}.DebugGAC|Any CPU.ActiveCfg = Debug|Any CPU
		{5C78FE41-2525-40AC-9096-5D18B9A1ED84}.DebugGAC|Any CPU.Build.0 = Debug|Any CPU
		{5C78FE41-2525-40AC-9096-5D18B9A1ED84}.Release|Any CPU.ActiveCfg = Release|Any CPU
		{5C78FE41-2525-40AC-9096-5D18B9A1ED84}.Release|Any CPU.Build.0 = Release|Any CPU
		{C0BAAF0F-9FE6-4D7D-98DC-D163EEC7B87E}.Debug|Any CPU.ActiveCfg = Debug|Any CPU
		{C0BAAF0F-9FE6-4D7D-98DC-D163EEC7B87E}.Debug|Any CPU.Build.0 = Debug|Any CPU
		{C0BAAF0F-9FE6-4D7D-98DC-D163EEC7B87E}.DebugGAC|Any CPU.ActiveCfg = Debug|Any CPU
		{C0BAAF0F-9FE6-4D7D-98DC-D163EEC7B87E}.DebugGAC|Any CPU.Build.0 = Debug|Any CPU
		{C0BAAF0F-9FE6-4D7D-98DC-D163EEC7B87E}.Release|Any CPU.ActiveCfg = Release|Any CPU
		{C0BAAF0F-9FE6-4D7D-98DC-D163EEC7B87E}.Release|Any CPU.Build.0 = Release|Any CPU
		{6CCA3D25-5AFA-4C26-9DE7-31CDE8F239EB}.Debug|Any CPU.ActiveCfg = Debug|Any CPU
		{6CCA3D25-5AFA-4C26-9DE7-31CDE8F239EB}.Debug|Any CPU.Build.0 = Debug|Any CPU
		{6CCA3D25-5AFA-4C26-9DE7-31CDE8F239EB}.DebugGAC|Any CPU.ActiveCfg = Debug|Any CPU
		{6CCA3D25-5AFA-4C26-9DE7-31CDE8F239EB}.DebugGAC|Any CPU.Build.0 = Debug|Any CPU
		{6CCA3D25-5AFA-4C26-9DE7-31CDE8F239EB}.Release|Any CPU.ActiveCfg = Release|Any CPU
		{6CCA3D25-5AFA-4C26-9DE7-31CDE8F239EB}.Release|Any CPU.Build.0 = Release|Any CPU
		{32A12C8A-B9C9-4D7C-AF10-AE2CA89550F6}.Debug|Any CPU.ActiveCfg = Debug|Any CPU
		{32A12C8A-B9C9-4D7C-AF10-AE2CA89550F6}.Debug|Any CPU.Build.0 = Debug|Any CPU
		{32A12C8A-B9C9-4D7C-AF10-AE2CA89550F6}.DebugGAC|Any CPU.ActiveCfg = Debug|Any CPU
		{32A12C8A-B9C9-4D7C-AF10-AE2CA89550F6}.DebugGAC|Any CPU.Build.0 = Debug|Any CPU
		{32A12C8A-B9C9-4D7C-AF10-AE2CA89550F6}.Release|Any CPU.ActiveCfg = Release|Any CPU
		{32A12C8A-B9C9-4D7C-AF10-AE2CA89550F6}.Release|Any CPU.Build.0 = Release|Any CPU
		{67045B46-0875-497F-BF4E-4E74CEF4FF27}.Debug|Any CPU.ActiveCfg = Debug|Any CPU
		{67045B46-0875-497F-BF4E-4E74CEF4FF27}.Debug|Any CPU.Build.0 = Debug|Any CPU
		{67045B46-0875-497F-BF4E-4E74CEF4FF27}.DebugGAC|Any CPU.ActiveCfg = Debug|Any CPU
		{67045B46-0875-497F-BF4E-4E74CEF4FF27}.DebugGAC|Any CPU.Build.0 = Debug|Any CPU
		{67045B46-0875-497F-BF4E-4E74CEF4FF27}.Release|Any CPU.ActiveCfg = Release|Any CPU
		{67045B46-0875-497F-BF4E-4E74CEF4FF27}.Release|Any CPU.Build.0 = Release|Any CPU
		{EC481968-1696-43E4-837F-BCF08F393323}.Debug|Any CPU.ActiveCfg = Debug|Any CPU
		{EC481968-1696-43E4-837F-BCF08F393323}.Debug|Any CPU.Build.0 = Debug|Any CPU
		{EC481968-1696-43E4-837F-BCF08F393323}.DebugGAC|Any CPU.ActiveCfg = Debug|Any CPU
		{EC481968-1696-43E4-837F-BCF08F393323}.DebugGAC|Any CPU.Build.0 = Debug|Any CPU
		{EC481968-1696-43E4-837F-BCF08F393323}.Release|Any CPU.ActiveCfg = Release|Any CPU
		{EC481968-1696-43E4-837F-BCF08F393323}.Release|Any CPU.Build.0 = Release|Any CPU
		{F41CAE34-DE81-4B3F-8590-FB7F8FC193D8}.Debug|Any CPU.ActiveCfg = Debug|Any CPU
		{F41CAE34-DE81-4B3F-8590-FB7F8FC193D8}.Debug|Any CPU.Build.0 = Debug|Any CPU
		{F41CAE34-DE81-4B3F-8590-FB7F8FC193D8}.DebugGAC|Any CPU.ActiveCfg = Debug|Any CPU
		{F41CAE34-DE81-4B3F-8590-FB7F8FC193D8}.DebugGAC|Any CPU.Build.0 = Debug|Any CPU
		{F41CAE34-DE81-4B3F-8590-FB7F8FC193D8}.Release|Any CPU.ActiveCfg = Release|Any CPU
		{F41CAE34-DE81-4B3F-8590-FB7F8FC193D8}.Release|Any CPU.Build.0 = Release|Any CPU
		{40450919-27CC-4693-84DB-3BA16C44633B}.Debug|Any CPU.ActiveCfg = Debug|Any CPU
		{40450919-27CC-4693-84DB-3BA16C44633B}.Debug|Any CPU.Build.0 = Debug|Any CPU
		{40450919-27CC-4693-84DB-3BA16C44633B}.DebugGAC|Any CPU.ActiveCfg = Debug|Any CPU
		{40450919-27CC-4693-84DB-3BA16C44633B}.DebugGAC|Any CPU.Build.0 = Debug|Any CPU
		{40450919-27CC-4693-84DB-3BA16C44633B}.Release|Any CPU.ActiveCfg = Release|Any CPU
		{40450919-27CC-4693-84DB-3BA16C44633B}.Release|Any CPU.Build.0 = Release|Any CPU
		{09082B9A-906C-4A17-A2E5-6C947DAC7C85}.Debug|Any CPU.ActiveCfg = Debug|Any CPU
		{09082B9A-906C-4A17-A2E5-6C947DAC7C85}.Debug|Any CPU.Build.0 = Debug|Any CPU
		{09082B9A-906C-4A17-A2E5-6C947DAC7C85}.DebugGAC|Any CPU.ActiveCfg = Debug|Any CPU
		{09082B9A-906C-4A17-A2E5-6C947DAC7C85}.DebugGAC|Any CPU.Build.0 = Debug|Any CPU
		{09082B9A-906C-4A17-A2E5-6C947DAC7C85}.Release|Any CPU.ActiveCfg = Release|Any CPU
		{09082B9A-906C-4A17-A2E5-6C947DAC7C85}.Release|Any CPU.Build.0 = Release|Any CPU
		{B2BC7237-E245-4619-A041-841CBB395E10}.Debug|Any CPU.ActiveCfg = Debug|Any CPU
		{B2BC7237-E245-4619-A041-841CBB395E10}.Debug|Any CPU.Build.0 = Debug|Any CPU
		{B2BC7237-E245-4619-A041-841CBB395E10}.DebugGAC|Any CPU.ActiveCfg = Debug|Any CPU
		{B2BC7237-E245-4619-A041-841CBB395E10}.DebugGAC|Any CPU.Build.0 = Debug|Any CPU
		{B2BC7237-E245-4619-A041-841CBB395E10}.Release|Any CPU.ActiveCfg = Release|Any CPU
		{B2BC7237-E245-4619-A041-841CBB395E10}.Release|Any CPU.Build.0 = Release|Any CPU
		{19906D61-635D-4FF3-954E-9158CC848E5E}.Debug|Any CPU.ActiveCfg = Debug|Any CPU
		{19906D61-635D-4FF3-954E-9158CC848E5E}.Debug|Any CPU.Build.0 = Debug|Any CPU
		{19906D61-635D-4FF3-954E-9158CC848E5E}.DebugGAC|Any CPU.ActiveCfg = Debug|Any CPU
		{19906D61-635D-4FF3-954E-9158CC848E5E}.DebugGAC|Any CPU.Build.0 = Debug|Any CPU
		{19906D61-635D-4FF3-954E-9158CC848E5E}.Release|Any CPU.ActiveCfg = Release|Any CPU
		{19906D61-635D-4FF3-954E-9158CC848E5E}.Release|Any CPU.Build.0 = Release|Any CPU
		{84F8D818-91BC-48DB-9B6C-7E71A82CA635}.Debug|Any CPU.ActiveCfg = Debug|Any CPU
		{84F8D818-91BC-48DB-9B6C-7E71A82CA635}.Debug|Any CPU.Build.0 = Debug|Any CPU
		{84F8D818-91BC-48DB-9B6C-7E71A82CA635}.DebugGAC|Any CPU.ActiveCfg = Debug|Any CPU
		{84F8D818-91BC-48DB-9B6C-7E71A82CA635}.DebugGAC|Any CPU.Build.0 = Debug|Any CPU
		{84F8D818-91BC-48DB-9B6C-7E71A82CA635}.Release|Any CPU.ActiveCfg = Release|Any CPU
		{84F8D818-91BC-48DB-9B6C-7E71A82CA635}.Release|Any CPU.Build.0 = Release|Any CPU
		{8D97AC44-202D-4659-8CB0-6D8DCC796156}.Debug|Any CPU.ActiveCfg = Debug|Any CPU
		{8D97AC44-202D-4659-8CB0-6D8DCC796156}.Debug|Any CPU.Build.0 = Debug|Any CPU
		{8D97AC44-202D-4659-8CB0-6D8DCC796156}.DebugGAC|Any CPU.ActiveCfg = Debug|Any CPU
		{8D97AC44-202D-4659-8CB0-6D8DCC796156}.DebugGAC|Any CPU.Build.0 = Debug|Any CPU
		{8D97AC44-202D-4659-8CB0-6D8DCC796156}.Release|Any CPU.ActiveCfg = Release|Any CPU
		{8D97AC44-202D-4659-8CB0-6D8DCC796156}.Release|Any CPU.Build.0 = Release|Any CPU
		{05E856F4-5329-4DB4-8C7E-8B63F24F6506}.Debug|Any CPU.ActiveCfg = Debug|Any CPU
		{05E856F4-5329-4DB4-8C7E-8B63F24F6506}.Debug|Any CPU.Build.0 = Debug|Any CPU
		{05E856F4-5329-4DB4-8C7E-8B63F24F6506}.DebugGAC|Any CPU.ActiveCfg = Debug|Any CPU
		{05E856F4-5329-4DB4-8C7E-8B63F24F6506}.DebugGAC|Any CPU.Build.0 = Debug|Any CPU
		{05E856F4-5329-4DB4-8C7E-8B63F24F6506}.Release|Any CPU.ActiveCfg = Release|Any CPU
		{05E856F4-5329-4DB4-8C7E-8B63F24F6506}.Release|Any CPU.Build.0 = Release|Any CPU
		{88207755-7F6B-4B53-9358-190364299985}.Debug|Any CPU.ActiveCfg = Debug|Any CPU
		{88207755-7F6B-4B53-9358-190364299985}.Debug|Any CPU.Build.0 = Debug|Any CPU
		{88207755-7F6B-4B53-9358-190364299985}.DebugGAC|Any CPU.ActiveCfg = Debug|Any CPU
		{88207755-7F6B-4B53-9358-190364299985}.DebugGAC|Any CPU.Build.0 = Debug|Any CPU
		{88207755-7F6B-4B53-9358-190364299985}.Release|Any CPU.ActiveCfg = Release|Any CPU
		{88207755-7F6B-4B53-9358-190364299985}.Release|Any CPU.Build.0 = Release|Any CPU
		{FE3FD1A4-E5B5-44D4-8B9E-3BF29AD4CB96}.Debug|Any CPU.ActiveCfg = Debug|Any CPU
		{FE3FD1A4-E5B5-44D4-8B9E-3BF29AD4CB96}.Debug|Any CPU.Build.0 = Debug|Any CPU
		{FE3FD1A4-E5B5-44D4-8B9E-3BF29AD4CB96}.DebugGAC|Any CPU.ActiveCfg = Debug|Any CPU
		{FE3FD1A4-E5B5-44D4-8B9E-3BF29AD4CB96}.DebugGAC|Any CPU.Build.0 = Debug|Any CPU
		{FE3FD1A4-E5B5-44D4-8B9E-3BF29AD4CB96}.Release|Any CPU.ActiveCfg = Release|Any CPU
		{FE3FD1A4-E5B5-44D4-8B9E-3BF29AD4CB96}.Release|Any CPU.Build.0 = Release|Any CPU
		{B329592B-9530-4DA7-88F2-846BBA1C8F93}.Debug|Any CPU.ActiveCfg = Debug|Any CPU
		{B329592B-9530-4DA7-88F2-846BBA1C8F93}.Debug|Any CPU.Build.0 = Debug|Any CPU
		{B329592B-9530-4DA7-88F2-846BBA1C8F93}.DebugGAC|Any CPU.ActiveCfg = Debug|Any CPU
		{B329592B-9530-4DA7-88F2-846BBA1C8F93}.DebugGAC|Any CPU.Build.0 = Debug|Any CPU
		{B329592B-9530-4DA7-88F2-846BBA1C8F93}.Release|Any CPU.ActiveCfg = Release|Any CPU
		{B329592B-9530-4DA7-88F2-846BBA1C8F93}.Release|Any CPU.Build.0 = Release|Any CPU
		{95550AD2-6D50-41FA-B7A2-5E1554867355}.Debug|Any CPU.ActiveCfg = Debug|Any CPU
		{95550AD2-6D50-41FA-B7A2-5E1554867355}.Debug|Any CPU.Build.0 = Debug|Any CPU
		{95550AD2-6D50-41FA-B7A2-5E1554867355}.DebugGAC|Any CPU.ActiveCfg = Debug|Any CPU
		{95550AD2-6D50-41FA-B7A2-5E1554867355}.DebugGAC|Any CPU.Build.0 = Debug|Any CPU
		{95550AD2-6D50-41FA-B7A2-5E1554867355}.Release|Any CPU.ActiveCfg = Release|Any CPU
		{95550AD2-6D50-41FA-B7A2-5E1554867355}.Release|Any CPU.Build.0 = Release|Any CPU
		{D94DF769-4DF3-4543-AC47-13228884AB26}.Debug|Any CPU.ActiveCfg = Debug|Any CPU
		{D94DF769-4DF3-4543-AC47-13228884AB26}.Debug|Any CPU.Build.0 = Debug|Any CPU
		{D94DF769-4DF3-4543-AC47-13228884AB26}.DebugGAC|Any CPU.ActiveCfg = Debug|Any CPU
		{D94DF769-4DF3-4543-AC47-13228884AB26}.DebugGAC|Any CPU.Build.0 = Debug|Any CPU
		{D94DF769-4DF3-4543-AC47-13228884AB26}.Release|Any CPU.ActiveCfg = Release|Any CPU
		{D94DF769-4DF3-4543-AC47-13228884AB26}.Release|Any CPU.Build.0 = Release|Any CPU
		{E08F0BD5-77CA-4B3A-A035-211A2C5DF5CA}.Debug|Any CPU.ActiveCfg = Debug|Any CPU
		{E08F0BD5-77CA-4B3A-A035-211A2C5DF5CA}.Debug|Any CPU.Build.0 = Debug|Any CPU
		{E08F0BD5-77CA-4B3A-A035-211A2C5DF5CA}.DebugGAC|Any CPU.ActiveCfg = Debug|Any CPU
		{E08F0BD5-77CA-4B3A-A035-211A2C5DF5CA}.DebugGAC|Any CPU.Build.0 = Debug|Any CPU
		{E08F0BD5-77CA-4B3A-A035-211A2C5DF5CA}.Release|Any CPU.ActiveCfg = Release|Any CPU
		{E08F0BD5-77CA-4B3A-A035-211A2C5DF5CA}.Release|Any CPU.Build.0 = Release|Any CPU
		{5F6908F4-2505-4C37-BD49-EC98A6CB103A}.Debug|Any CPU.ActiveCfg = Debug|Any CPU
		{5F6908F4-2505-4C37-BD49-EC98A6CB103A}.Debug|Any CPU.Build.0 = Debug|Any CPU
		{5F6908F4-2505-4C37-BD49-EC98A6CB103A}.DebugGAC|Any CPU.ActiveCfg = Debug|Any CPU
		{5F6908F4-2505-4C37-BD49-EC98A6CB103A}.DebugGAC|Any CPU.Build.0 = Debug|Any CPU
		{5F6908F4-2505-4C37-BD49-EC98A6CB103A}.Release|Any CPU.ActiveCfg = Release|Any CPU
		{5F6908F4-2505-4C37-BD49-EC98A6CB103A}.Release|Any CPU.Build.0 = Release|Any CPU
		{2626A753-BFA4-4616-BF32-00D7D7AC4174}.Debug|Any CPU.ActiveCfg = Debug|Any CPU
		{2626A753-BFA4-4616-BF32-00D7D7AC4174}.Debug|Any CPU.Build.0 = Debug|Any CPU
		{2626A753-BFA4-4616-BF32-00D7D7AC4174}.DebugGAC|Any CPU.ActiveCfg = Debug|Any CPU
		{2626A753-BFA4-4616-BF32-00D7D7AC4174}.DebugGAC|Any CPU.Build.0 = Debug|Any CPU
		{2626A753-BFA4-4616-BF32-00D7D7AC4174}.Release|Any CPU.ActiveCfg = Release|Any CPU
		{2626A753-BFA4-4616-BF32-00D7D7AC4174}.Release|Any CPU.Build.0 = Release|Any CPU
		{0D81BAF7-CC13-411C-BC50-8788755EBA4F}.Debug|Any CPU.ActiveCfg = Debug|Any CPU
		{0D81BAF7-CC13-411C-BC50-8788755EBA4F}.Debug|Any CPU.Build.0 = Debug|Any CPU
		{0D81BAF7-CC13-411C-BC50-8788755EBA4F}.DebugGAC|Any CPU.ActiveCfg = Debug|Any CPU
		{0D81BAF7-CC13-411C-BC50-8788755EBA4F}.DebugGAC|Any CPU.Build.0 = Debug|Any CPU
		{0D81BAF7-CC13-411C-BC50-8788755EBA4F}.Release|Any CPU.ActiveCfg = Release|Any CPU
		{0D81BAF7-CC13-411C-BC50-8788755EBA4F}.Release|Any CPU.Build.0 = Release|Any CPU
		{C044D0A5-B0E1-48D4-B55B-E992DC062A9B}.Debug|Any CPU.ActiveCfg = Debug|Any CPU
		{C044D0A5-B0E1-48D4-B55B-E992DC062A9B}.Debug|Any CPU.Build.0 = Debug|Any CPU
		{C044D0A5-B0E1-48D4-B55B-E992DC062A9B}.DebugGAC|Any CPU.ActiveCfg = Debug|Any CPU
		{C044D0A5-B0E1-48D4-B55B-E992DC062A9B}.DebugGAC|Any CPU.Build.0 = Debug|Any CPU
		{C044D0A5-B0E1-48D4-B55B-E992DC062A9B}.Release|Any CPU.ActiveCfg = Release|Any CPU
		{C044D0A5-B0E1-48D4-B55B-E992DC062A9B}.Release|Any CPU.Build.0 = Release|Any CPU
		{74BE7291-EB8A-4FE3-A495-02545797CF2A}.Debug|Any CPU.ActiveCfg = Debug|Any CPU
		{74BE7291-EB8A-4FE3-A495-02545797CF2A}.Debug|Any CPU.Build.0 = Debug|Any CPU
		{74BE7291-EB8A-4FE3-A495-02545797CF2A}.DebugGAC|Any CPU.ActiveCfg = Debug|Any CPU
		{74BE7291-EB8A-4FE3-A495-02545797CF2A}.DebugGAC|Any CPU.Build.0 = Debug|Any CPU
		{74BE7291-EB8A-4FE3-A495-02545797CF2A}.Release|Any CPU.ActiveCfg = Release|Any CPU
		{74BE7291-EB8A-4FE3-A495-02545797CF2A}.Release|Any CPU.Build.0 = Release|Any CPU
		{D40E2E45-324C-4EFD-867E-79ED59F10892}.Debug|Any CPU.ActiveCfg = Debug|Any CPU
		{D40E2E45-324C-4EFD-867E-79ED59F10892}.Debug|Any CPU.Build.0 = Debug|Any CPU
		{D40E2E45-324C-4EFD-867E-79ED59F10892}.DebugGAC|Any CPU.ActiveCfg = Debug|Any CPU
		{D40E2E45-324C-4EFD-867E-79ED59F10892}.DebugGAC|Any CPU.Build.0 = Debug|Any CPU
		{D40E2E45-324C-4EFD-867E-79ED59F10892}.Release|Any CPU.ActiveCfg = Release|Any CPU
		{D40E2E45-324C-4EFD-867E-79ED59F10892}.Release|Any CPU.Build.0 = Release|Any CPU
		{538EA7E1-1930-497A-82EB-3605F0F123F4}.Debug|Any CPU.ActiveCfg = Debug|Any CPU
		{538EA7E1-1930-497A-82EB-3605F0F123F4}.Debug|Any CPU.Build.0 = Debug|Any CPU
		{538EA7E1-1930-497A-82EB-3605F0F123F4}.DebugGAC|Any CPU.ActiveCfg = Debug|Any CPU
		{538EA7E1-1930-497A-82EB-3605F0F123F4}.DebugGAC|Any CPU.Build.0 = Debug|Any CPU
		{538EA7E1-1930-497A-82EB-3605F0F123F4}.Release|Any CPU.ActiveCfg = Release|Any CPU
		{538EA7E1-1930-497A-82EB-3605F0F123F4}.Release|Any CPU.Build.0 = Release|Any CPU
		{E0C71294-D0D1-4633-8EE5-630088DF81DD}.Debug|Any CPU.ActiveCfg = Debug|Any CPU
		{E0C71294-D0D1-4633-8EE5-630088DF81DD}.Debug|Any CPU.Build.0 = Debug|Any CPU
		{E0C71294-D0D1-4633-8EE5-630088DF81DD}.DebugGAC|Any CPU.ActiveCfg = Debug|Any CPU
		{E0C71294-D0D1-4633-8EE5-630088DF81DD}.DebugGAC|Any CPU.Build.0 = Debug|Any CPU
		{E0C71294-D0D1-4633-8EE5-630088DF81DD}.Release|Any CPU.ActiveCfg = Release|Any CPU
		{E0C71294-D0D1-4633-8EE5-630088DF81DD}.Release|Any CPU.Build.0 = Release|Any CPU
		{5F9E1E64-7384-475E-99A6-50407FAF329A}.Debug|Any CPU.ActiveCfg = Debug|Any CPU
		{5F9E1E64-7384-475E-99A6-50407FAF329A}.Debug|Any CPU.Build.0 = Debug|Any CPU
		{5F9E1E64-7384-475E-99A6-50407FAF329A}.DebugGAC|Any CPU.ActiveCfg = Debug|Any CPU
		{5F9E1E64-7384-475E-99A6-50407FAF329A}.DebugGAC|Any CPU.Build.0 = Debug|Any CPU
		{5F9E1E64-7384-475E-99A6-50407FAF329A}.Release|Any CPU.ActiveCfg = Release|Any CPU
		{5F9E1E64-7384-475E-99A6-50407FAF329A}.Release|Any CPU.Build.0 = Release|Any CPU
		{55002F8C-4046-4E00-B397-32CB19AD557E}.Debug|Any CPU.ActiveCfg = Debug|Any CPU
		{55002F8C-4046-4E00-B397-32CB19AD557E}.Debug|Any CPU.Build.0 = Debug|Any CPU
		{55002F8C-4046-4E00-B397-32CB19AD557E}.DebugGAC|Any CPU.ActiveCfg = Debug|Any CPU
		{55002F8C-4046-4E00-B397-32CB19AD557E}.DebugGAC|Any CPU.Build.0 = Debug|Any CPU
		{55002F8C-4046-4E00-B397-32CB19AD557E}.Release|Any CPU.ActiveCfg = Release|Any CPU
		{55002F8C-4046-4E00-B397-32CB19AD557E}.Release|Any CPU.Build.0 = Release|Any CPU
		{A4B6B731-8A03-4A91-93DB-B22535F8CD99}.Debug|Any CPU.ActiveCfg = Debug|Any CPU
		{A4B6B731-8A03-4A91-93DB-B22535F8CD99}.Debug|Any CPU.Build.0 = Debug|Any CPU
		{A4B6B731-8A03-4A91-93DB-B22535F8CD99}.DebugGAC|Any CPU.ActiveCfg = Debug|Any CPU
		{A4B6B731-8A03-4A91-93DB-B22535F8CD99}.DebugGAC|Any CPU.Build.0 = Debug|Any CPU
		{A4B6B731-8A03-4A91-93DB-B22535F8CD99}.Release|Any CPU.ActiveCfg = Release|Any CPU
		{A4B6B731-8A03-4A91-93DB-B22535F8CD99}.Release|Any CPU.Build.0 = Release|Any CPU
		{7FC6A30C-7375-4EB2-A6E9-A597B941B45F}.Debug|Any CPU.ActiveCfg = Debug|Any CPU
		{7FC6A30C-7375-4EB2-A6E9-A597B941B45F}.Debug|Any CPU.Build.0 = Debug|Any CPU
		{7FC6A30C-7375-4EB2-A6E9-A597B941B45F}.DebugGAC|Any CPU.ActiveCfg = Debug|Any CPU
		{7FC6A30C-7375-4EB2-A6E9-A597B941B45F}.DebugGAC|Any CPU.Build.0 = Debug|Any CPU
		{7FC6A30C-7375-4EB2-A6E9-A597B941B45F}.Release|Any CPU.ActiveCfg = Release|Any CPU
		{7FC6A30C-7375-4EB2-A6E9-A597B941B45F}.Release|Any CPU.Build.0 = Release|Any CPU
		{4AC47CF2-DA60-48BB-AAD5-CDA3D3C6A934}.Debug|Any CPU.ActiveCfg = Debug|Any CPU
		{4AC47CF2-DA60-48BB-AAD5-CDA3D3C6A934}.Debug|Any CPU.Build.0 = Debug|Any CPU
		{4AC47CF2-DA60-48BB-AAD5-CDA3D3C6A934}.DebugGAC|Any CPU.ActiveCfg = Debug|Any CPU
		{4AC47CF2-DA60-48BB-AAD5-CDA3D3C6A934}.DebugGAC|Any CPU.Build.0 = Debug|Any CPU
		{4AC47CF2-DA60-48BB-AAD5-CDA3D3C6A934}.Release|Any CPU.ActiveCfg = Release|Any CPU
		{4AC47CF2-DA60-48BB-AAD5-CDA3D3C6A934}.Release|Any CPU.Build.0 = Release|Any CPU
		{3D13CAAC-A265-4A02-97CB-6C9121D7514D}.Debug|Any CPU.ActiveCfg = Debug|Any CPU
		{3D13CAAC-A265-4A02-97CB-6C9121D7514D}.Debug|Any CPU.Build.0 = Debug|Any CPU
		{3D13CAAC-A265-4A02-97CB-6C9121D7514D}.DebugGAC|Any CPU.ActiveCfg = Debug|Any CPU
		{3D13CAAC-A265-4A02-97CB-6C9121D7514D}.DebugGAC|Any CPU.Build.0 = Debug|Any CPU
		{3D13CAAC-A265-4A02-97CB-6C9121D7514D}.Release|Any CPU.ActiveCfg = Release|Any CPU
		{3D13CAAC-A265-4A02-97CB-6C9121D7514D}.Release|Any CPU.Build.0 = Release|Any CPU
		{54F6126C-8D97-4BB4-816D-01EB602D9EA2}.Debug|Any CPU.ActiveCfg = Debug|Any CPU
		{54F6126C-8D97-4BB4-816D-01EB602D9EA2}.Debug|Any CPU.Build.0 = Debug|Any CPU
		{54F6126C-8D97-4BB4-816D-01EB602D9EA2}.DebugGAC|Any CPU.ActiveCfg = Debug|Any CPU
		{54F6126C-8D97-4BB4-816D-01EB602D9EA2}.DebugGAC|Any CPU.Build.0 = Debug|Any CPU
		{54F6126C-8D97-4BB4-816D-01EB602D9EA2}.Release|Any CPU.ActiveCfg = Release|Any CPU
		{54F6126C-8D97-4BB4-816D-01EB602D9EA2}.Release|Any CPU.Build.0 = Release|Any CPU
		{DA7200E2-BE28-4B34-99F2-FF9490A720DC}.Debug|Any CPU.ActiveCfg = Debug|Any CPU
		{DA7200E2-BE28-4B34-99F2-FF9490A720DC}.Debug|Any CPU.Build.0 = Debug|Any CPU
		{DA7200E2-BE28-4B34-99F2-FF9490A720DC}.DebugGAC|Any CPU.ActiveCfg = Debug|Any CPU
		{DA7200E2-BE28-4B34-99F2-FF9490A720DC}.DebugGAC|Any CPU.Build.0 = Debug|Any CPU
		{DA7200E2-BE28-4B34-99F2-FF9490A720DC}.Release|Any CPU.ActiveCfg = Release|Any CPU
		{DA7200E2-BE28-4B34-99F2-FF9490A720DC}.Release|Any CPU.Build.0 = Release|Any CPU
		{E3A59B23-05DF-4AB1-BE2B-471EAC7ADD60}.Debug|Any CPU.ActiveCfg = Debug|Any CPU
		{E3A59B23-05DF-4AB1-BE2B-471EAC7ADD60}.Debug|Any CPU.Build.0 = Debug|Any CPU
		{E3A59B23-05DF-4AB1-BE2B-471EAC7ADD60}.DebugGAC|Any CPU.ActiveCfg = Debug|Any CPU
		{E3A59B23-05DF-4AB1-BE2B-471EAC7ADD60}.DebugGAC|Any CPU.Build.0 = Debug|Any CPU
		{E3A59B23-05DF-4AB1-BE2B-471EAC7ADD60}.Release|Any CPU.ActiveCfg = Release|Any CPU
		{E3A59B23-05DF-4AB1-BE2B-471EAC7ADD60}.Release|Any CPU.Build.0 = Release|Any CPU
		{F28172DF-6820-45AA-A278-525AE01F8202}.Debug|Any CPU.ActiveCfg = Debug|Any CPU
		{F28172DF-6820-45AA-A278-525AE01F8202}.Debug|Any CPU.Build.0 = Debug|Any CPU
		{F28172DF-6820-45AA-A278-525AE01F8202}.DebugGAC|Any CPU.ActiveCfg = Debug|Any CPU
		{F28172DF-6820-45AA-A278-525AE01F8202}.DebugGAC|Any CPU.Build.0 = Debug|Any CPU
		{F28172DF-6820-45AA-A278-525AE01F8202}.Release|Any CPU.ActiveCfg = Release|Any CPU
		{F28172DF-6820-45AA-A278-525AE01F8202}.Release|Any CPU.Build.0 = Release|Any CPU
		{C4566461-3E4F-49C1-98B2-AB34901630E0}.Debug|Any CPU.ActiveCfg = Debug|Any CPU
		{C4566461-3E4F-49C1-98B2-AB34901630E0}.Debug|Any CPU.Build.0 = Debug|Any CPU
		{C4566461-3E4F-49C1-98B2-AB34901630E0}.DebugGAC|Any CPU.ActiveCfg = Debug|Any CPU
		{C4566461-3E4F-49C1-98B2-AB34901630E0}.DebugGAC|Any CPU.Build.0 = Debug|Any CPU
		{C4566461-3E4F-49C1-98B2-AB34901630E0}.Release|Any CPU.ActiveCfg = Release|Any CPU
		{C4566461-3E4F-49C1-98B2-AB34901630E0}.Release|Any CPU.Build.0 = Release|Any CPU
		{D0B11788-3559-45D1-BC21-07953398755B}.Debug|Any CPU.ActiveCfg = Debug|Any CPU
		{D0B11788-3559-45D1-BC21-07953398755B}.Debug|Any CPU.Build.0 = Debug|Any CPU
		{D0B11788-3559-45D1-BC21-07953398755B}.DebugGAC|Any CPU.ActiveCfg = Debug|Any CPU
		{D0B11788-3559-45D1-BC21-07953398755B}.DebugGAC|Any CPU.Build.0 = Debug|Any CPU
		{D0B11788-3559-45D1-BC21-07953398755B}.Release|Any CPU.ActiveCfg = Release|Any CPU
		{D0B11788-3559-45D1-BC21-07953398755B}.Release|Any CPU.Build.0 = Release|Any CPU
		{85D2C1FA-1478-454F-B703-5ACB4B420C28}.Debug|Any CPU.ActiveCfg = Debug|Any CPU
		{85D2C1FA-1478-454F-B703-5ACB4B420C28}.Debug|Any CPU.Build.0 = Debug|Any CPU
		{85D2C1FA-1478-454F-B703-5ACB4B420C28}.DebugGAC|Any CPU.ActiveCfg = Debug|Any CPU
		{85D2C1FA-1478-454F-B703-5ACB4B420C28}.DebugGAC|Any CPU.Build.0 = Debug|Any CPU
		{85D2C1FA-1478-454F-B703-5ACB4B420C28}.Release|Any CPU.ActiveCfg = Release|Any CPU
		{85D2C1FA-1478-454F-B703-5ACB4B420C28}.Release|Any CPU.Build.0 = Release|Any CPU
		{107424FA-EE61-41B7-BA89-2FD0BC9BCEDE}.Debug|Any CPU.ActiveCfg = Debug|Any CPU
		{107424FA-EE61-41B7-BA89-2FD0BC9BCEDE}.Debug|Any CPU.Build.0 = Debug|Any CPU
		{107424FA-EE61-41B7-BA89-2FD0BC9BCEDE}.DebugGAC|Any CPU.ActiveCfg = DebugGAC|Any CPU
		{107424FA-EE61-41B7-BA89-2FD0BC9BCEDE}.DebugGAC|Any CPU.Build.0 = DebugGAC|Any CPU
		{107424FA-EE61-41B7-BA89-2FD0BC9BCEDE}.Release|Any CPU.ActiveCfg = Release|Any CPU
		{107424FA-EE61-41B7-BA89-2FD0BC9BCEDE}.Release|Any CPU.Build.0 = Release|Any CPU
		{007CDBAE-9DBD-431C-BB70-CF3596748B06}.Debug|Any CPU.ActiveCfg = Debug|Any CPU
		{007CDBAE-9DBD-431C-BB70-CF3596748B06}.Debug|Any CPU.Build.0 = Debug|Any CPU
		{007CDBAE-9DBD-431C-BB70-CF3596748B06}.DebugGAC|Any CPU.ActiveCfg = Debug|Any CPU
		{007CDBAE-9DBD-431C-BB70-CF3596748B06}.DebugGAC|Any CPU.Build.0 = Debug|Any CPU
		{007CDBAE-9DBD-431C-BB70-CF3596748B06}.Release|Any CPU.ActiveCfg = Release|Any CPU
		{007CDBAE-9DBD-431C-BB70-CF3596748B06}.Release|Any CPU.Build.0 = Release|Any CPU
		{C1791E7B-A8F2-4FEE-9263-6BE0E3A73397}.Debug|Any CPU.ActiveCfg = Debug|Any CPU
		{C1791E7B-A8F2-4FEE-9263-6BE0E3A73397}.Debug|Any CPU.Build.0 = Debug|Any CPU
		{C1791E7B-A8F2-4FEE-9263-6BE0E3A73397}.DebugGAC|Any CPU.ActiveCfg = Debug|Any CPU
		{C1791E7B-A8F2-4FEE-9263-6BE0E3A73397}.DebugGAC|Any CPU.Build.0 = Debug|Any CPU
		{C1791E7B-A8F2-4FEE-9263-6BE0E3A73397}.Release|Any CPU.ActiveCfg = Release|Any CPU
		{C1791E7B-A8F2-4FEE-9263-6BE0E3A73397}.Release|Any CPU.Build.0 = Release|Any CPU
		{B7848472-FE27-41FD-941B-9C9EE26D9D5F}.Debug|Any CPU.ActiveCfg = Debug|Any CPU
		{B7848472-FE27-41FD-941B-9C9EE26D9D5F}.Debug|Any CPU.Build.0 = Debug|Any CPU
		{B7848472-FE27-41FD-941B-9C9EE26D9D5F}.DebugGAC|Any CPU.ActiveCfg = Debug|Any CPU
		{B7848472-FE27-41FD-941B-9C9EE26D9D5F}.DebugGAC|Any CPU.Build.0 = Debug|Any CPU
		{B7848472-FE27-41FD-941B-9C9EE26D9D5F}.Release|Any CPU.ActiveCfg = Release|Any CPU
		{B7848472-FE27-41FD-941B-9C9EE26D9D5F}.Release|Any CPU.Build.0 = Release|Any CPU
		{A334AC3A-C12B-484D-AE4E-DA24038F443D}.Debug|Any CPU.ActiveCfg = Debug|Any CPU
		{A334AC3A-C12B-484D-AE4E-DA24038F443D}.Debug|Any CPU.Build.0 = Debug|Any CPU
		{A334AC3A-C12B-484D-AE4E-DA24038F443D}.DebugGAC|Any CPU.ActiveCfg = Debug|Any CPU
		{A334AC3A-C12B-484D-AE4E-DA24038F443D}.DebugGAC|Any CPU.Build.0 = Debug|Any CPU
		{A334AC3A-C12B-484D-AE4E-DA24038F443D}.Release|Any CPU.ActiveCfg = Release|Any CPU
		{A334AC3A-C12B-484D-AE4E-DA24038F443D}.Release|Any CPU.Build.0 = Release|Any CPU
		{B9EF03FF-D05B-4FD4-A8E9-F90D819CB1DC}.Debug|Any CPU.ActiveCfg = Debug|Any CPU
		{B9EF03FF-D05B-4FD4-A8E9-F90D819CB1DC}.Debug|Any CPU.Build.0 = Debug|Any CPU
		{B9EF03FF-D05B-4FD4-A8E9-F90D819CB1DC}.DebugGAC|Any CPU.ActiveCfg = Debug|Any CPU
		{B9EF03FF-D05B-4FD4-A8E9-F90D819CB1DC}.DebugGAC|Any CPU.Build.0 = Debug|Any CPU
		{B9EF03FF-D05B-4FD4-A8E9-F90D819CB1DC}.Release|Any CPU.ActiveCfg = Release|Any CPU
		{B9EF03FF-D05B-4FD4-A8E9-F90D819CB1DC}.Release|Any CPU.Build.0 = Release|Any CPU
		{5A5436AD-B334-466C-89C5-2D866450C809}.Debug|Any CPU.ActiveCfg = Debug|Any CPU
		{5A5436AD-B334-466C-89C5-2D866450C809}.Debug|Any CPU.Build.0 = Debug|Any CPU
		{5A5436AD-B334-466C-89C5-2D866450C809}.DebugGAC|Any CPU.ActiveCfg = Debug|Any CPU
		{5A5436AD-B334-466C-89C5-2D866450C809}.DebugGAC|Any CPU.Build.0 = Debug|Any CPU
		{5A5436AD-B334-466C-89C5-2D866450C809}.Release|Any CPU.ActiveCfg = Release|Any CPU
		{5A5436AD-B334-466C-89C5-2D866450C809}.Release|Any CPU.Build.0 = Release|Any CPU
		{175DE829-3659-47B5-9D37-54238CB694B7}.Debug|Any CPU.ActiveCfg = Debug|Any CPU
		{175DE829-3659-47B5-9D37-54238CB694B7}.Debug|Any CPU.Build.0 = Debug|Any CPU
		{175DE829-3659-47B5-9D37-54238CB694B7}.DebugGAC|Any CPU.ActiveCfg = Debug|Any CPU
		{175DE829-3659-47B5-9D37-54238CB694B7}.DebugGAC|Any CPU.Build.0 = Debug|Any CPU
		{175DE829-3659-47B5-9D37-54238CB694B7}.Release|Any CPU.ActiveCfg = Release|Any CPU
		{175DE829-3659-47B5-9D37-54238CB694B7}.Release|Any CPU.Build.0 = Release|Any CPU
		{D3346898-E61A-470E-B38D-D38BF584271B}.Debug|Any CPU.ActiveCfg = Debug|Any CPU
		{D3346898-E61A-470E-B38D-D38BF584271B}.Debug|Any CPU.Build.0 = Debug|Any CPU
		{D3346898-E61A-470E-B38D-D38BF584271B}.DebugGAC|Any CPU.ActiveCfg = Debug|Any CPU
		{D3346898-E61A-470E-B38D-D38BF584271B}.DebugGAC|Any CPU.Build.0 = Debug|Any CPU
		{D3346898-E61A-470E-B38D-D38BF584271B}.Release|Any CPU.ActiveCfg = Release|Any CPU
		{D3346898-E61A-470E-B38D-D38BF584271B}.Release|Any CPU.Build.0 = Release|Any CPU
	EndGlobalSection
	GlobalSection(SolutionProperties) = preSolution
		HideSolutionNode = FALSE
	EndGlobalSection
	GlobalSection(NestedProjects) = preSolution
		{B3216F6A-B4C6-4899-9D42-398CDF0CA91E} = {634CD662-E09E-4E2E-82ED-AEBB41DF4A19}
		{D33DA85F-C92D-4A13-9880-B6A5343B957D} = {634CD662-E09E-4E2E-82ED-AEBB41DF4A19}
		{9C2D3690-C7EB-46C4-83CC-F1D597E0CD2C} = {634CD662-E09E-4E2E-82ED-AEBB41DF4A19}
		{B964E541-EBA2-4971-B104-A99ABBD95D36} = {9376B701-8686-4610-A4DD-30CF76432ADB}
		{BAD55FD1-7A64-4A38-894D-5C18895EB76B} = {9376B701-8686-4610-A4DD-30CF76432ADB}
		{50DF1466-D5B2-40FC-B91E-B212E4A7F4A9} = {9376B701-8686-4610-A4DD-30CF76432ADB}
		{F47C2DB1-8E8C-4E29-9B31-BA7AB3D40ACB} = {9376B701-8686-4610-A4DD-30CF76432ADB}
		{8A0EECEA-F699-40BA-B8F9-D70F79E9130B} = {A0C7060E-2474-4475-87FE-058AB2E1EA7C}
		{560F01E0-F5F8-4261-93A8-A00082204536} = {E0AA9A19-9349-4358-9600-D35F5EF0D3F0}
		{D38722E2-F2CD-47D3-9203-1AC8070BBE2E} = {CF0F5D3C-F0F7-4894-A3A6-B0505EF1B656}
		{56242176-A728-4B97-BC0A-58B7D80FF412} = {9EDD4832-9A7C-417B-87F1-7C33289D8126}
		{3E1BF021-F83E-49C0-9BC0-C1C967DF1269} = {9EDD4832-9A7C-417B-87F1-7C33289D8126}
		{5A5436AD-B334-466C-89C5-2D866450C809} = {9EDD4832-9A7C-417B-87F1-7C33289D8126}
		{E03FBA6A-B1AD-4BE5-B512-B7F9882D4A28} = {533C3117-B5AD-4B3D-B8A0-E9704910C1F9}
		{CC5D7F34-65F4-4F50-BEF1-CF9251F73044} = {410D86E3-A429-4DD9-94CB-2E8AC034C258}
		{8A6673F8-89FF-447E-8C33-55BE1FAA1245} = {410D86E3-A429-4DD9-94CB-2E8AC034C258}
		{1188D863-60C0-4061-82D5-5A1FE46942AA} = {410D86E3-A429-4DD9-94CB-2E8AC034C258}
		{02553832-9700-485B-ADF7-D1B7B3F4AF55} = {120B73B6-4195-41F4-88A2-C0866F27D17F}
		{AF839B22-487B-46EC-B09C-E0772EC060C1} = {120B73B6-4195-41F4-88A2-C0866F27D17F}
		{0ED58058-1D06-4FE1-85D0-E82863D51FBB} = {120B73B6-4195-41F4-88A2-C0866F27D17F}
		{71319B74-CCF9-4171-B79B-1F9F1C89F4F7} = {3F42AFC8-B356-4721-9822-241E1D872393}
		{5C78FE41-2525-40AC-9096-5D18B9A1ED84} = {1E0174C3-C46A-45E0-AEF4-4962C076986B}
		{C0BAAF0F-9FE6-4D7D-98DC-D163EEC7B87E} = {3A4A541B-39DD-49F4-B0F8-0EA112D063A4}
		{6CCA3D25-5AFA-4C26-9DE7-31CDE8F239EB} = {3A4A541B-39DD-49F4-B0F8-0EA112D063A4}
		{32A12C8A-B9C9-4D7C-AF10-AE2CA89550F6} = {0DD52F6C-3452-4313-87E1-20EC3444DE9F}
		{67045B46-0875-497F-BF4E-4E74CEF4FF27} = {0DD52F6C-3452-4313-87E1-20EC3444DE9F}
		{EC481968-1696-43E4-837F-BCF08F393323} = {0DD52F6C-3452-4313-87E1-20EC3444DE9F}
		{F41CAE34-DE81-4B3F-8590-FB7F8FC193D8} = {602D80E2-4152-427A-9E09-4BE29970DF01}
		{40450919-27CC-4693-84DB-3BA16C44633B} = {602D80E2-4152-427A-9E09-4BE29970DF01}
		{09082B9A-906C-4A17-A2E5-6C947DAC7C85} = {602D80E2-4152-427A-9E09-4BE29970DF01}
		{B2BC7237-E245-4619-A041-841CBB395E10} = {EB8404EC-03D2-4DC7-8511-746E5CEF3D03}
		{19906D61-635D-4FF3-954E-9158CC848E5E} = {EB8404EC-03D2-4DC7-8511-746E5CEF3D03}
		{84F8D818-91BC-48DB-9B6C-7E71A82CA635} = {EB8404EC-03D2-4DC7-8511-746E5CEF3D03}
		{8D97AC44-202D-4659-8CB0-6D8DCC796156} = {57A6ADDE-C312-44B1-8437-310F0A208746}
		{05E856F4-5329-4DB4-8C7E-8B63F24F6506} = {57A6ADDE-C312-44B1-8437-310F0A208746}
		{88207755-7F6B-4B53-9358-190364299985} = {57A6ADDE-C312-44B1-8437-310F0A208746}
		{FE3FD1A4-E5B5-44D4-8B9E-3BF29AD4CB96} = {663286E1-11FD-4CD4-9F55-532C1F03662E}
		{B329592B-9530-4DA7-88F2-846BBA1C8F93} = {663286E1-11FD-4CD4-9F55-532C1F03662E}
		{95550AD2-6D50-41FA-B7A2-5E1554867355} = {F47C2DB1-8E8C-4E29-9B31-BA7AB3D40ACB}
		{D94DF769-4DF3-4543-AC47-13228884AB26} = {F47C2DB1-8E8C-4E29-9B31-BA7AB3D40ACB}
		{E08F0BD5-77CA-4B3A-A035-211A2C5DF5CA} = {62EF5F5C-756E-4A81-A13F-8579539E8580}
		{5F6908F4-2505-4C37-BD49-EC98A6CB103A} = {62EF5F5C-756E-4A81-A13F-8579539E8580}
		{2626A753-BFA4-4616-BF32-00D7D7AC4174} = {5A865BBD-D6F6-4B01-A867-2D4B0B807EE4}
		{0D81BAF7-CC13-411C-BC50-8788755EBA4F} = {5A865BBD-D6F6-4B01-A867-2D4B0B807EE4}
		{C044D0A5-B0E1-48D4-B55B-E992DC062A9B} = {5A865BBD-D6F6-4B01-A867-2D4B0B807EE4}
		{74BE7291-EB8A-4FE3-A495-02545797CF2A} = {5A91B737-6708-4380-B489-EE88670215D7}
		{D40E2E45-324C-4EFD-867E-79ED59F10892} = {CF6EE81F-791B-4DED-BD23-978055FD5D52}
		{538EA7E1-1930-497A-82EB-3605F0F123F4} = {CF6EE81F-791B-4DED-BD23-978055FD5D52}
		{E0C71294-D0D1-4633-8EE5-630088DF81DD} = {CE441F2B-DA1A-40D9-85D5-2CABBA2DC91C}
		{C1791E7B-A8F2-4FEE-9263-6BE0E3A73397} = {CE441F2B-DA1A-40D9-85D5-2CABBA2DC91C}
		{B7848472-FE27-41FD-941B-9C9EE26D9D5F} = {CE441F2B-DA1A-40D9-85D5-2CABBA2DC91C}
		{5F9E1E64-7384-475E-99A6-50407FAF329A} = {13311CEA-6FC1-443D-8E2B-9EBD0AE83C8F}
		{55002F8C-4046-4E00-B397-32CB19AD557E} = {DA50832F-4A7B-408E-94FA-856F0752A766}
		{A4B6B731-8A03-4A91-93DB-B22535F8CD99} = {660BD865-56D0-4B8D-969D-3EF810771E6D}
		{7FC6A30C-7375-4EB2-A6E9-A597B941B45F} = {660BD865-56D0-4B8D-969D-3EF810771E6D}
		{4AC47CF2-DA60-48BB-AAD5-CDA3D3C6A934} = {660BD865-56D0-4B8D-969D-3EF810771E6D}
		{3D13CAAC-A265-4A02-97CB-6C9121D7514D} = {F0D2F61C-1960-480B-8655-9CF81C98C972}
		{54F6126C-8D97-4BB4-816D-01EB602D9EA2} = {1149F2F7-F6C8-4DD8-9D51-82120C98A887}
		{DA7200E2-BE28-4B34-99F2-FF9490A720DC} = {83679FB2-A2E2-4727-BF13-6029E545FF17}
		{E3A59B23-05DF-4AB1-BE2B-471EAC7ADD60} = {108448EF-FEC5-4ECB-BC36-238074A92F39}
		{F28172DF-6820-45AA-A278-525AE01F8202} = {108448EF-FEC5-4ECB-BC36-238074A92F39}
		{C4566461-3E4F-49C1-98B2-AB34901630E0} = {108448EF-FEC5-4ECB-BC36-238074A92F39}
		{D0B11788-3559-45D1-BC21-07953398755B} = {108448EF-FEC5-4ECB-BC36-238074A92F39}
		{85D2C1FA-1478-454F-B703-5ACB4B420C28} = {108448EF-FEC5-4ECB-BC36-238074A92F39}
		{007CDBAE-9DBD-431C-BB70-CF3596748B06} = {615F7F47-B676-4297-8119-879ECC213907}
		{A334AC3A-C12B-484D-AE4E-DA24038F443D} = {0D5DFB81-3B70-4FA9-8F71-B02D25F05BB6}
		{B9EF03FF-D05B-4FD4-A8E9-F90D819CB1DC} = {0D5DFB81-3B70-4FA9-8F71-B02D25F05BB6}
		{175DE829-3659-47B5-9D37-54238CB694B7} = {3A34ABAF-D18D-49BF-8B6D-EA0C17914EB4}
		{D3346898-E61A-470E-B38D-D38BF584271B} = {1865FFED-4812-44FE-8A5C-0A8CEC4C7751}
	EndGlobalSection
EndGlobal
