
Microsoft Visual Studio Solution File, Format Version 11.00
# Visual Studio 2010
Project("{FAE04EC0-301F-11D3-BF4B-00C04F79EFBC}") = "FeatureCenter.Module", "FeatureCenter.Module\FeatureCenter.Module.csproj", "{2FE9D002-F5ED-46AC-860D-1ADF67573F0C}"
EndProject
Project("{FAE04EC0-301F-11D3-BF4B-00C04F79EFBC}") = "FeatureCenter.Module.Win", "FeatureCenter.Module.Win\FeatureCenter.Module.Win.csproj", "{A75E4F29-14BF-4291-89CF-F80DEB2B5F43}"
EndProject
Project("{FAE04EC0-301F-11D3-BF4B-00C04F79EFBC}") = "FeatureCenter.Win", "FeatureCenter.Win\FeatureCenter.Win.csproj", "{105CC473-6BB4-4144-A9D9-B591B28D9A38}"
EndProject
Project("{FAE04EC0-301F-11D3-BF4B-00C04F79EFBC}") = "FeatureCenter.Base", "FeatureCenter.Base\FeatureCenter.Base.csproj", "{782230D9-DFA4-4D7A-89A9-660A361B5A8A}"
EndProject
Project("{FAE04EC0-301F-11D3-BF4B-00C04F79EFBC}") = "ExternalApplication.Module.Win", "ExternalApplication\ExternalApplication.Module.Win\ExternalApplication.Module.Win.csproj", "{A986B220-63AF-44A6-98D5-7F55E1E2FA03}"
EndProject
Project("{FAE04EC0-301F-11D3-BF4B-00C04F79EFBC}") = "ExternalApplication.Win", "ExternalApplication\ExternalApplication.Win\ExternalApplication.Win.csproj", "{F40D575E-A391-4156-B2FC-9E01627C033D}"
EndProject
Project("{FAE04EC0-301F-11D3-BF4B-00C04F79EFBC}") = "FeatureCenter.Module.Web", "FeatureCenter.Module.Web\FeatureCenter.Module.Web.csproj", "{B1EBEB7A-C156-4476-9AF2-65C5F5221F4E}"
EndProject
Project("{FAE04EC0-301F-11D3-BF4B-00C04F79EFBC}") = "FeatureCenter.Web", "FeatureCenter.Web\FeatureCenter.Web.csproj", "{52BA000D-2A75-45BE-91A7-B3FFF4EAE89A}"
EndProject
Global
	GlobalSection(SolutionConfigurationPlatforms) = preSolution
		Debug|Any CPU = Debug|Any CPU
		DebugGAC|Any CPU = DebugGAC|Any CPU
		DebugTest|Any CPU = DebugTest|Any CPU
		EasyTest|Any CPU = EasyTest|Any CPU
		Release|Any CPU = Release|Any CPU
	EndGlobalSection
	GlobalSection(ProjectConfigurationPlatforms) = postSolution
		{2FE9D002-F5ED-46AC-860D-1ADF67573F0C}.Debug|Any CPU.ActiveCfg = Debug|Any CPU
		{2FE9D002-F5ED-46AC-860D-1ADF67573F0C}.Debug|Any CPU.Build.0 = Debug|Any CPU
		{2FE9D002-F5ED-46AC-860D-1ADF67573F0C}.DebugGAC|Any CPU.ActiveCfg = Debug|Any CPU
		{2FE9D002-F5ED-46AC-860D-1ADF67573F0C}.DebugGAC|Any CPU.Build.0 = Debug|Any CPU
		{2FE9D002-F5ED-46AC-860D-1ADF67573F0C}.DebugTest|Any CPU.ActiveCfg = Debug|Any CPU
		{2FE9D002-F5ED-46AC-860D-1ADF67573F0C}.DebugTest|Any CPU.Build.0 = Debug|Any CPU
		{2FE9D002-F5ED-46AC-860D-1ADF67573F0C}.EasyTest|Any CPU.ActiveCfg = EasyTest|Any CPU
		{2FE9D002-F5ED-46AC-860D-1ADF67573F0C}.EasyTest|Any CPU.Build.0 = EasyTest|Any CPU
		{2FE9D002-F5ED-46AC-860D-1ADF67573F0C}.Release|Any CPU.ActiveCfg = Release|Any CPU
		{2FE9D002-F5ED-46AC-860D-1ADF67573F0C}.Release|Any CPU.Build.0 = Release|Any CPU
		{A75E4F29-14BF-4291-89CF-F80DEB2B5F43}.Debug|Any CPU.ActiveCfg = Debug|Any CPU
		{A75E4F29-14BF-4291-89CF-F80DEB2B5F43}.Debug|Any CPU.Build.0 = Debug|Any CPU
		{A75E4F29-14BF-4291-89CF-F80DEB2B5F43}.DebugGAC|Any CPU.ActiveCfg = Debug|Any CPU
		{A75E4F29-14BF-4291-89CF-F80DEB2B5F43}.DebugGAC|Any CPU.Build.0 = Debug|Any CPU
		{A75E4F29-14BF-4291-89CF-F80DEB2B5F43}.DebugTest|Any CPU.ActiveCfg = Debug|Any CPU
		{A75E4F29-14BF-4291-89CF-F80DEB2B5F43}.DebugTest|Any CPU.Build.0 = Debug|Any CPU
		{A75E4F29-14BF-4291-89CF-F80DEB2B5F43}.EasyTest|Any CPU.ActiveCfg = EasyTest|Any CPU
		{A75E4F29-14BF-4291-89CF-F80DEB2B5F43}.EasyTest|Any CPU.Build.0 = EasyTest|Any CPU
		{A75E4F29-14BF-4291-89CF-F80DEB2B5F43}.Release|Any CPU.ActiveCfg = Release|Any CPU
		{A75E4F29-14BF-4291-89CF-F80DEB2B5F43}.Release|Any CPU.Build.0 = Release|Any CPU
		{105CC473-6BB4-4144-A9D9-B591B28D9A38}.Debug|Any CPU.ActiveCfg = Debug|Any CPU
		{105CC473-6BB4-4144-A9D9-B591B28D9A38}.Debug|Any CPU.Build.0 = Debug|Any CPU
		{105CC473-6BB4-4144-A9D9-B591B28D9A38}.DebugGAC|Any CPU.ActiveCfg = Debug|Any CPU
		{105CC473-6BB4-4144-A9D9-B591B28D9A38}.DebugGAC|Any CPU.Build.0 = Debug|Any CPU
		{105CC473-6BB4-4144-A9D9-B591B28D9A38}.DebugTest|Any CPU.ActiveCfg = Debug|Any CPU
		{105CC473-6BB4-4144-A9D9-B591B28D9A38}.DebugTest|Any CPU.Build.0 = Debug|Any CPU
		{105CC473-6BB4-4144-A9D9-B591B28D9A38}.EasyTest|Any CPU.ActiveCfg = EasyTest|Any CPU
		{105CC473-6BB4-4144-A9D9-B591B28D9A38}.EasyTest|Any CPU.Build.0 = EasyTest|Any CPU
		{105CC473-6BB4-4144-A9D9-B591B28D9A38}.Release|Any CPU.ActiveCfg = Release|Any CPU
		{105CC473-6BB4-4144-A9D9-B591B28D9A38}.Release|Any CPU.Build.0 = Release|Any CPU
		{782230D9-DFA4-4D7A-89A9-660A361B5A8A}.Debug|Any CPU.ActiveCfg = Debug|Any CPU
		{782230D9-DFA4-4D7A-89A9-660A361B5A8A}.Debug|Any CPU.Build.0 = Debug|Any CPU
		{782230D9-DFA4-4D7A-89A9-660A361B5A8A}.DebugGAC|Any CPU.ActiveCfg = Debug|Any CPU
		{782230D9-DFA4-4D7A-89A9-660A361B5A8A}.DebugGAC|Any CPU.Build.0 = Debug|Any CPU
		{782230D9-DFA4-4D7A-89A9-660A361B5A8A}.DebugTest|Any CPU.ActiveCfg = Debug|Any CPU
		{782230D9-DFA4-4D7A-89A9-660A361B5A8A}.DebugTest|Any CPU.Build.0 = Debug|Any CPU
		{782230D9-DFA4-4D7A-89A9-660A361B5A8A}.EasyTest|Any CPU.ActiveCfg = Release|Any CPU
		{782230D9-DFA4-4D7A-89A9-660A361B5A8A}.EasyTest|Any CPU.Build.0 = Release|Any CPU
		{782230D9-DFA4-4D7A-89A9-660A361B5A8A}.Release|Any CPU.ActiveCfg = Release|Any CPU
		{782230D9-DFA4-4D7A-89A9-660A361B5A8A}.Release|Any CPU.Build.0 = Release|Any CPU
		{A986B220-63AF-44A6-98D5-7F55E1E2FA03}.Debug|Any CPU.ActiveCfg = Debug|Any CPU
		{A986B220-63AF-44A6-98D5-7F55E1E2FA03}.Debug|Any CPU.Build.0 = Debug|Any CPU
		{A986B220-63AF-44A6-98D5-7F55E1E2FA03}.DebugGAC|Any CPU.ActiveCfg = Debug|Any CPU
		{A986B220-63AF-44A6-98D5-7F55E1E2FA03}.DebugGAC|Any CPU.Build.0 = Debug|Any CPU
		{A986B220-63AF-44A6-98D5-7F55E1E2FA03}.DebugTest|Any CPU.ActiveCfg = Debug|Any CPU
		{A986B220-63AF-44A6-98D5-7F55E1E2FA03}.DebugTest|Any CPU.Build.0 = Debug|Any CPU
		{A986B220-63AF-44A6-98D5-7F55E1E2FA03}.EasyTest|Any CPU.ActiveCfg = EasyTest|Any CPU
		{A986B220-63AF-44A6-98D5-7F55E1E2FA03}.EasyTest|Any CPU.Build.0 = EasyTest|Any CPU
		{A986B220-63AF-44A6-98D5-7F55E1E2FA03}.Release|Any CPU.ActiveCfg = Release|Any CPU
		{A986B220-63AF-44A6-98D5-7F55E1E2FA03}.Release|Any CPU.Build.0 = Release|Any CPU
		{F40D575E-A391-4156-B2FC-9E01627C033D}.Debug|Any CPU.ActiveCfg = Debug|Any CPU
		{F40D575E-A391-4156-B2FC-9E01627C033D}.Debug|Any CPU.Build.0 = Debug|Any CPU
		{F40D575E-A391-4156-B2FC-9E01627C033D}.DebugGAC|Any CPU.ActiveCfg = Debug|Any CPU
		{F40D575E-A391-4156-B2FC-9E01627C033D}.DebugGAC|Any CPU.Build.0 = Debug|Any CPU
		{F40D575E-A391-4156-B2FC-9E01627C033D}.DebugTest|Any CPU.ActiveCfg = Debug|Any CPU
		{F40D575E-A391-4156-B2FC-9E01627C033D}.DebugTest|Any CPU.Build.0 = Debug|Any CPU
		{F40D575E-A391-4156-B2FC-9E01627C033D}.EasyTest|Any CPU.ActiveCfg = EasyTest|Any CPU
		{F40D575E-A391-4156-B2FC-9E01627C033D}.EasyTest|Any CPU.Build.0 = EasyTest|Any CPU
		{F40D575E-A391-4156-B2FC-9E01627C033D}.Release|Any CPU.ActiveCfg = Release|Any CPU
		{F40D575E-A391-4156-B2FC-9E01627C033D}.Release|Any CPU.Build.0 = Release|Any CPU
		{B1EBEB7A-C156-4476-9AF2-65C5F5221F4E}.Debug|Any CPU.ActiveCfg = Debug|Any CPU
		{B1EBEB7A-C156-4476-9AF2-65C5F5221F4E}.Debug|Any CPU.Build.0 = Debug|Any CPU
		{B1EBEB7A-C156-4476-9AF2-65C5F5221F4E}.DebugGAC|Any CPU.ActiveCfg = Debug|Any CPU
		{B1EBEB7A-C156-4476-9AF2-65C5F5221F4E}.DebugGAC|Any CPU.Build.0 = Debug|Any CPU
		{B1EBEB7A-C156-4476-9AF2-65C5F5221F4E}.DebugTest|Any CPU.ActiveCfg = Debug|Any CPU
		{B1EBEB7A-C156-4476-9AF2-65C5F5221F4E}.DebugTest|Any CPU.Build.0 = Debug|Any CPU
		{B1EBEB7A-C156-4476-9AF2-65C5F5221F4E}.EasyTest|Any CPU.ActiveCfg = EasyTest|Any CPU
		{B1EBEB7A-C156-4476-9AF2-65C5F5221F4E}.EasyTest|Any CPU.Build.0 = EasyTest|Any CPU
		{B1EBEB7A-C156-4476-9AF2-65C5F5221F4E}.Release|Any CPU.ActiveCfg = Release|Any CPU
		{B1EBEB7A-C156-4476-9AF2-65C5F5221F4E}.Release|Any CPU.Build.0 = Release|Any CPU
		{52BA000D-2A75-45BE-91A7-B3FFF4EAE89A}.Debug|Any CPU.ActiveCfg = Debug|Any CPU
		{52BA000D-2A75-45BE-91A7-B3FFF4EAE89A}.Debug|Any CPU.Build.0 = Debug|Any CPU
		{52BA000D-2A75-45BE-91A7-B3FFF4EAE89A}.DebugGAC|Any CPU.ActiveCfg = Debug|Any CPU
		{52BA000D-2A75-45BE-91A7-B3FFF4EAE89A}.DebugGAC|Any CPU.Build.0 = Debug|Any CPU
		{52BA000D-2A75-45BE-91A7-B3FFF4EAE89A}.DebugTest|Any CPU.ActiveCfg = Debug|Any CPU
		{52BA000D-2A75-45BE-91A7-B3FFF4EAE89A}.DebugTest|Any CPU.Build.0 = Debug|Any CPU
		{52BA000D-2A75-45BE-91A7-B3FFF4EAE89A}.EasyTest|Any CPU.ActiveCfg = EasyTest|Any CPU
		{52BA000D-2A75-45BE-91A7-B3FFF4EAE89A}.EasyTest|Any CPU.Build.0 = EasyTest|Any CPU
		{52BA000D-2A75-45BE-91A7-B3FFF4EAE89A}.Release|Any CPU.ActiveCfg = Release|Any CPU
		{52BA000D-2A75-45BE-91A7-B3FFF4EAE89A}.Release|Any CPU.Build.0 = Release|Any CPU
	EndGlobalSection
	GlobalSection(SolutionProperties) = preSolution
		HideSolutionNode = FALSE
	EndGlobalSection
EndGlobal
