Microsoft Visual Studio Solution File, Format Version 12.00
# Visual Studio 14
VisualStudioVersion = 14.0.25420.1
MinimumVisualStudioVersion = 10.0.40219.1
Project("{FAE04EC0-301F-11D3-BF4B-00C04F79EFBC}") = "FeatureCenter.Module", "FeatureCenter.Module\FeatureCenter.Module.csproj", "{2FE9D002-F5ED-46AC-860D-1ADF67573F0C}"
EndProject
Project("{FAE04EC0-301F-11D3-BF4B-00C04F79EFBC}") = "FeatureCenter.Module.Win", "FeatureCenter.Module.Win\FeatureCenter.Module.Win.csproj", "{A75E4F29-14BF-4291-89CF-F80DEB2B5F43}"
	ProjectSection(ProjectDependencies) = postProject
		{F40D575E-A391-4156-B2FC-9E01627C033D} = {F40D575E-A391-4156-B2FC-9E01627C033D}
	EndProjectSection
EndProject
Project("{FAE04EC0-301F-11D3-BF4B-00C04F79EFBC}") = "FeatureCenter.Win", "FeatureCenter.Win\FeatureCenter.Win.csproj", "{105CC473-6BB4-4144-A9D9-B591B28D9A38}"
EndProject
Project("{FAE04EC0-301F-11D3-BF4B-00C04F79EFBC}") = "FeatureCenter.Base", "FeatureCenter.Base\FeatureCenter.Base.csproj", "{782230D9-DFA4-4D7A-89A9-660A361B5A8A}"
EndProject
Project("{FAE04EC0-301F-11D3-BF4B-00C04F79EFBC}") = "ExternalApplication.Module.Win", "ExternalApplication\ExternalApplication.Module.Win\ExternalApplication.Module.Win.csproj", "{A986B220-63AF-44A6-98D5-7F55E1E2FA03}"
	ProjectSection(ProjectDependencies) = postProject
		{782230D9-DFA4-4D7A-89A9-660A361B5A8A} = {782230D9-DFA4-4D7A-89A9-660A361B5A8A}
	EndProjectSection
EndProject
Project("{FAE04EC0-301F-11D3-BF4B-00C04F79EFBC}") = "ExternalApplication.Win", "ExternalApplication\ExternalApplication.Win\ExternalApplication.Win.csproj", "{F40D575E-A391-4156-B2FC-9E01627C033D}"
EndProject
Project("{FAE04EC0-301F-11D3-BF4B-00C04F79EFBC}") = "FeatureCenter.Module.Web", "FeatureCenter.Module.Web\FeatureCenter.Module.Web.csproj", "{B1EBEB7A-C156-4476-9AF2-65C5F5221F4E}"
EndProject
Project("{FAE04EC0-301F-11D3-BF4B-00C04F79EFBC}") = "FeatureCenter.Web", "FeatureCenter.Web\FeatureCenter.Web.csproj", "{52BA000D-2A75-45BE-91A7-B3FFF4EAE89A}"
EndProject
Project("{FAE04EC0-301F-11D3-BF4B-00C04F79EFBC}") = "Xpand.ExpressApp", "..\..\Xpand\Xpand.ExpressApp\Xpand.ExpressApp\Xpand.ExpressApp.csproj", "{A85F685A-F56F-4C9A-A5A3-C2444DB4FB78}"
EndProject
Project("{FAE04EC0-301F-11D3-BF4B-00C04F79EFBC}") = "Xpand.ExpressApp.AdditionalViewControlsProvider", "..\..\Xpand\Xpand.ExpressApp.Modules\AdditionalViewControlsProvider\Xpand.ExpressApp.AdditionalViewControlsProvider.csproj", "{B3216F6A-B4C6-4899-9D42-398CDF0CA91E}"
EndProject
Project("{FAE04EC0-301F-11D3-BF4B-00C04F79EFBC}") = "Xpand.ExpressApp.AdditionalViewControlsProvider.Web", "..\..\Xpand\Xpand.ExpressApp.Modules\AdditionalViewControlsProvider.Web\Xpand.ExpressApp.AdditionalViewControlsProvider.Web.csproj", "{D33DA85F-C92D-4A13-9880-B6A5343B957D}"
EndProject
Project("{FAE04EC0-301F-11D3-BF4B-00C04F79EFBC}") = "Xpand.ExpressApp.IO.Web", "..\..\Xpand\Xpand.ExpressApp.Modules\IO.Web\Xpand.ExpressApp.IO.Web.csproj", "{67045B46-0875-497F-BF4E-4E74CEF4FF27}"
EndProject
Project("{FAE04EC0-301F-11D3-BF4B-00C04F79EFBC}") = "Xpand.ExpressApp.Logic", "..\..\Xpand\Xpand.ExpressApp.Modules\Logic\Xpand.ExpressApp.Logic.csproj", "{D38722E2-F2CD-47D3-9203-1AC8070BBE2E}"
EndProject
Project("{FAE04EC0-301F-11D3-BF4B-00C04F79EFBC}") = "Xpand.ExpressApp.ModelDifference", "..\..\Xpand\Xpand.ExpressApp.Modules\ModelDifference\Xpand.ExpressApp.ModelDifference.csproj", "{8D97AC44-202D-4659-8CB0-6D8DCC796156}"
EndProject
Project("{FAE04EC0-301F-11D3-BF4B-00C04F79EFBC}") = "Xpand.ExpressApp.ModelDifference.Web", "..\..\Xpand\Xpand.ExpressApp.Modules\ModelDifference.Web\Xpand.ExpressApp.ModelDifference.Web.csproj", "{05E856F4-5329-4DB4-8C7E-8B63F24F6506}"
EndProject
Project("{FAE04EC0-301F-11D3-BF4B-00C04F79EFBC}") = "Xpand.ExpressApp.NCarousel.Web", "..\..\Xpand\Xpand.ExpressApp.Modules\NCarousel.Web\Xpand.ExpressApp.NCarousel.Web.csproj", "{5F6908F4-2505-4C37-BD49-EC98A6CB103A}"
EndProject
Project("{FAE04EC0-301F-11D3-BF4B-00C04F79EFBC}") = "Xpand.ExpressApp.PivotChart", "..\..\Xpand\Xpand.ExpressApp.Modules\PivotChart\Xpand.ExpressApp.PivotChart.csproj", "{2626A753-BFA4-4616-BF32-00D7D7AC4174}"
EndProject
Project("{FAE04EC0-301F-11D3-BF4B-00C04F79EFBC}") = "Xpand.ExpressApp.PivotChart.Web", "..\..\Xpand\Xpand.ExpressApp.Modules\PivotChart.Web\Xpand.ExpressApp.PivotChart.Web.csproj", "{0D81BAF7-CC13-411C-BC50-8788755EBA4F}"
EndProject
Project("{FAE04EC0-301F-11D3-BF4B-00C04F79EFBC}") = "Xpand.ExpressApp.TreeListEditors.Web", "..\..\Xpand\Xpand.ExpressApp.Modules\TreeListEditors.Web\Xpand.ExpressApp.TreeListEditors.Web.csproj", "{7FC6A30C-7375-4EB2-A6E9-A597B941B45F}"
EndProject
Project("{FAE04EC0-301F-11D3-BF4B-00C04F79EFBC}") = "Xpand.ExpressApp.Web", "..\..\Xpand\Xpand.ExpressApp\Xpand.ExpressApp.Web\Xpand.ExpressApp.Web.csproj", "{81F08473-8A32-4AE1-82D1-576CBC0CA5D8}"
EndProject
Project("{FAE04EC0-301F-11D3-BF4B-00C04F79EFBC}") = "Xpand.ExpressApp.WorldCreator", "..\..\Xpand\Xpand.ExpressApp.Modules\WorldCreator\Xpand.ExpressApp.WorldCreator.csproj", "{E3A59B23-05DF-4AB1-BE2B-471EAC7ADD60}"
EndProject
Project("{FAE04EC0-301F-11D3-BF4B-00C04F79EFBC}") = "Xpand.ExpressApp.WorldCreator.Web", "..\..\Xpand\Xpand.ExpressApp.Modules\WorldCreator.Web\Xpand.ExpressApp.WorldCreator.Web.csproj", "{D0B11788-3559-45D1-BC21-07953398755B}"
EndProject
Project("{FAE04EC0-301F-11D3-BF4B-00C04F79EFBC}") = "Xpand.Persistent.Base", "..\..\Xpand\Xpand.Persistent\Xpand.Persistent.Base\Xpand.Persistent.Base.csproj", "{0E40CCB3-7904-4300-BCD6-E34D275E6370}"
EndProject
Project("{FAE04EC0-301F-11D3-BF4B-00C04F79EFBC}") = "Xpand.ExpressApp.AdditionalViewControlsProvider.Win", "..\..\Xpand\Xpand.ExpressApp.Modules\AdditionalViewControlsProvider.Win\Xpand.ExpressApp.AdditionalViewControlsProvider.Win.csproj", "{9C2D3690-C7EB-46C4-83CC-F1D597E0CD2C}"
EndProject
Project("{FAE04EC0-301F-11D3-BF4B-00C04F79EFBC}") = "Xpand.ExpressApp.Chart.Win", "..\..\Xpand\Xpand.ExpressApp.Modules\Chart.Win\Xpand.ExpressApp.Chart.Win.csproj", "{560F01E0-F5F8-4261-93A8-A00082204536}"
EndProject
Project("{FAE04EC0-301F-11D3-BF4B-00C04F79EFBC}") = "Xpand.ExpressApp.ImportWizard.Win", "..\..\Xpand\Xpand.ExpressApp.Modules\ImportWizard.Win\Xpand.ExpressApp.ImportWizard.Win.csproj", "{6CCA3D25-5AFA-4C26-9DE7-31CDE8F239EB}"
EndProject
Project("{FAE04EC0-301F-11D3-BF4B-00C04F79EFBC}") = "Xpand.ExpressApp.IO", "..\..\Xpand\Xpand.ExpressApp.Modules\IO\Xpand.ExpressApp.IO.csproj", "{32A12C8A-B9C9-4D7C-AF10-AE2CA89550F6}"
EndProject
Project("{FAE04EC0-301F-11D3-BF4B-00C04F79EFBC}") = "Xpand.ExpressApp.IO.Win", "..\..\Xpand\Xpand.ExpressApp.Modules\IO.Win\Xpand.ExpressApp.IO.Win.csproj", "{EC481968-1696-43E4-837F-BCF08F393323}"
EndProject
Project("{FAE04EC0-301F-11D3-BF4B-00C04F79EFBC}") = "Xpand.ExpressApp.MasterDetail", "..\..\Xpand\Xpand.ExpressApp.Modules\MasterDetail\Xpand.ExpressApp.MasterDetail.csproj", "{FE3FD1A4-E5B5-44D4-8B9E-3BF29AD4CB96}"
EndProject
Project("{FAE04EC0-301F-11D3-BF4B-00C04F79EFBC}") = "Xpand.ExpressApp.MasterDetail.Win", "..\..\Xpand\Xpand.ExpressApp.Modules\MasterDetail.Win\Xpand.ExpressApp.MasterDetail.Win.csproj", "{B329592B-9530-4DA7-88F2-846BBA1C8F93}"
EndProject
Project("{FAE04EC0-301F-11D3-BF4B-00C04F79EFBC}") = "Xpand.ExpressApp.ModelArtifactState", "..\..\Xpand\Xpand.ExpressApp.Modules\ModelArtifactState\Xpand.ExpressApp.ModelArtifactState.csproj", "{8A0EECEA-F699-40BA-B8F9-D70F79E9130B}"
EndProject
Project("{FAE04EC0-301F-11D3-BF4B-00C04F79EFBC}") = "Xpand.ExpressApp.ModelDifference.Win", "..\..\Xpand\Xpand.ExpressApp.Modules\ModelDifference.Win\Xpand.ExpressApp.ModelDifference.Win.csproj", "{88207755-7F6B-4B53-9358-190364299985}"
EndProject
Project("{FAE04EC0-301F-11D3-BF4B-00C04F79EFBC}") = "Xpand.ExpressApp.PivotChart.Win", "..\..\Xpand\Xpand.ExpressApp.Modules\PivotChart.Win\Xpand.ExpressApp.PivotChart.Win.csproj", "{C044D0A5-B0E1-48D4-B55B-E992DC062A9B}"
EndProject
Project("{FAE04EC0-301F-11D3-BF4B-00C04F79EFBC}") = "Xpand.ExpressApp.PivotGrid.Win", "..\..\Xpand\Xpand.ExpressApp.Modules\PivotGrid.Win\Xpand.ExpressApp.PivotGrid.Win.csproj", "{74BE7291-EB8A-4FE3-A495-02545797CF2A}"
EndProject
Project("{FAE04EC0-301F-11D3-BF4B-00C04F79EFBC}") = "Xpand.ExpressApp.Reports.Win", "..\..\Xpand\Xpand.ExpressApp.Modules\Reports.Win\Xpand.ExpressApp.Reports.Win.csproj", "{538EA7E1-1930-497A-82EB-3605F0F123F4}"
EndProject
Project("{FAE04EC0-301F-11D3-BF4B-00C04F79EFBC}") = "Xpand.ExpressApp.Scheduler.Win", "..\..\Xpand\Xpand.ExpressApp.Modules\Scheduler.Win\Xpand.ExpressApp.Scheduler.Win.csproj", "{E0C71294-D0D1-4633-8EE5-630088DF81DD}"
EndProject
Project("{FAE04EC0-301F-11D3-BF4B-00C04F79EFBC}") = "Xpand.ExpressApp.Security", "..\..\Xpand\Xpand.ExpressApp.Modules\Security\Xpand.ExpressApp.Security.csproj", "{B964E541-EBA2-4971-B104-A99ABBD95D36}"
EndProject
Project("{FAE04EC0-301F-11D3-BF4B-00C04F79EFBC}") = "Xpand.ExpressApp.Security.Win", "..\..\Xpand\Xpand.ExpressApp.Modules\Security.Win\Xpand.ExpressApp.Security.Win.csproj", "{50DF1466-D5B2-40FC-B91E-B212E4A7F4A9}"
EndProject
Project("{FAE04EC0-301F-11D3-BF4B-00C04F79EFBC}") = "Xpand.ExpressApp.TreeListEditors.Win", "..\..\Xpand\Xpand.ExpressApp.Modules\TreeListEditors.Win\Xpand.ExpressApp.TreeListEditors.Win.csproj", "{4AC47CF2-DA60-48BB-AAD5-CDA3D3C6A934}"
EndProject
Project("{FAE04EC0-301F-11D3-BF4B-00C04F79EFBC}") = "Xpand.ExpressApp.Validation.Win", "..\..\Xpand\Xpand.ExpressApp.Modules\Validation.Win\Xpand.ExpressApp.Validation.Win.csproj", "{84F8D818-91BC-48DB-9B6C-7E71A82CA635}"
EndProject
Project("{FAE04EC0-301F-11D3-BF4B-00C04F79EFBC}") = "Xpand.ExpressApp.Win", "..\..\Xpand\Xpand.ExpressApp\Xpand.ExpressApp.Win\Xpand.ExpressApp.Win.csproj", "{C88FF08D-3819-41C0-A1F2-F4FF0CDFE99D}"
EndProject
Project("{FAE04EC0-301F-11D3-BF4B-00C04F79EFBC}") = "Xpand.ExpressApp.WizardUI.Win", "..\..\Xpand\Xpand.ExpressApp.Modules\WizardUI.Win\Xpand.ExpressApp.WizardUI.Win.csproj", "{54F6126C-8D97-4BB4-816D-01EB602D9EA2}"
EndProject
Project("{FAE04EC0-301F-11D3-BF4B-00C04F79EFBC}") = "Xpand.ExpressApp.WorldCreator.Win", "..\..\Xpand\Xpand.ExpressApp.Modules\WorldCreator.Win\Xpand.ExpressApp.WorldCreator.Win.csproj", "{85D2C1FA-1478-454F-B703-5ACB4B420C28}"
EndProject
Project("{FAE04EC0-301F-11D3-BF4B-00C04F79EFBC}") = "Xpand.Persistent.BaseImpl", "..\..\Xpand\Xpand.Persistent\Xpand.Persistent.BaseImpl\Xpand.Persistent.BaseImpl.csproj", "{107424FA-EE61-41B7-BA89-2FD0BC9BCEDE}"
EndProject
Project("{FAE04EC0-301F-11D3-BF4B-00C04F79EFBC}") = "Xpand.Utils", "..\..\Xpand\Xpand.Utils\Xpand.Utils.csproj", "{3FA72CCB-7AA9-4CE6-B3BD-CE6554B2D4D7}"
EndProject
Project("{FAE04EC0-301F-11D3-BF4B-00C04F79EFBC}") = "Xpand.Xpo", "..\..\Xpand\Xpand.Xpo\Xpand.Xpo.csproj", "{3A3180CF-2A7B-48FC-AC8A-F39B21E75DB6}"
EndProject
Project("{FAE04EC0-301F-11D3-BF4B-00C04F79EFBC}") = "Xpand.ExpressApp.FileAttachment", "..\..\Xpand\Xpand.ExpressApp.Modules\FileAttachment\Xpand.ExpressApp.FileAttachment.csproj", "{BE493AC7-4B27-4EAF-B2A9-8ADD2C7CE4BE}"
EndProject
Project("{FAE04EC0-301F-11D3-BF4B-00C04F79EFBC}") = "Xpand.ExpressApp.ImportWizard", "..\..\Xpand\Xpand.ExpressApp.Modules\ImportWizard\Xpand.ExpressApp.ImportWizard.csproj", "{C0BAAF0F-9FE6-4D7D-98DC-D163EEC7B87E}"
EndProject
Project("{FAE04EC0-301F-11D3-BF4B-00C04F79EFBC}") = "Xpand.ExpressApp.StateMachine", "..\..\Xpand\Xpand.ExpressApp.Modules\StateMachine\Xpand.ExpressApp.StateMachine.csproj", "{5F9E1E64-7384-475E-99A6-50407FAF329A}"
EndProject
Project("{FAE04EC0-301F-11D3-BF4B-00C04F79EFBC}") = "Xpand.ExpressApp.Validation", "..\..\Xpand\Xpand.ExpressApp.Modules\Validation\Xpand.ExpressApp.Validation.csproj", "{B2BC7237-E245-4619-A041-841CBB395E10}"
EndProject
Project("{FAE04EC0-301F-11D3-BF4B-00C04F79EFBC}") = "Xpand.ExpressApp.ViewVariants", "..\..\Xpand\Xpand.ExpressApp.Modules\ViewVariants\Xpand.ExpressApp.ViewVariants.csproj", "{3D13CAAC-A265-4A02-97CB-6C9121D7514D}"
EndProject
Project("{FAE04EC0-301F-11D3-BF4B-00C04F79EFBC}") = "Xpand.ExpressApp.Workflow", "..\..\Xpand\Xpand.ExpressApp.Modules\Workflow\Xpand.ExpressApp.Workflow.csproj", "{DA7200E2-BE28-4B34-99F2-FF9490A720DC}"
EndProject
Project("{FAE04EC0-301F-11D3-BF4B-00C04F79EFBC}") = "Xpand.ExpressApp.WorldCreator.DBMapper", "..\..\Xpand\Xpand.ExpressApp.Modules\WorldCreator.DBMapper\Xpand.ExpressApp.WorldCreator.DBMapper.csproj", "{F28172DF-6820-45AA-A278-525AE01F8202}"
EndProject
Project("{2150E333-8FDC-42A3-9474-1A3956D46DE8}") = "Xpand", "Xpand", "{27E26407-C90A-492E-9407-3E42232DBF7F}"
EndProject
Project("{2150E333-8FDC-42A3-9474-1A3956D46DE8}") = "Modules", "Modules", "{C12A48B8-B4DC-4D71-83C4-0C800F29941F}"
EndProject
Global
	GlobalSection(SolutionConfigurationPlatforms) = preSolution
		Debug|Any CPU = Debug|Any CPU
		DebugGAC|Any CPU = DebugGAC|Any CPU
		DebugTest|Any CPU = DebugTest|Any CPU
		EasyTest|Any CPU = EasyTest|Any CPU
		RecompiledDxSources|Any CPU = RecompiledDxSources|Any CPU
		Release|Any CPU = Release|Any CPU
		Test|Any CPU = Test|Any CPU
	EndGlobalSection
	GlobalSection(ProjectConfigurationPlatforms) = postSolution
		{2FE9D002-F5ED-46AC-860D-1ADF67573F0C}.Debug|Any CPU.ActiveCfg = Debug|Any CPU
		{2FE9D002-F5ED-46AC-860D-1ADF67573F0C}.Debug|Any CPU.Build.0 = Debug|Any CPU
		{2FE9D002-F5ED-46AC-860D-1ADF67573F0C}.DebugGAC|Any CPU.ActiveCfg = Debug|Any CPU
		{2FE9D002-F5ED-46AC-860D-1ADF67573F0C}.DebugGAC|Any CPU.Build.0 = Debug|Any CPU
		{2FE9D002-F5ED-46AC-860D-1ADF67573F0C}.DebugTest|Any CPU.ActiveCfg = Debug|Any CPU
		{2FE9D002-F5ED-46AC-860D-1ADF67573F0C}.DebugTest|Any CPU.Build.0 = Debug|Any CPU
		{2FE9D002-F5ED-46AC-860D-1ADF67573F0C}.EasyTest|Any CPU.ActiveCfg = EasyTest|Any CPU
		{2FE9D002-F5ED-46AC-860D-1ADF67573F0C}.EasyTest|Any CPU.Build.0 = EasyTest|Any CPU
		{2FE9D002-F5ED-46AC-860D-1ADF67573F0C}.RecompiledDxSources|Any CPU.ActiveCfg = Release|Any CPU
		{2FE9D002-F5ED-46AC-860D-1ADF67573F0C}.RecompiledDxSources|Any CPU.Build.0 = Release|Any CPU
		{2FE9D002-F5ED-46AC-860D-1ADF67573F0C}.Release|Any CPU.ActiveCfg = Release|Any CPU
		{2FE9D002-F5ED-46AC-860D-1ADF67573F0C}.Release|Any CPU.Build.0 = Release|Any CPU
		{2FE9D002-F5ED-46AC-860D-1ADF67573F0C}.Test|Any CPU.ActiveCfg = EasyTest|Any CPU
		{2FE9D002-F5ED-46AC-860D-1ADF67573F0C}.Test|Any CPU.Build.0 = EasyTest|Any CPU
		{A75E4F29-14BF-4291-89CF-F80DEB2B5F43}.Debug|Any CPU.ActiveCfg = Debug|Any CPU
		{A75E4F29-14BF-4291-89CF-F80DEB2B5F43}.Debug|Any CPU.Build.0 = Debug|Any CPU
		{A75E4F29-14BF-4291-89CF-F80DEB2B5F43}.DebugGAC|Any CPU.ActiveCfg = Debug|Any CPU
		{A75E4F29-14BF-4291-89CF-F80DEB2B5F43}.DebugGAC|Any CPU.Build.0 = Debug|Any CPU
		{A75E4F29-14BF-4291-89CF-F80DEB2B5F43}.DebugTest|Any CPU.ActiveCfg = Debug|Any CPU
		{A75E4F29-14BF-4291-89CF-F80DEB2B5F43}.DebugTest|Any CPU.Build.0 = Debug|Any CPU
		{A75E4F29-14BF-4291-89CF-F80DEB2B5F43}.EasyTest|Any CPU.ActiveCfg = EasyTest|Any CPU
		{A75E4F29-14BF-4291-89CF-F80DEB2B5F43}.EasyTest|Any CPU.Build.0 = EasyTest|Any CPU
		{A75E4F29-14BF-4291-89CF-F80DEB2B5F43}.RecompiledDxSources|Any CPU.ActiveCfg = Release|Any CPU
		{A75E4F29-14BF-4291-89CF-F80DEB2B5F43}.RecompiledDxSources|Any CPU.Build.0 = Release|Any CPU
		{A75E4F29-14BF-4291-89CF-F80DEB2B5F43}.Release|Any CPU.ActiveCfg = Release|Any CPU
		{A75E4F29-14BF-4291-89CF-F80DEB2B5F43}.Release|Any CPU.Build.0 = Release|Any CPU
		{A75E4F29-14BF-4291-89CF-F80DEB2B5F43}.Test|Any CPU.ActiveCfg = EasyTest|Any CPU
		{A75E4F29-14BF-4291-89CF-F80DEB2B5F43}.Test|Any CPU.Build.0 = EasyTest|Any CPU
		{105CC473-6BB4-4144-A9D9-B591B28D9A38}.Debug|Any CPU.ActiveCfg = Debug|Any CPU
		{105CC473-6BB4-4144-A9D9-B591B28D9A38}.Debug|Any CPU.Build.0 = Debug|Any CPU
		{105CC473-6BB4-4144-A9D9-B591B28D9A38}.DebugGAC|Any CPU.ActiveCfg = Debug|Any CPU
		{105CC473-6BB4-4144-A9D9-B591B28D9A38}.DebugGAC|Any CPU.Build.0 = Debug|Any CPU
		{105CC473-6BB4-4144-A9D9-B591B28D9A38}.DebugTest|Any CPU.ActiveCfg = Debug|Any CPU
		{105CC473-6BB4-4144-A9D9-B591B28D9A38}.DebugTest|Any CPU.Build.0 = Debug|Any CPU
		{105CC473-6BB4-4144-A9D9-B591B28D9A38}.EasyTest|Any CPU.ActiveCfg = EasyTest|Any CPU
		{105CC473-6BB4-4144-A9D9-B591B28D9A38}.EasyTest|Any CPU.Build.0 = EasyTest|Any CPU
		{105CC473-6BB4-4144-A9D9-B591B28D9A38}.RecompiledDxSources|Any CPU.ActiveCfg = Release|Any CPU
		{105CC473-6BB4-4144-A9D9-B591B28D9A38}.RecompiledDxSources|Any CPU.Build.0 = Release|Any CPU
		{105CC473-6BB4-4144-A9D9-B591B28D9A38}.Release|Any CPU.ActiveCfg = Release|Any CPU
		{105CC473-6BB4-4144-A9D9-B591B28D9A38}.Release|Any CPU.Build.0 = Release|Any CPU
		{105CC473-6BB4-4144-A9D9-B591B28D9A38}.Test|Any CPU.ActiveCfg = EasyTest|Any CPU
		{105CC473-6BB4-4144-A9D9-B591B28D9A38}.Test|Any CPU.Build.0 = EasyTest|Any CPU
		{782230D9-DFA4-4D7A-89A9-660A361B5A8A}.Debug|Any CPU.ActiveCfg = Debug|Any CPU
		{782230D9-DFA4-4D7A-89A9-660A361B5A8A}.Debug|Any CPU.Build.0 = Debug|Any CPU
		{782230D9-DFA4-4D7A-89A9-660A361B5A8A}.DebugGAC|Any CPU.ActiveCfg = Debug|Any CPU
		{782230D9-DFA4-4D7A-89A9-660A361B5A8A}.DebugGAC|Any CPU.Build.0 = Debug|Any CPU
		{782230D9-DFA4-4D7A-89A9-660A361B5A8A}.DebugTest|Any CPU.ActiveCfg = Debug|Any CPU
		{782230D9-DFA4-4D7A-89A9-660A361B5A8A}.DebugTest|Any CPU.Build.0 = Debug|Any CPU
		{782230D9-DFA4-4D7A-89A9-660A361B5A8A}.EasyTest|Any CPU.ActiveCfg = EasyTest|Any CPU
		{782230D9-DFA4-4D7A-89A9-660A361B5A8A}.EasyTest|Any CPU.Build.0 = EasyTest|Any CPU
		{782230D9-DFA4-4D7A-89A9-660A361B5A8A}.RecompiledDxSources|Any CPU.ActiveCfg = Release|Any CPU
		{782230D9-DFA4-4D7A-89A9-660A361B5A8A}.RecompiledDxSources|Any CPU.Build.0 = Release|Any CPU
		{782230D9-DFA4-4D7A-89A9-660A361B5A8A}.Release|Any CPU.ActiveCfg = Release|Any CPU
		{782230D9-DFA4-4D7A-89A9-660A361B5A8A}.Release|Any CPU.Build.0 = Release|Any CPU
		{782230D9-DFA4-4D7A-89A9-660A361B5A8A}.Test|Any CPU.ActiveCfg = Release|Any CPU
		{782230D9-DFA4-4D7A-89A9-660A361B5A8A}.Test|Any CPU.Build.0 = Release|Any CPU
		{A986B220-63AF-44A6-98D5-7F55E1E2FA03}.Debug|Any CPU.ActiveCfg = Debug|Any CPU
		{A986B220-63AF-44A6-98D5-7F55E1E2FA03}.Debug|Any CPU.Build.0 = Debug|Any CPU
		{A986B220-63AF-44A6-98D5-7F55E1E2FA03}.DebugGAC|Any CPU.ActiveCfg = Debug|Any CPU
		{A986B220-63AF-44A6-98D5-7F55E1E2FA03}.DebugGAC|Any CPU.Build.0 = Debug|Any CPU
		{A986B220-63AF-44A6-98D5-7F55E1E2FA03}.DebugTest|Any CPU.ActiveCfg = Debug|Any CPU
		{A986B220-63AF-44A6-98D5-7F55E1E2FA03}.DebugTest|Any CPU.Build.0 = Debug|Any CPU
		{A986B220-63AF-44A6-98D5-7F55E1E2FA03}.EasyTest|Any CPU.ActiveCfg = EasyTest|Any CPU
		{A986B220-63AF-44A6-98D5-7F55E1E2FA03}.EasyTest|Any CPU.Build.0 = EasyTest|Any CPU
		{A986B220-63AF-44A6-98D5-7F55E1E2FA03}.RecompiledDxSources|Any CPU.ActiveCfg = Release|Any CPU
		{A986B220-63AF-44A6-98D5-7F55E1E2FA03}.RecompiledDxSources|Any CPU.Build.0 = Release|Any CPU
		{A986B220-63AF-44A6-98D5-7F55E1E2FA03}.Release|Any CPU.ActiveCfg = Release|Any CPU
		{A986B220-63AF-44A6-98D5-7F55E1E2FA03}.Release|Any CPU.Build.0 = Release|Any CPU
		{A986B220-63AF-44A6-98D5-7F55E1E2FA03}.Test|Any CPU.ActiveCfg = EasyTest|Any CPU
		{A986B220-63AF-44A6-98D5-7F55E1E2FA03}.Test|Any CPU.Build.0 = EasyTest|Any CPU
		{F40D575E-A391-4156-B2FC-9E01627C033D}.Debug|Any CPU.ActiveCfg = Debug|Any CPU
		{F40D575E-A391-4156-B2FC-9E01627C033D}.Debug|Any CPU.Build.0 = Debug|Any CPU
		{F40D575E-A391-4156-B2FC-9E01627C033D}.DebugGAC|Any CPU.ActiveCfg = Debug|Any CPU
		{F40D575E-A391-4156-B2FC-9E01627C033D}.DebugGAC|Any CPU.Build.0 = Debug|Any CPU
		{F40D575E-A391-4156-B2FC-9E01627C033D}.DebugTest|Any CPU.ActiveCfg = Debug|Any CPU
		{F40D575E-A391-4156-B2FC-9E01627C033D}.DebugTest|Any CPU.Build.0 = Debug|Any CPU
		{F40D575E-A391-4156-B2FC-9E01627C033D}.EasyTest|Any CPU.ActiveCfg = EasyTest|Any CPU
		{F40D575E-A391-4156-B2FC-9E01627C033D}.EasyTest|Any CPU.Build.0 = EasyTest|Any CPU
		{F40D575E-A391-4156-B2FC-9E01627C033D}.RecompiledDxSources|Any CPU.ActiveCfg = Release|Any CPU
		{F40D575E-A391-4156-B2FC-9E01627C033D}.RecompiledDxSources|Any CPU.Build.0 = Release|Any CPU
		{F40D575E-A391-4156-B2FC-9E01627C033D}.Release|Any CPU.ActiveCfg = Release|Any CPU
		{F40D575E-A391-4156-B2FC-9E01627C033D}.Release|Any CPU.Build.0 = Release|Any CPU
		{F40D575E-A391-4156-B2FC-9E01627C033D}.Test|Any CPU.ActiveCfg = EasyTest|Any CPU
		{F40D575E-A391-4156-B2FC-9E01627C033D}.Test|Any CPU.Build.0 = EasyTest|Any CPU
		{B1EBEB7A-C156-4476-9AF2-65C5F5221F4E}.Debug|Any CPU.ActiveCfg = Debug|Any CPU
		{B1EBEB7A-C156-4476-9AF2-65C5F5221F4E}.Debug|Any CPU.Build.0 = Debug|Any CPU
		{B1EBEB7A-C156-4476-9AF2-65C5F5221F4E}.DebugGAC|Any CPU.ActiveCfg = Debug|Any CPU
		{B1EBEB7A-C156-4476-9AF2-65C5F5221F4E}.DebugGAC|Any CPU.Build.0 = Debug|Any CPU
		{B1EBEB7A-C156-4476-9AF2-65C5F5221F4E}.DebugTest|Any CPU.ActiveCfg = Debug|Any CPU
		{B1EBEB7A-C156-4476-9AF2-65C5F5221F4E}.DebugTest|Any CPU.Build.0 = Debug|Any CPU
		{B1EBEB7A-C156-4476-9AF2-65C5F5221F4E}.EasyTest|Any CPU.ActiveCfg = EasyTest|Any CPU
		{B1EBEB7A-C156-4476-9AF2-65C5F5221F4E}.EasyTest|Any CPU.Build.0 = EasyTest|Any CPU
		{B1EBEB7A-C156-4476-9AF2-65C5F5221F4E}.RecompiledDxSources|Any CPU.ActiveCfg = Release|Any CPU
		{B1EBEB7A-C156-4476-9AF2-65C5F5221F4E}.RecompiledDxSources|Any CPU.Build.0 = Release|Any CPU
		{B1EBEB7A-C156-4476-9AF2-65C5F5221F4E}.Release|Any CPU.ActiveCfg = Release|Any CPU
		{B1EBEB7A-C156-4476-9AF2-65C5F5221F4E}.Release|Any CPU.Build.0 = Release|Any CPU
		{B1EBEB7A-C156-4476-9AF2-65C5F5221F4E}.Test|Any CPU.ActiveCfg = EasyTest|Any CPU
		{B1EBEB7A-C156-4476-9AF2-65C5F5221F4E}.Test|Any CPU.Build.0 = EasyTest|Any CPU
		{52BA000D-2A75-45BE-91A7-B3FFF4EAE89A}.Debug|Any CPU.ActiveCfg = Debug|Any CPU
		{52BA000D-2A75-45BE-91A7-B3FFF4EAE89A}.Debug|Any CPU.Build.0 = Debug|Any CPU
		{52BA000D-2A75-45BE-91A7-B3FFF4EAE89A}.DebugGAC|Any CPU.ActiveCfg = Debug|Any CPU
		{52BA000D-2A75-45BE-91A7-B3FFF4EAE89A}.DebugGAC|Any CPU.Build.0 = Debug|Any CPU
		{52BA000D-2A75-45BE-91A7-B3FFF4EAE89A}.DebugTest|Any CPU.ActiveCfg = Debug|Any CPU
		{52BA000D-2A75-45BE-91A7-B3FFF4EAE89A}.DebugTest|Any CPU.Build.0 = Debug|Any CPU
		{52BA000D-2A75-45BE-91A7-B3FFF4EAE89A}.EasyTest|Any CPU.ActiveCfg = EasyTest|Any CPU
		{52BA000D-2A75-45BE-91A7-B3FFF4EAE89A}.EasyTest|Any CPU.Build.0 = EasyTest|Any CPU
		{52BA000D-2A75-45BE-91A7-B3FFF4EAE89A}.RecompiledDxSources|Any CPU.ActiveCfg = Release|Any CPU
		{52BA000D-2A75-45BE-91A7-B3FFF4EAE89A}.RecompiledDxSources|Any CPU.Build.0 = Release|Any CPU
		{52BA000D-2A75-45BE-91A7-B3FFF4EAE89A}.Release|Any CPU.ActiveCfg = Release|Any CPU
		{52BA000D-2A75-45BE-91A7-B3FFF4EAE89A}.Release|Any CPU.Build.0 = Release|Any CPU
		{52BA000D-2A75-45BE-91A7-B3FFF4EAE89A}.Test|Any CPU.ActiveCfg = EasyTest|Any CPU
		{52BA000D-2A75-45BE-91A7-B3FFF4EAE89A}.Test|Any CPU.Build.0 = EasyTest|Any CPU
		{A85F685A-F56F-4C9A-A5A3-C2444DB4FB78}.Debug|Any CPU.ActiveCfg = Debug|Any CPU
		{A85F685A-F56F-4C9A-A5A3-C2444DB4FB78}.DebugGAC|Any CPU.ActiveCfg = Debug|Any CPU
		{A85F685A-F56F-4C9A-A5A3-C2444DB4FB78}.DebugTest|Any CPU.ActiveCfg = Debug|Any CPU
		{A85F685A-F56F-4C9A-A5A3-C2444DB4FB78}.EasyTest|Any CPU.ActiveCfg = Debug|Any CPU
		{A85F685A-F56F-4C9A-A5A3-C2444DB4FB78}.RecompiledDxSources|Any CPU.ActiveCfg = Release|Any CPU
		{A85F685A-F56F-4C9A-A5A3-C2444DB4FB78}.Release|Any CPU.ActiveCfg = Release|Any CPU
		{A85F685A-F56F-4C9A-A5A3-C2444DB4FB78}.Test|Any CPU.ActiveCfg = Release|Any CPU
		{B3216F6A-B4C6-4899-9D42-398CDF0CA91E}.Debug|Any CPU.ActiveCfg = Debug|Any CPU
		{B3216F6A-B4C6-4899-9D42-398CDF0CA91E}.DebugGAC|Any CPU.ActiveCfg = Debug|Any CPU
		{B3216F6A-B4C6-4899-9D42-398CDF0CA91E}.DebugTest|Any CPU.ActiveCfg = Debug|Any CPU
		{B3216F6A-B4C6-4899-9D42-398CDF0CA91E}.EasyTest|Any CPU.ActiveCfg = RecompiledDxSources|Any CPU
		{B3216F6A-B4C6-4899-9D42-398CDF0CA91E}.RecompiledDxSources|Any CPU.ActiveCfg = RecompiledDxSources|Any CPU
		{B3216F6A-B4C6-4899-9D42-398CDF0CA91E}.Release|Any CPU.ActiveCfg = Release|Any CPU
		{B3216F6A-B4C6-4899-9D42-398CDF0CA91E}.Test|Any CPU.ActiveCfg = RecompiledDxSources|Any CPU
		{D33DA85F-C92D-4A13-9880-B6A5343B957D}.Debug|Any CPU.ActiveCfg = Debug|Any CPU
		{D33DA85F-C92D-4A13-9880-B6A5343B957D}.DebugGAC|Any CPU.ActiveCfg = Debug|Any CPU
		{D33DA85F-C92D-4A13-9880-B6A5343B957D}.DebugTest|Any CPU.ActiveCfg = Debug|Any CPU
		{D33DA85F-C92D-4A13-9880-B6A5343B957D}.EasyTest|Any CPU.ActiveCfg = RecompiledDxSources|Any CPU
		{D33DA85F-C92D-4A13-9880-B6A5343B957D}.RecompiledDxSources|Any CPU.ActiveCfg = RecompiledDxSources|Any CPU
		{D33DA85F-C92D-4A13-9880-B6A5343B957D}.Release|Any CPU.ActiveCfg = Release|Any CPU
		{D33DA85F-C92D-4A13-9880-B6A5343B957D}.Test|Any CPU.ActiveCfg = RecompiledDxSources|Any CPU
		{67045B46-0875-497F-BF4E-4E74CEF4FF27}.Debug|Any CPU.ActiveCfg = Debug|Any CPU
		{67045B46-0875-497F-BF4E-4E74CEF4FF27}.DebugGAC|Any CPU.ActiveCfg = Debug|Any CPU
		{67045B46-0875-497F-BF4E-4E74CEF4FF27}.DebugTest|Any CPU.ActiveCfg = Debug|Any CPU
		{67045B46-0875-497F-BF4E-4E74CEF4FF27}.EasyTest|Any CPU.ActiveCfg = RecompiledDxSources|Any CPU
		{67045B46-0875-497F-BF4E-4E74CEF4FF27}.RecompiledDxSources|Any CPU.ActiveCfg = RecompiledDxSources|Any CPU
		{67045B46-0875-497F-BF4E-4E74CEF4FF27}.Release|Any CPU.ActiveCfg = Release|Any CPU
		{67045B46-0875-497F-BF4E-4E74CEF4FF27}.Test|Any CPU.ActiveCfg = RecompiledDxSources|Any CPU
		{D38722E2-F2CD-47D3-9203-1AC8070BBE2E}.Debug|Any CPU.ActiveCfg = Debug|Any CPU
		{D38722E2-F2CD-47D3-9203-1AC8070BBE2E}.DebugGAC|Any CPU.ActiveCfg = Debug|Any CPU
		{D38722E2-F2CD-47D3-9203-1AC8070BBE2E}.DebugTest|Any CPU.ActiveCfg = Debug|Any CPU
		{D38722E2-F2CD-47D3-9203-1AC8070BBE2E}.EasyTest|Any CPU.ActiveCfg = Test|Any CPU
		{D38722E2-F2CD-47D3-9203-1AC8070BBE2E}.RecompiledDxSources|Any CPU.ActiveCfg = RecompiledDxSources|Any CPU
		{D38722E2-F2CD-47D3-9203-1AC8070BBE2E}.Release|Any CPU.ActiveCfg = Release|Any CPU
		{D38722E2-F2CD-47D3-9203-1AC8070BBE2E}.Test|Any CPU.ActiveCfg = Test|Any CPU
		{8D97AC44-202D-4659-8CB0-6D8DCC796156}.Debug|Any CPU.ActiveCfg = Debug|Any CPU
		{8D97AC44-202D-4659-8CB0-6D8DCC796156}.DebugGAC|Any CPU.ActiveCfg = Debug|Any CPU
		{8D97AC44-202D-4659-8CB0-6D8DCC796156}.DebugTest|Any CPU.ActiveCfg = Debug|Any CPU
		{8D97AC44-202D-4659-8CB0-6D8DCC796156}.EasyTest|Any CPU.ActiveCfg = EasyTest|Any CPU
		{8D97AC44-202D-4659-8CB0-6D8DCC796156}.RecompiledDxSources|Any CPU.ActiveCfg = RecompiledDxSources|Any CPU
		{8D97AC44-202D-4659-8CB0-6D8DCC796156}.Release|Any CPU.ActiveCfg = Release|Any CPU
		{8D97AC44-202D-4659-8CB0-6D8DCC796156}.Test|Any CPU.ActiveCfg = EasyTest|Any CPU
		{05E856F4-5329-4DB4-8C7E-8B63F24F6506}.Debug|Any CPU.ActiveCfg = Debug|Any CPU
		{05E856F4-5329-4DB4-8C7E-8B63F24F6506}.DebugGAC|Any CPU.ActiveCfg = Debug|Any CPU
		{05E856F4-5329-4DB4-8C7E-8B63F24F6506}.DebugTest|Any CPU.ActiveCfg = Debug|Any CPU
		{05E856F4-5329-4DB4-8C7E-8B63F24F6506}.EasyTest|Any CPU.ActiveCfg = RecompiledDxSources|Any CPU
		{05E856F4-5329-4DB4-8C7E-8B63F24F6506}.RecompiledDxSources|Any CPU.ActiveCfg = RecompiledDxSources|Any CPU
		{05E856F4-5329-4DB4-8C7E-8B63F24F6506}.Release|Any CPU.ActiveCfg = Release|Any CPU
		{05E856F4-5329-4DB4-8C7E-8B63F24F6506}.Test|Any CPU.ActiveCfg = RecompiledDxSources|Any CPU
		{5F6908F4-2505-4C37-BD49-EC98A6CB103A}.Debug|Any CPU.ActiveCfg = Debug|Any CPU
		{5F6908F4-2505-4C37-BD49-EC98A6CB103A}.DebugGAC|Any CPU.ActiveCfg = Debug|Any CPU
		{5F6908F4-2505-4C37-BD49-EC98A6CB103A}.DebugTest|Any CPU.ActiveCfg = Debug|Any CPU
		{5F6908F4-2505-4C37-BD49-EC98A6CB103A}.EasyTest|Any CPU.ActiveCfg = RecompiledDxSources|Any CPU
		{5F6908F4-2505-4C37-BD49-EC98A6CB103A}.RecompiledDxSources|Any CPU.ActiveCfg = RecompiledDxSources|Any CPU
		{5F6908F4-2505-4C37-BD49-EC98A6CB103A}.Release|Any CPU.ActiveCfg = Release|Any CPU
		{5F6908F4-2505-4C37-BD49-EC98A6CB103A}.Test|Any CPU.ActiveCfg = RecompiledDxSources|Any CPU
		{2626A753-BFA4-4616-BF32-00D7D7AC4174}.Debug|Any CPU.ActiveCfg = Debug|Any CPU
		{2626A753-BFA4-4616-BF32-00D7D7AC4174}.DebugGAC|Any CPU.ActiveCfg = Debug|Any CPU
		{2626A753-BFA4-4616-BF32-00D7D7AC4174}.DebugTest|Any CPU.ActiveCfg = Debug|Any CPU
		{2626A753-BFA4-4616-BF32-00D7D7AC4174}.EasyTest|Any CPU.ActiveCfg = RecompiledDxSources|Any CPU
		{2626A753-BFA4-4616-BF32-00D7D7AC4174}.RecompiledDxSources|Any CPU.ActiveCfg = RecompiledDxSources|Any CPU
		{2626A753-BFA4-4616-BF32-00D7D7AC4174}.Release|Any CPU.ActiveCfg = Release|Any CPU
		{2626A753-BFA4-4616-BF32-00D7D7AC4174}.Test|Any CPU.ActiveCfg = RecompiledDxSources|Any CPU
		{0D81BAF7-CC13-411C-BC50-8788755EBA4F}.Debug|Any CPU.ActiveCfg = Debug|Any CPU
		{0D81BAF7-CC13-411C-BC50-8788755EBA4F}.DebugGAC|Any CPU.ActiveCfg = Debug|Any CPU
		{0D81BAF7-CC13-411C-BC50-8788755EBA4F}.DebugTest|Any CPU.ActiveCfg = Debug|Any CPU
		{0D81BAF7-CC13-411C-BC50-8788755EBA4F}.EasyTest|Any CPU.ActiveCfg = RecompiledDxSources|Any CPU
		{0D81BAF7-CC13-411C-BC50-8788755EBA4F}.RecompiledDxSources|Any CPU.ActiveCfg = RecompiledDxSources|Any CPU
		{0D81BAF7-CC13-411C-BC50-8788755EBA4F}.Release|Any CPU.ActiveCfg = Release|Any CPU
		{0D81BAF7-CC13-411C-BC50-8788755EBA4F}.Test|Any CPU.ActiveCfg = RecompiledDxSources|Any CPU
		{7FC6A30C-7375-4EB2-A6E9-A597B941B45F}.Debug|Any CPU.ActiveCfg = Debug|Any CPU
		{7FC6A30C-7375-4EB2-A6E9-A597B941B45F}.DebugGAC|Any CPU.ActiveCfg = Debug|Any CPU
		{7FC6A30C-7375-4EB2-A6E9-A597B941B45F}.DebugTest|Any CPU.ActiveCfg = Debug|Any CPU
		{7FC6A30C-7375-4EB2-A6E9-A597B941B45F}.EasyTest|Any CPU.ActiveCfg = RecompiledDxSources|Any CPU
		{7FC6A30C-7375-4EB2-A6E9-A597B941B45F}.RecompiledDxSources|Any CPU.ActiveCfg = RecompiledDxSources|Any CPU
		{7FC6A30C-7375-4EB2-A6E9-A597B941B45F}.Release|Any CPU.ActiveCfg = Release|Any CPU
		{7FC6A30C-7375-4EB2-A6E9-A597B941B45F}.Test|Any CPU.ActiveCfg = RecompiledDxSources|Any CPU
		{81F08473-8A32-4AE1-82D1-576CBC0CA5D8}.Debug|Any CPU.ActiveCfg = Debug|Any CPU
		{81F08473-8A32-4AE1-82D1-576CBC0CA5D8}.DebugGAC|Any CPU.ActiveCfg = Debug|Any CPU
		{81F08473-8A32-4AE1-82D1-576CBC0CA5D8}.DebugTest|Any CPU.ActiveCfg = Debug|Any CPU
		{81F08473-8A32-4AE1-82D1-576CBC0CA5D8}.EasyTest|Any CPU.ActiveCfg = Debug|Any CPU
		{81F08473-8A32-4AE1-82D1-576CBC0CA5D8}.RecompiledDxSources|Any CPU.ActiveCfg = Release|Any CPU
		{81F08473-8A32-4AE1-82D1-576CBC0CA5D8}.Release|Any CPU.ActiveCfg = Release|Any CPU
		{81F08473-8A32-4AE1-82D1-576CBC0CA5D8}.Test|Any CPU.ActiveCfg = Release|Any CPU
		{E3A59B23-05DF-4AB1-BE2B-471EAC7ADD60}.Debug|Any CPU.ActiveCfg = Debug|Any CPU
		{E3A59B23-05DF-4AB1-BE2B-471EAC7ADD60}.DebugGAC|Any CPU.ActiveCfg = Debug|Any CPU
		{E3A59B23-05DF-4AB1-BE2B-471EAC7ADD60}.DebugTest|Any CPU.ActiveCfg = Debug|Any CPU
		{E3A59B23-05DF-4AB1-BE2B-471EAC7ADD60}.EasyTest|Any CPU.ActiveCfg = EasyTest|Any CPU
		{E3A59B23-05DF-4AB1-BE2B-471EAC7ADD60}.RecompiledDxSources|Any CPU.ActiveCfg = RecompiledDxSources|Any CPU
		{E3A59B23-05DF-4AB1-BE2B-471EAC7ADD60}.Release|Any CPU.ActiveCfg = Release|Any CPU
		{E3A59B23-05DF-4AB1-BE2B-471EAC7ADD60}.Test|Any CPU.ActiveCfg = EasyTest|Any CPU
		{D0B11788-3559-45D1-BC21-07953398755B}.Debug|Any CPU.ActiveCfg = Debug|Any CPU
		{D0B11788-3559-45D1-BC21-07953398755B}.DebugGAC|Any CPU.ActiveCfg = Debug|Any CPU
		{D0B11788-3559-45D1-BC21-07953398755B}.DebugTest|Any CPU.ActiveCfg = Debug|Any CPU
		{D0B11788-3559-45D1-BC21-07953398755B}.EasyTest|Any CPU.ActiveCfg = EasyTest|Any CPU
		{D0B11788-3559-45D1-BC21-07953398755B}.RecompiledDxSources|Any CPU.ActiveCfg = RecompiledDxSources|Any CPU
		{D0B11788-3559-45D1-BC21-07953398755B}.Release|Any CPU.ActiveCfg = Release|Any CPU
		{D0B11788-3559-45D1-BC21-07953398755B}.Test|Any CPU.ActiveCfg = EasyTest|Any CPU
		{0E40CCB3-7904-4300-BCD6-E34D275E6370}.Debug|Any CPU.ActiveCfg = Debug|Any CPU
		{0E40CCB3-7904-4300-BCD6-E34D275E6370}.DebugGAC|Any CPU.ActiveCfg = Debug|Any CPU
		{0E40CCB3-7904-4300-BCD6-E34D275E6370}.DebugTest|Any CPU.ActiveCfg = Debug|Any CPU
		{0E40CCB3-7904-4300-BCD6-E34D275E6370}.EasyTest|Any CPU.ActiveCfg = EasyTest|Any CPU
		{0E40CCB3-7904-4300-BCD6-E34D275E6370}.RecompiledDxSources|Any CPU.ActiveCfg = Release|Any CPU
		{0E40CCB3-7904-4300-BCD6-E34D275E6370}.Release|Any CPU.ActiveCfg = Release|Any CPU
		{0E40CCB3-7904-4300-BCD6-E34D275E6370}.Test|Any CPU.ActiveCfg = Test|Any CPU
		{9C2D3690-C7EB-46C4-83CC-F1D597E0CD2C}.Debug|Any CPU.ActiveCfg = Debug|Any CPU
		{9C2D3690-C7EB-46C4-83CC-F1D597E0CD2C}.DebugGAC|Any CPU.ActiveCfg = Debug|Any CPU
		{9C2D3690-C7EB-46C4-83CC-F1D597E0CD2C}.DebugTest|Any CPU.ActiveCfg = Debug|Any CPU
		{9C2D3690-C7EB-46C4-83CC-F1D597E0CD2C}.EasyTest|Any CPU.ActiveCfg = RecompiledDxSources|Any CPU
		{9C2D3690-C7EB-46C4-83CC-F1D597E0CD2C}.RecompiledDxSources|Any CPU.ActiveCfg = RecompiledDxSources|Any CPU
		{9C2D3690-C7EB-46C4-83CC-F1D597E0CD2C}.Release|Any CPU.ActiveCfg = Release|Any CPU
		{9C2D3690-C7EB-46C4-83CC-F1D597E0CD2C}.Test|Any CPU.ActiveCfg = RecompiledDxSources|Any CPU
		{560F01E0-F5F8-4261-93A8-A00082204536}.Debug|Any CPU.ActiveCfg = Debug|Any CPU
		{560F01E0-F5F8-4261-93A8-A00082204536}.DebugGAC|Any CPU.ActiveCfg = Debug|Any CPU
		{560F01E0-F5F8-4261-93A8-A00082204536}.DebugTest|Any CPU.ActiveCfg = Debug|Any CPU
		{560F01E0-F5F8-4261-93A8-A00082204536}.EasyTest|Any CPU.ActiveCfg = RecompiledDxSources|Any CPU
		{560F01E0-F5F8-4261-93A8-A00082204536}.RecompiledDxSources|Any CPU.ActiveCfg = RecompiledDxSources|Any CPU
		{560F01E0-F5F8-4261-93A8-A00082204536}.Release|Any CPU.ActiveCfg = Release|Any CPU
		{560F01E0-F5F8-4261-93A8-A00082204536}.Test|Any CPU.ActiveCfg = RecompiledDxSources|Any CPU
		{6CCA3D25-5AFA-4C26-9DE7-31CDE8F239EB}.Debug|Any CPU.ActiveCfg = Debug|Any CPU
		{6CCA3D25-5AFA-4C26-9DE7-31CDE8F239EB}.DebugGAC|Any CPU.ActiveCfg = Debug|Any CPU
		{6CCA3D25-5AFA-4C26-9DE7-31CDE8F239EB}.DebugTest|Any CPU.ActiveCfg = Debug|Any CPU
		{6CCA3D25-5AFA-4C26-9DE7-31CDE8F239EB}.EasyTest|Any CPU.ActiveCfg = RecompiledDxSources|Any CPU
		{6CCA3D25-5AFA-4C26-9DE7-31CDE8F239EB}.RecompiledDxSources|Any CPU.ActiveCfg = RecompiledDxSources|Any CPU
		{6CCA3D25-5AFA-4C26-9DE7-31CDE8F239EB}.Release|Any CPU.ActiveCfg = Release|Any CPU
		{6CCA3D25-5AFA-4C26-9DE7-31CDE8F239EB}.Test|Any CPU.ActiveCfg = RecompiledDxSources|Any CPU
		{32A12C8A-B9C9-4D7C-AF10-AE2CA89550F6}.Debug|Any CPU.ActiveCfg = Debug|Any CPU
		{32A12C8A-B9C9-4D7C-AF10-AE2CA89550F6}.DebugGAC|Any CPU.ActiveCfg = Debug|Any CPU
		{32A12C8A-B9C9-4D7C-AF10-AE2CA89550F6}.DebugTest|Any CPU.ActiveCfg = Debug|Any CPU
		{32A12C8A-B9C9-4D7C-AF10-AE2CA89550F6}.EasyTest|Any CPU.ActiveCfg = RecompiledDxSources|Any CPU
		{32A12C8A-B9C9-4D7C-AF10-AE2CA89550F6}.RecompiledDxSources|Any CPU.ActiveCfg = RecompiledDxSources|Any CPU
		{32A12C8A-B9C9-4D7C-AF10-AE2CA89550F6}.Release|Any CPU.ActiveCfg = Release|Any CPU
		{32A12C8A-B9C9-4D7C-AF10-AE2CA89550F6}.Test|Any CPU.ActiveCfg = RecompiledDxSources|Any CPU
		{EC481968-1696-43E4-837F-BCF08F393323}.Debug|Any CPU.ActiveCfg = Debug|Any CPU
		{EC481968-1696-43E4-837F-BCF08F393323}.DebugGAC|Any CPU.ActiveCfg = Debug|Any CPU
		{EC481968-1696-43E4-837F-BCF08F393323}.DebugTest|Any CPU.ActiveCfg = Debug|Any CPU
		{EC481968-1696-43E4-837F-BCF08F393323}.EasyTest|Any CPU.ActiveCfg = RecompiledDxSources|Any CPU
		{EC481968-1696-43E4-837F-BCF08F393323}.RecompiledDxSources|Any CPU.ActiveCfg = RecompiledDxSources|Any CPU
		{EC481968-1696-43E4-837F-BCF08F393323}.Release|Any CPU.ActiveCfg = Release|Any CPU
		{EC481968-1696-43E4-837F-BCF08F393323}.Test|Any CPU.ActiveCfg = RecompiledDxSources|Any CPU
		{FE3FD1A4-E5B5-44D4-8B9E-3BF29AD4CB96}.Debug|Any CPU.ActiveCfg = Debug|Any CPU
		{FE3FD1A4-E5B5-44D4-8B9E-3BF29AD4CB96}.DebugGAC|Any CPU.ActiveCfg = Debug|Any CPU
		{FE3FD1A4-E5B5-44D4-8B9E-3BF29AD4CB96}.DebugTest|Any CPU.ActiveCfg = Debug|Any CPU
		{FE3FD1A4-E5B5-44D4-8B9E-3BF29AD4CB96}.EasyTest|Any CPU.ActiveCfg = RecompiledDxSources|Any CPU
		{FE3FD1A4-E5B5-44D4-8B9E-3BF29AD4CB96}.RecompiledDxSources|Any CPU.ActiveCfg = RecompiledDxSources|Any CPU
		{FE3FD1A4-E5B5-44D4-8B9E-3BF29AD4CB96}.Release|Any CPU.ActiveCfg = Release|Any CPU
		{FE3FD1A4-E5B5-44D4-8B9E-3BF29AD4CB96}.Test|Any CPU.ActiveCfg = RecompiledDxSources|Any CPU
		{B329592B-9530-4DA7-88F2-846BBA1C8F93}.Debug|Any CPU.ActiveCfg = Debug|Any CPU
		{B329592B-9530-4DA7-88F2-846BBA1C8F93}.DebugGAC|Any CPU.ActiveCfg = Debug|Any CPU
		{B329592B-9530-4DA7-88F2-846BBA1C8F93}.DebugTest|Any CPU.ActiveCfg = Debug|Any CPU
		{B329592B-9530-4DA7-88F2-846BBA1C8F93}.EasyTest|Any CPU.ActiveCfg = RecompiledDxSources|Any CPU
		{B329592B-9530-4DA7-88F2-846BBA1C8F93}.RecompiledDxSources|Any CPU.ActiveCfg = RecompiledDxSources|Any CPU
		{B329592B-9530-4DA7-88F2-846BBA1C8F93}.Release|Any CPU.ActiveCfg = Release|Any CPU
		{B329592B-9530-4DA7-88F2-846BBA1C8F93}.Test|Any CPU.ActiveCfg = RecompiledDxSources|Any CPU
		{8A0EECEA-F699-40BA-B8F9-D70F79E9130B}.Debug|Any CPU.ActiveCfg = Debug|Any CPU
		{8A0EECEA-F699-40BA-B8F9-D70F79E9130B}.DebugGAC|Any CPU.ActiveCfg = Debug|Any CPU
		{8A0EECEA-F699-40BA-B8F9-D70F79E9130B}.DebugTest|Any CPU.ActiveCfg = Debug|Any CPU
		{8A0EECEA-F699-40BA-B8F9-D70F79E9130B}.EasyTest|Any CPU.ActiveCfg = RecompiledDxSources|Any CPU
		{8A0EECEA-F699-40BA-B8F9-D70F79E9130B}.RecompiledDxSources|Any CPU.ActiveCfg = RecompiledDxSources|Any CPU
		{8A0EECEA-F699-40BA-B8F9-D70F79E9130B}.Release|Any CPU.ActiveCfg = Release|Any CPU
		{8A0EECEA-F699-40BA-B8F9-D70F79E9130B}.Test|Any CPU.ActiveCfg = RecompiledDxSources|Any CPU
		{88207755-7F6B-4B53-9358-190364299985}.Debug|Any CPU.ActiveCfg = Debug|Any CPU
		{88207755-7F6B-4B53-9358-190364299985}.DebugGAC|Any CPU.ActiveCfg = Debug|Any CPU
		{88207755-7F6B-4B53-9358-190364299985}.DebugTest|Any CPU.ActiveCfg = Debug|Any CPU
		{88207755-7F6B-4B53-9358-190364299985}.EasyTest|Any CPU.ActiveCfg = RecompiledDxSources|Any CPU
		{88207755-7F6B-4B53-9358-190364299985}.RecompiledDxSources|Any CPU.ActiveCfg = RecompiledDxSources|Any CPU
		{88207755-7F6B-4B53-9358-190364299985}.Release|Any CPU.ActiveCfg = Release|Any CPU
		{88207755-7F6B-4B53-9358-190364299985}.Test|Any CPU.ActiveCfg = RecompiledDxSources|Any CPU
		{C044D0A5-B0E1-48D4-B55B-E992DC062A9B}.Debug|Any CPU.ActiveCfg = Debug|Any CPU
		{C044D0A5-B0E1-48D4-B55B-E992DC062A9B}.DebugGAC|Any CPU.ActiveCfg = Debug|Any CPU
		{C044D0A5-B0E1-48D4-B55B-E992DC062A9B}.DebugTest|Any CPU.ActiveCfg = Debug|Any CPU
		{C044D0A5-B0E1-48D4-B55B-E992DC062A9B}.EasyTest|Any CPU.ActiveCfg = RecompiledDxSources|Any CPU
		{C044D0A5-B0E1-48D4-B55B-E992DC062A9B}.RecompiledDxSources|Any CPU.ActiveCfg = RecompiledDxSources|Any CPU
		{C044D0A5-B0E1-48D4-B55B-E992DC062A9B}.Release|Any CPU.ActiveCfg = Release|Any CPU
		{C044D0A5-B0E1-48D4-B55B-E992DC062A9B}.Test|Any CPU.ActiveCfg = RecompiledDxSources|Any CPU
		{74BE7291-EB8A-4FE3-A495-02545797CF2A}.Debug|Any CPU.ActiveCfg = Debug|Any CPU
		{74BE7291-EB8A-4FE3-A495-02545797CF2A}.DebugGAC|Any CPU.ActiveCfg = Debug|Any CPU
		{74BE7291-EB8A-4FE3-A495-02545797CF2A}.DebugTest|Any CPU.ActiveCfg = Debug|Any CPU
		{74BE7291-EB8A-4FE3-A495-02545797CF2A}.EasyTest|Any CPU.ActiveCfg = RecompiledDxSources|Any CPU
		{74BE7291-EB8A-4FE3-A495-02545797CF2A}.RecompiledDxSources|Any CPU.ActiveCfg = RecompiledDxSources|Any CPU
		{74BE7291-EB8A-4FE3-A495-02545797CF2A}.Release|Any CPU.ActiveCfg = Release|Any CPU
		{74BE7291-EB8A-4FE3-A495-02545797CF2A}.Test|Any CPU.ActiveCfg = RecompiledDxSources|Any CPU
		{538EA7E1-1930-497A-82EB-3605F0F123F4}.Debug|Any CPU.ActiveCfg = Debug|Any CPU
		{538EA7E1-1930-497A-82EB-3605F0F123F4}.DebugGAC|Any CPU.ActiveCfg = Debug|Any CPU
		{538EA7E1-1930-497A-82EB-3605F0F123F4}.DebugTest|Any CPU.ActiveCfg = Debug|Any CPU
		{538EA7E1-1930-497A-82EB-3605F0F123F4}.EasyTest|Any CPU.ActiveCfg = RecompiledDxSources|Any CPU
		{538EA7E1-1930-497A-82EB-3605F0F123F4}.RecompiledDxSources|Any CPU.ActiveCfg = RecompiledDxSources|Any CPU
		{538EA7E1-1930-497A-82EB-3605F0F123F4}.Release|Any CPU.ActiveCfg = Release|Any CPU
		{538EA7E1-1930-497A-82EB-3605F0F123F4}.Test|Any CPU.ActiveCfg = RecompiledDxSources|Any CPU
		{E0C71294-D0D1-4633-8EE5-630088DF81DD}.Debug|Any CPU.ActiveCfg = Debug|Any CPU
		{E0C71294-D0D1-4633-8EE5-630088DF81DD}.DebugGAC|Any CPU.ActiveCfg = Debug|Any CPU
		{E0C71294-D0D1-4633-8EE5-630088DF81DD}.DebugTest|Any CPU.ActiveCfg = Debug|Any CPU
		{E0C71294-D0D1-4633-8EE5-630088DF81DD}.EasyTest|Any CPU.ActiveCfg = RecompiledDxSources|Any CPU
		{E0C71294-D0D1-4633-8EE5-630088DF81DD}.RecompiledDxSources|Any CPU.ActiveCfg = RecompiledDxSources|Any CPU
		{E0C71294-D0D1-4633-8EE5-630088DF81DD}.Release|Any CPU.ActiveCfg = Release|Any CPU
		{E0C71294-D0D1-4633-8EE5-630088DF81DD}.Test|Any CPU.ActiveCfg = RecompiledDxSources|Any CPU
		{B964E541-EBA2-4971-B104-A99ABBD95D36}.Debug|Any CPU.ActiveCfg = Debug|Any CPU
		{B964E541-EBA2-4971-B104-A99ABBD95D36}.DebugGAC|Any CPU.ActiveCfg = Debug|Any CPU
		{B964E541-EBA2-4971-B104-A99ABBD95D36}.DebugTest|Any CPU.ActiveCfg = Debug|Any CPU
		{B964E541-EBA2-4971-B104-A99ABBD95D36}.EasyTest|Any CPU.ActiveCfg = EasyTest|Any CPU
		{B964E541-EBA2-4971-B104-A99ABBD95D36}.RecompiledDxSources|Any CPU.ActiveCfg = RecompiledDxSources|Any CPU
		{B964E541-EBA2-4971-B104-A99ABBD95D36}.Release|Any CPU.ActiveCfg = Release|Any CPU
		{B964E541-EBA2-4971-B104-A99ABBD95D36}.Test|Any CPU.ActiveCfg = Test|Any CPU
		{50DF1466-D5B2-40FC-B91E-B212E4A7F4A9}.Debug|Any CPU.ActiveCfg = Debug|Any CPU
		{50DF1466-D5B2-40FC-B91E-B212E4A7F4A9}.DebugGAC|Any CPU.ActiveCfg = Debug|Any CPU
		{50DF1466-D5B2-40FC-B91E-B212E4A7F4A9}.DebugTest|Any CPU.ActiveCfg = Debug|Any CPU
		{50DF1466-D5B2-40FC-B91E-B212E4A7F4A9}.EasyTest|Any CPU.ActiveCfg = RecompiledDxSources|Any CPU
		{50DF1466-D5B2-40FC-B91E-B212E4A7F4A9}.RecompiledDxSources|Any CPU.ActiveCfg = RecompiledDxSources|Any CPU
		{50DF1466-D5B2-40FC-B91E-B212E4A7F4A9}.Release|Any CPU.ActiveCfg = Release|Any CPU
		{50DF1466-D5B2-40FC-B91E-B212E4A7F4A9}.Test|Any CPU.ActiveCfg = RecompiledDxSources|Any CPU
		{4AC47CF2-DA60-48BB-AAD5-CDA3D3C6A934}.Debug|Any CPU.ActiveCfg = Debug|Any CPU
		{4AC47CF2-DA60-48BB-AAD5-CDA3D3C6A934}.DebugGAC|Any CPU.ActiveCfg = Debug|Any CPU
		{4AC47CF2-DA60-48BB-AAD5-CDA3D3C6A934}.DebugTest|Any CPU.ActiveCfg = Debug|Any CPU
		{4AC47CF2-DA60-48BB-AAD5-CDA3D3C6A934}.EasyTest|Any CPU.ActiveCfg = RecompiledDxSources|Any CPU
		{4AC47CF2-DA60-48BB-AAD5-CDA3D3C6A934}.RecompiledDxSources|Any CPU.ActiveCfg = RecompiledDxSources|Any CPU
		{4AC47CF2-DA60-48BB-AAD5-CDA3D3C6A934}.Release|Any CPU.ActiveCfg = Release|Any CPU
		{4AC47CF2-DA60-48BB-AAD5-CDA3D3C6A934}.Test|Any CPU.ActiveCfg = RecompiledDxSources|Any CPU
		{84F8D818-91BC-48DB-9B6C-7E71A82CA635}.Debug|Any CPU.ActiveCfg = Debug|Any CPU
		{84F8D818-91BC-48DB-9B6C-7E71A82CA635}.DebugGAC|Any CPU.ActiveCfg = Debug|Any CPU
		{84F8D818-91BC-48DB-9B6C-7E71A82CA635}.DebugTest|Any CPU.ActiveCfg = Debug|Any CPU
		{84F8D818-91BC-48DB-9B6C-7E71A82CA635}.EasyTest|Any CPU.ActiveCfg = RecompiledDxSources|Any CPU
		{84F8D818-91BC-48DB-9B6C-7E71A82CA635}.RecompiledDxSources|Any CPU.ActiveCfg = RecompiledDxSources|Any CPU
		{84F8D818-91BC-48DB-9B6C-7E71A82CA635}.Release|Any CPU.ActiveCfg = Release|Any CPU
		{84F8D818-91BC-48DB-9B6C-7E71A82CA635}.Test|Any CPU.ActiveCfg = RecompiledDxSources|Any CPU
		{C88FF08D-3819-41C0-A1F2-F4FF0CDFE99D}.Debug|Any CPU.ActiveCfg = Debug|Any CPU
		{C88FF08D-3819-41C0-A1F2-F4FF0CDFE99D}.DebugGAC|Any CPU.ActiveCfg = Debug|Any CPU
		{C88FF08D-3819-41C0-A1F2-F4FF0CDFE99D}.DebugTest|Any CPU.ActiveCfg = Debug|Any CPU
		{C88FF08D-3819-41C0-A1F2-F4FF0CDFE99D}.EasyTest|Any CPU.ActiveCfg = Debug|Any CPU
		{C88FF08D-3819-41C0-A1F2-F4FF0CDFE99D}.RecompiledDxSources|Any CPU.ActiveCfg = Release|Any CPU
		{C88FF08D-3819-41C0-A1F2-F4FF0CDFE99D}.Release|Any CPU.ActiveCfg = Release|Any CPU
		{C88FF08D-3819-41C0-A1F2-F4FF0CDFE99D}.Test|Any CPU.ActiveCfg = Release|Any CPU
		{54F6126C-8D97-4BB4-816D-01EB602D9EA2}.Debug|Any CPU.ActiveCfg = Debug|Any CPU
		{54F6126C-8D97-4BB4-816D-01EB602D9EA2}.DebugGAC|Any CPU.ActiveCfg = Debug|Any CPU
		{54F6126C-8D97-4BB4-816D-01EB602D9EA2}.DebugTest|Any CPU.ActiveCfg = Debug|Any CPU
		{54F6126C-8D97-4BB4-816D-01EB602D9EA2}.EasyTest|Any CPU.ActiveCfg = RecompiledDxSources|Any CPU
		{54F6126C-8D97-4BB4-816D-01EB602D9EA2}.RecompiledDxSources|Any CPU.ActiveCfg = RecompiledDxSources|Any CPU
		{54F6126C-8D97-4BB4-816D-01EB602D9EA2}.Release|Any CPU.ActiveCfg = Release|Any CPU
		{54F6126C-8D97-4BB4-816D-01EB602D9EA2}.Test|Any CPU.ActiveCfg = RecompiledDxSources|Any CPU
		{85D2C1FA-1478-454F-B703-5ACB4B420C28}.Debug|Any CPU.ActiveCfg = Debug|Any CPU
		{85D2C1FA-1478-454F-B703-5ACB4B420C28}.DebugGAC|Any CPU.ActiveCfg = Debug|Any CPU
		{85D2C1FA-1478-454F-B703-5ACB4B420C28}.DebugTest|Any CPU.ActiveCfg = Debug|Any CPU
		{85D2C1FA-1478-454F-B703-5ACB4B420C28}.EasyTest|Any CPU.ActiveCfg = RecompiledDxSources|Any CPU
		{85D2C1FA-1478-454F-B703-5ACB4B420C28}.RecompiledDxSources|Any CPU.ActiveCfg = RecompiledDxSources|Any CPU
		{85D2C1FA-1478-454F-B703-5ACB4B420C28}.Release|Any CPU.ActiveCfg = Release|Any CPU
		{85D2C1FA-1478-454F-B703-5ACB4B420C28}.Test|Any CPU.ActiveCfg = RecompiledDxSources|Any CPU
		{107424FA-EE61-41B7-BA89-2FD0BC9BCEDE}.Debug|Any CPU.ActiveCfg = Debug|Any CPU
		{107424FA-EE61-41B7-BA89-2FD0BC9BCEDE}.DebugGAC|Any CPU.ActiveCfg = DebugGAC|Any CPU
		{107424FA-EE61-41B7-BA89-2FD0BC9BCEDE}.DebugTest|Any CPU.ActiveCfg = DebugGAC|Any CPU
		{107424FA-EE61-41B7-BA89-2FD0BC9BCEDE}.EasyTest|Any CPU.ActiveCfg = RecompiledDxSources|Any CPU
		{107424FA-EE61-41B7-BA89-2FD0BC9BCEDE}.RecompiledDxSources|Any CPU.ActiveCfg = RecompiledDxSources|Any CPU
		{107424FA-EE61-41B7-BA89-2FD0BC9BCEDE}.Release|Any CPU.ActiveCfg = Release|Any CPU
		{107424FA-EE61-41B7-BA89-2FD0BC9BCEDE}.Test|Any CPU.ActiveCfg = RecompiledDxSources|Any CPU
		{3FA72CCB-7AA9-4CE6-B3BD-CE6554B2D4D7}.Debug|Any CPU.ActiveCfg = Debug|Any CPU
		{3FA72CCB-7AA9-4CE6-B3BD-CE6554B2D4D7}.DebugGAC|Any CPU.ActiveCfg = Debug|Any CPU
		{3FA72CCB-7AA9-4CE6-B3BD-CE6554B2D4D7}.DebugTest|Any CPU.ActiveCfg = Debug|Any CPU
		{3FA72CCB-7AA9-4CE6-B3BD-CE6554B2D4D7}.EasyTest|Any CPU.ActiveCfg = EasyTest|Any CPU
		{3FA72CCB-7AA9-4CE6-B3BD-CE6554B2D4D7}.RecompiledDxSources|Any CPU.ActiveCfg = Release|Any CPU
		{3FA72CCB-7AA9-4CE6-B3BD-CE6554B2D4D7}.Release|Any CPU.ActiveCfg = Release|Any CPU
		{3FA72CCB-7AA9-4CE6-B3BD-CE6554B2D4D7}.Test|Any CPU.ActiveCfg = EasyTest|Any CPU
		{3A3180CF-2A7B-48FC-AC8A-F39B21E75DB6}.Debug|Any CPU.ActiveCfg = Debug|Any CPU
		{3A3180CF-2A7B-48FC-AC8A-F39B21E75DB6}.DebugGAC|Any CPU.ActiveCfg = Debug|Any CPU
		{3A3180CF-2A7B-48FC-AC8A-F39B21E75DB6}.DebugTest|Any CPU.ActiveCfg = Debug|Any CPU
		{3A3180CF-2A7B-48FC-AC8A-F39B21E75DB6}.EasyTest|Any CPU.ActiveCfg = Test|Any CPU
		{3A3180CF-2A7B-48FC-AC8A-F39B21E75DB6}.RecompiledDxSources|Any CPU.ActiveCfg = Release|Any CPU
		{3A3180CF-2A7B-48FC-AC8A-F39B21E75DB6}.Release|Any CPU.ActiveCfg = Release|Any CPU
		{3A3180CF-2A7B-48FC-AC8A-F39B21E75DB6}.Test|Any CPU.ActiveCfg = Test|Any CPU
		{BE493AC7-4B27-4EAF-B2A9-8ADD2C7CE4BE}.Debug|Any CPU.ActiveCfg = Debug|Any CPU
		{BE493AC7-4B27-4EAF-B2A9-8ADD2C7CE4BE}.DebugGAC|Any CPU.ActiveCfg = Debug|Any CPU
		{BE493AC7-4B27-4EAF-B2A9-8ADD2C7CE4BE}.DebugTest|Any CPU.ActiveCfg = Debug|Any CPU
		{BE493AC7-4B27-4EAF-B2A9-8ADD2C7CE4BE}.EasyTest|Any CPU.ActiveCfg = RecompiledDxSources|Any CPU
		{BE493AC7-4B27-4EAF-B2A9-8ADD2C7CE4BE}.RecompiledDxSources|Any CPU.ActiveCfg = RecompiledDxSources|Any CPU
		{BE493AC7-4B27-4EAF-B2A9-8ADD2C7CE4BE}.Release|Any CPU.ActiveCfg = Release|Any CPU
		{BE493AC7-4B27-4EAF-B2A9-8ADD2C7CE4BE}.Test|Any CPU.ActiveCfg = RecompiledDxSources|Any CPU
		{C0BAAF0F-9FE6-4D7D-98DC-D163EEC7B87E}.Debug|Any CPU.ActiveCfg = Debug|Any CPU
		{C0BAAF0F-9FE6-4D7D-98DC-D163EEC7B87E}.DebugGAC|Any CPU.ActiveCfg = Debug|Any CPU
		{C0BAAF0F-9FE6-4D7D-98DC-D163EEC7B87E}.DebugTest|Any CPU.ActiveCfg = Debug|Any CPU
		{C0BAAF0F-9FE6-4D7D-98DC-D163EEC7B87E}.EasyTest|Any CPU.ActiveCfg = RecompiledDxSources|Any CPU
		{C0BAAF0F-9FE6-4D7D-98DC-D163EEC7B87E}.RecompiledDxSources|Any CPU.ActiveCfg = RecompiledDxSources|Any CPU
		{C0BAAF0F-9FE6-4D7D-98DC-D163EEC7B87E}.Release|Any CPU.ActiveCfg = Release|Any CPU
		{C0BAAF0F-9FE6-4D7D-98DC-D163EEC7B87E}.Test|Any CPU.ActiveCfg = RecompiledDxSources|Any CPU
		{5F9E1E64-7384-475E-99A6-50407FAF329A}.Debug|Any CPU.ActiveCfg = Debug|Any CPU
		{5F9E1E64-7384-475E-99A6-50407FAF329A}.DebugGAC|Any CPU.ActiveCfg = Debug|Any CPU
		{5F9E1E64-7384-475E-99A6-50407FAF329A}.DebugTest|Any CPU.ActiveCfg = Debug|Any CPU
		{5F9E1E64-7384-475E-99A6-50407FAF329A}.EasyTest|Any CPU.ActiveCfg = EasyTest|Any CPU
		{5F9E1E64-7384-475E-99A6-50407FAF329A}.RecompiledDxSources|Any CPU.ActiveCfg = RecompiledDxSources|Any CPU
		{5F9E1E64-7384-475E-99A6-50407FAF329A}.Release|Any CPU.ActiveCfg = Release|Any CPU
		{5F9E1E64-7384-475E-99A6-50407FAF329A}.Test|Any CPU.ActiveCfg = EasyTest|Any CPU
		{B2BC7237-E245-4619-A041-841CBB395E10}.Debug|Any CPU.ActiveCfg = Debug|Any CPU
		{B2BC7237-E245-4619-A041-841CBB395E10}.DebugGAC|Any CPU.ActiveCfg = Debug|Any CPU
		{B2BC7237-E245-4619-A041-841CBB395E10}.DebugTest|Any CPU.ActiveCfg = Debug|Any CPU
		{B2BC7237-E245-4619-A041-841CBB395E10}.EasyTest|Any CPU.ActiveCfg = RecompiledDxSources|Any CPU
		{B2BC7237-E245-4619-A041-841CBB395E10}.RecompiledDxSources|Any CPU.ActiveCfg = RecompiledDxSources|Any CPU
		{B2BC7237-E245-4619-A041-841CBB395E10}.Release|Any CPU.ActiveCfg = Release|Any CPU
		{B2BC7237-E245-4619-A041-841CBB395E10}.Test|Any CPU.ActiveCfg = RecompiledDxSources|Any CPU
		{3D13CAAC-A265-4A02-97CB-6C9121D7514D}.Debug|Any CPU.ActiveCfg = Debug|Any CPU
		{3D13CAAC-A265-4A02-97CB-6C9121D7514D}.DebugGAC|Any CPU.ActiveCfg = Debug|Any CPU
		{3D13CAAC-A265-4A02-97CB-6C9121D7514D}.DebugTest|Any CPU.ActiveCfg = Debug|Any CPU
		{3D13CAAC-A265-4A02-97CB-6C9121D7514D}.EasyTest|Any CPU.ActiveCfg = RecompiledDxSources|Any CPU
		{3D13CAAC-A265-4A02-97CB-6C9121D7514D}.RecompiledDxSources|Any CPU.ActiveCfg = RecompiledDxSources|Any CPU
		{3D13CAAC-A265-4A02-97CB-6C9121D7514D}.Release|Any CPU.ActiveCfg = Release|Any CPU
		{3D13CAAC-A265-4A02-97CB-6C9121D7514D}.Test|Any CPU.ActiveCfg = RecompiledDxSources|Any CPU
		{DA7200E2-BE28-4B34-99F2-FF9490A720DC}.Debug|Any CPU.ActiveCfg = Debug|Any CPU
		{DA7200E2-BE28-4B34-99F2-FF9490A720DC}.DebugGAC|Any CPU.ActiveCfg = Debug|Any CPU
		{DA7200E2-BE28-4B34-99F2-FF9490A720DC}.DebugTest|Any CPU.ActiveCfg = Debug|Any CPU
		{DA7200E2-BE28-4B34-99F2-FF9490A720DC}.EasyTest|Any CPU.ActiveCfg = EasyTest|Any CPU
		{DA7200E2-BE28-4B34-99F2-FF9490A720DC}.RecompiledDxSources|Any CPU.ActiveCfg = RecompiledDxSources|Any CPU
		{DA7200E2-BE28-4B34-99F2-FF9490A720DC}.Release|Any CPU.ActiveCfg = Release|Any CPU
		{DA7200E2-BE28-4B34-99F2-FF9490A720DC}.Test|Any CPU.ActiveCfg = EasyTest|Any CPU
		{F28172DF-6820-45AA-A278-525AE01F8202}.Debug|Any CPU.ActiveCfg = Debug|Any CPU
		{F28172DF-6820-45AA-A278-525AE01F8202}.DebugGAC|Any CPU.ActiveCfg = Debug|Any CPU
		{F28172DF-6820-45AA-A278-525AE01F8202}.DebugTest|Any CPU.ActiveCfg = Debug|Any CPU
		{F28172DF-6820-45AA-A278-525AE01F8202}.EasyTest|Any CPU.ActiveCfg = RecompiledDxSources|Any CPU
		{F28172DF-6820-45AA-A278-525AE01F8202}.RecompiledDxSources|Any CPU.ActiveCfg = RecompiledDxSources|Any CPU
		{F28172DF-6820-45AA-A278-525AE01F8202}.Release|Any CPU.ActiveCfg = Release|Any CPU
		{F28172DF-6820-45AA-A278-525AE01F8202}.Test|Any CPU.ActiveCfg = RecompiledDxSources|Any CPU
	EndGlobalSection
	GlobalSection(SolutionProperties) = preSolution
		HideSolutionNode = FALSE
	EndGlobalSection
	GlobalSection(NestedProjects) = preSolution
		{A85F685A-F56F-4C9A-A5A3-C2444DB4FB78} = {27E26407-C90A-492E-9407-3E42232DBF7F}
		{B3216F6A-B4C6-4899-9D42-398CDF0CA91E} = {C12A48B8-B4DC-4D71-83C4-0C800F29941F}
		{D33DA85F-C92D-4A13-9880-B6A5343B957D} = {C12A48B8-B4DC-4D71-83C4-0C800F29941F}
		{67045B46-0875-497F-BF4E-4E74CEF4FF27} = {C12A48B8-B4DC-4D71-83C4-0C800F29941F}
		{D38722E2-F2CD-47D3-9203-1AC8070BBE2E} = {C12A48B8-B4DC-4D71-83C4-0C800F29941F}
		{8D97AC44-202D-4659-8CB0-6D8DCC796156} = {C12A48B8-B4DC-4D71-83C4-0C800F29941F}
		{05E856F4-5329-4DB4-8C7E-8B63F24F6506} = {C12A48B8-B4DC-4D71-83C4-0C800F29941F}
		{5F6908F4-2505-4C37-BD49-EC98A6CB103A} = {C12A48B8-B4DC-4D71-83C4-0C800F29941F}
		{2626A753-BFA4-4616-BF32-00D7D7AC4174} = {C12A48B8-B4DC-4D71-83C4-0C800F29941F}
		{0D81BAF7-CC13-411C-BC50-8788755EBA4F} = {C12A48B8-B4DC-4D71-83C4-0C800F29941F}
		{7FC6A30C-7375-4EB2-A6E9-A597B941B45F} = {C12A48B8-B4DC-4D71-83C4-0C800F29941F}
		{81F08473-8A32-4AE1-82D1-576CBC0CA5D8} = {27E26407-C90A-492E-9407-3E42232DBF7F}
		{E3A59B23-05DF-4AB1-BE2B-471EAC7ADD60} = {C12A48B8-B4DC-4D71-83C4-0C800F29941F}
		{D0B11788-3559-45D1-BC21-07953398755B} = {C12A48B8-B4DC-4D71-83C4-0C800F29941F}
		{0E40CCB3-7904-4300-BCD6-E34D275E6370} = {27E26407-C90A-492E-9407-3E42232DBF7F}
		{9C2D3690-C7EB-46C4-83CC-F1D597E0CD2C} = {C12A48B8-B4DC-4D71-83C4-0C800F29941F}
		{560F01E0-F5F8-4261-93A8-A00082204536} = {C12A48B8-B4DC-4D71-83C4-0C800F29941F}
		{6CCA3D25-5AFA-4C26-9DE7-31CDE8F239EB} = {C12A48B8-B4DC-4D71-83C4-0C800F29941F}
		{32A12C8A-B9C9-4D7C-AF10-AE2CA89550F6} = {C12A48B8-B4DC-4D71-83C4-0C800F29941F}
		{EC481968-1696-43E4-837F-BCF08F393323} = {C12A48B8-B4DC-4D71-83C4-0C800F29941F}
		{FE3FD1A4-E5B5-44D4-8B9E-3BF29AD4CB96} = {C12A48B8-B4DC-4D71-83C4-0C800F29941F}
		{B329592B-9530-4DA7-88F2-846BBA1C8F93} = {C12A48B8-B4DC-4D71-83C4-0C800F29941F}
		{8A0EECEA-F699-40BA-B8F9-D70F79E9130B} = {C12A48B8-B4DC-4D71-83C4-0C800F29941F}
		{88207755-7F6B-4B53-9358-190364299985} = {C12A48B8-B4DC-4D71-83C4-0C800F29941F}
		{C044D0A5-B0E1-48D4-B55B-E992DC062A9B} = {C12A48B8-B4DC-4D71-83C4-0C800F29941F}
		{74BE7291-EB8A-4FE3-A495-02545797CF2A} = {C12A48B8-B4DC-4D71-83C4-0C800F29941F}
		{538EA7E1-1930-497A-82EB-3605F0F123F4} = {C12A48B8-B4DC-4D71-83C4-0C800F29941F}
		{E0C71294-D0D1-4633-8EE5-630088DF81DD} = {C12A48B8-B4DC-4D71-83C4-0C800F29941F}
		{B964E541-EBA2-4971-B104-A99ABBD95D36} = {C12A48B8-B4DC-4D71-83C4-0C800F29941F}
		{50DF1466-D5B2-40FC-B91E-B212E4A7F4A9} = {C12A48B8-B4DC-4D71-83C4-0C800F29941F}
		{4AC47CF2-DA60-48BB-AAD5-CDA3D3C6A934} = {C12A48B8-B4DC-4D71-83C4-0C800F29941F}
		{84F8D818-91BC-48DB-9B6C-7E71A82CA635} = {C12A48B8-B4DC-4D71-83C4-0C800F29941F}
		{C88FF08D-3819-41C0-A1F2-F4FF0CDFE99D} = {27E26407-C90A-492E-9407-3E42232DBF7F}
		{54F6126C-8D97-4BB4-816D-01EB602D9EA2} = {C12A48B8-B4DC-4D71-83C4-0C800F29941F}
		{85D2C1FA-1478-454F-B703-5ACB4B420C28} = {C12A48B8-B4DC-4D71-83C4-0C800F29941F}
		{107424FA-EE61-41B7-BA89-2FD0BC9BCEDE} = {27E26407-C90A-492E-9407-3E42232DBF7F}
		{3FA72CCB-7AA9-4CE6-B3BD-CE6554B2D4D7} = {27E26407-C90A-492E-9407-3E42232DBF7F}
		{3A3180CF-2A7B-48FC-AC8A-F39B21E75DB6} = {27E26407-C90A-492E-9407-3E42232DBF7F}
		{BE493AC7-4B27-4EAF-B2A9-8ADD2C7CE4BE} = {C12A48B8-B4DC-4D71-83C4-0C800F29941F}
		{C0BAAF0F-9FE6-4D7D-98DC-D163EEC7B87E} = {C12A48B8-B4DC-4D71-83C4-0C800F29941F}
		{5F9E1E64-7384-475E-99A6-50407FAF329A} = {C12A48B8-B4DC-4D71-83C4-0C800F29941F}
		{B2BC7237-E245-4619-A041-841CBB395E10} = {C12A48B8-B4DC-4D71-83C4-0C800F29941F}
		{3D13CAAC-A265-4A02-97CB-6C9121D7514D} = {C12A48B8-B4DC-4D71-83C4-0C800F29941F}
		{DA7200E2-BE28-4B34-99F2-FF9490A720DC} = {C12A48B8-B4DC-4D71-83C4-0C800F29941F}
		{F28172DF-6820-45AA-A278-525AE01F8202} = {C12A48B8-B4DC-4D71-83C4-0C800F29941F}
		{C12A48B8-B4DC-4D71-83C4-0C800F29941F} = {27E26407-C90A-492E-9407-3E42232DBF7F}
	EndGlobalSection
EndGlobal
