
Microsoft Visual Studio Solution File, Format Version 11.00
# Visual Studio 2010
Project("{FAE04EC0-301F-11D3-BF4B-00C04F79EFBC}") = "ThumbnailTester.Module", "ThumbnailTester.Module\ThumbnailTester.Module.csproj", "{29D67FBE-430B-4933-9C76-AAB2AB70D5D6}"
EndProject
Project("{FAE04EC0-301F-11D3-BF4B-00C04F79EFBC}") = "ThumbnailTester.Module.Web", "ThumbnailTester.Module.Web\ThumbnailTester.Module.Web.csproj", "{6A996DFD-E299-411A-B10B-107C4D6DD08D}"
EndProject
Project("{00000000-0000-0000-0000-000000000000}") = "ThumbnailTester.Web", "ThumbnailTester.Web\ThumbnailTester.Web.csproj", "{769F99E3-F213-43EC-890F-8BF5126ADAD5}"
EndProject
Global
	GlobalSection(SolutionConfigurationPlatforms) = preSolution
		Debug|Any CPU = Debug|Any CPU
		EasyTest|Any CPU = EasyTest|Any CPU
		Release|Any CPU = Release|Any CPU
	EndGlobalSection
	GlobalSection(ProjectConfigurationPlatforms) = postSolution
		{29D67FBE-430B-4933-9C76-AAB2AB70D5D6}.Debug|Any CPU.ActiveCfg = Debug|Any CPU
		{29D67FBE-430B-4933-9C76-AAB2AB70D5D6}.Debug|Any CPU.Build.0 = Debug|Any CPU
		{29D67FBE-430B-4933-9C76-AAB2AB70D5D6}.EasyTest|Any CPU.ActiveCfg = EasyTest|Any CPU
		{29D67FBE-430B-4933-9C76-AAB2AB70D5D6}.EasyTest|Any CPU.Build.0 = EasyTest|Any CPU
		{29D67FBE-430B-4933-9C76-AAB2AB70D5D6}.Release|Any CPU.ActiveCfg = Release|Any CPU
		{29D67FBE-430B-4933-9C76-AAB2AB70D5D6}.Release|Any CPU.Build.0 = Release|Any CPU
		{6A996DFD-E299-411A-B10B-107C4D6DD08D}.Debug|Any CPU.ActiveCfg = Debug|Any CPU
		{6A996DFD-E299-411A-B10B-107C4D6DD08D}.Debug|Any CPU.Build.0 = Debug|Any CPU
		{6A996DFD-E299-411A-B10B-107C4D6DD08D}.EasyTest|Any CPU.ActiveCfg = EasyTest|Any CPU
		{6A996DFD-E299-411A-B10B-107C4D6DD08D}.EasyTest|Any CPU.Build.0 = EasyTest|Any CPU
		{6A996DFD-E299-411A-B10B-107C4D6DD08D}.Release|Any CPU.ActiveCfg = Release|Any CPU
		{6A996DFD-E299-411A-B10B-107C4D6DD08D}.Release|Any CPU.Build.0 = Release|Any CPU
		{769F99E3-F213-43EC-890F-8BF5126ADAD5}.Debug|Any CPU.ActiveCfg = Debug|Any CPU
		{769F99E3-F213-43EC-890F-8BF5126ADAD5}.Debug|Any CPU.Build.0 = Debug|Any CPU
		{769F99E3-F213-43EC-890F-8BF5126ADAD5}.EasyTest|Any CPU.ActiveCfg = EasyTest|Any CPU
		{769F99E3-F213-43EC-890F-8BF5126ADAD5}.EasyTest|Any CPU.Build.0 = EasyTest|Any CPU
		{769F99E3-F213-43EC-890F-8BF5126ADAD5}.Release|Any CPU.ActiveCfg = Release|Any CPU
		{769F99E3-F213-43EC-890F-8BF5126ADAD5}.Release|Any CPU.Build.0 = Release|Any CPU
	EndGlobalSection
	GlobalSection(SolutionProperties) = preSolution
		HideSolutionNode = FALSE
	EndGlobalSection
EndGlobal
