
Microsoft Visual Studio Solution File, Format Version 10.00
# Visual Studio 2008
Project("{FAE04EC0-301F-11D3-BF4B-00C04F79EFBC}") = "eXpandAddIns", "eXpandAddIns.csproj", "{67DE17FC-3668-4AFC-AC86-0F1AC9CD91EE}"
EndProject
Project("{FAE04EC0-301F-11D3-BF4B-00C04F79EFBC}") = "DevExpress.ExpressApp.ModelEditor", "DevExpress.ExpressApp.ModelEditor\DevExpress.ExpressApp.ModelEditor.csproj", "{91682A13-67A5-4FB6-9495-74CE699611DD}"
EndProject
Project("{FAE04EC0-301F-11D3-BF4B-00C04F79EFBC}") = "eXpandAddins.Fixtures", "eXpandAddins.Fixtures\eXpandAddins.Fixtures.csproj", "{15B4CC4F-F7EA-4471-B119-901AC5C0F23E}"
EndProject
Global
	GlobalSection(SolutionConfigurationPlatforms) = preSolution
		Debug|Any CPU = Debug|Any CPU
		Release|Any CPU = Release|Any CPU
	EndGlobalSection
	GlobalSection(ProjectConfigurationPlatforms) = postSolution
		{67DE17FC-3668-4AFC-AC86-0F1AC9CD91EE}.Debug|Any CPU.ActiveCfg = Debug|Any CPU
		{67DE17FC-3668-4AFC-AC86-0F1AC9CD91EE}.Debug|Any CPU.Build.0 = Debug|Any CPU
		{67DE17FC-3668-4AFC-AC86-0F1AC9CD91EE}.Release|Any CPU.ActiveCfg = Release|Any CPU
		{67DE17FC-3668-4AFC-AC86-0F1AC9CD91EE}.Release|Any CPU.Build.0 = Release|Any CPU
		{91682A13-67A5-4FB6-9495-74CE699611DD}.Debug|Any CPU.ActiveCfg = Debug|Any CPU
		{91682A13-67A5-4FB6-9495-74CE699611DD}.Release|Any CPU.ActiveCfg = Release|Any CPU
		{91682A13-67A5-4FB6-9495-74CE699611DD}.Release|Any CPU.Build.0 = Release|Any CPU
		{15B4CC4F-F7EA-4471-B119-901AC5C0F23E}.Debug|Any CPU.ActiveCfg = Debug|Any CPU
		{15B4CC4F-F7EA-4471-B119-901AC5C0F23E}.Debug|Any CPU.Build.0 = Debug|Any CPU
		{15B4CC4F-F7EA-4471-B119-901AC5C0F23E}.Release|Any CPU.ActiveCfg = Release|Any CPU
		{15B4CC4F-F7EA-4471-B119-901AC5C0F23E}.Release|Any CPU.Build.0 = Release|Any CPU
	EndGlobalSection
	GlobalSection(SolutionProperties) = preSolution
		HideSolutionNode = FALSE
	EndGlobalSection
	GlobalSection(ExtensibilityGlobals) = postSolution
		VisualSVNWorkingCopyRoot = .
	EndGlobalSection
EndGlobal
