Microsoft Visual Studio Solution File, Format Version 12.00
# Visual Studio Version 17
VisualStudioVersion = 17.3.32811.315
MinimumVisualStudioVersion = 10.0.40219.1
Project("{2150E333-8FDC-42A3-9474-1A3956D46DE8}") = ".paket", ".paket", "{91C901B6-0647-4482-9A16-F41A358A8588}"
	ProjectSection(SolutionItems) = preProject
		..\..\paket.dependencies = ..\..\paket.dependencies
	EndProjectSection
EndProject
Project("{9A19103F-16F7-4668-BE54-9A1E7A4F7556}") = "XVideoRental.Module.Win", "XVideoRental.Module.Win\XVideoRental.Module.Win.csproj", "{3EF22D83-3110-4AB6-99FD-1346A5784800}"
EndProject
Project("{9A19103F-16F7-4668-BE54-9A1E7A4F7556}") = "XVideoRental.Win", "XVideoRental.Win\XVideoRental.Win.csproj", "{F9B6C458-59EB-44FC-899C-DBCBA869C08E}"
EndProject
Global
	GlobalSection(SolutionConfigurationPlatforms) = preSolution
		Debug|Any CPU = Debug|Any CPU
		Debug|Mixed Platforms = Debug|Mixed Platforms
		Debug|x86 = Debug|x86
		EasyTest|Any CPU = EasyTest|Any CPU
		EasyTest|Mixed Platforms = EasyTest|Mixed Platforms
		EasyTest|x86 = EasyTest|x86
		RecompiledDxSources|Any CPU = RecompiledDxSources|Any CPU
		RecompiledDxSources|Mixed Platforms = RecompiledDxSources|Mixed Platforms
		RecompiledDxSources|x86 = RecompiledDxSources|x86
		Release|Any CPU = Release|Any CPU
		Release|Mixed Platforms = Release|Mixed Platforms
		Release|x86 = Release|x86
		Test|Any CPU = Test|Any CPU
		Test|Mixed Platforms = Test|Mixed Platforms
		Test|x86 = Test|x86
	EndGlobalSection
	GlobalSection(ProjectConfigurationPlatforms) = postSolution
		{3EF22D83-3110-4AB6-99FD-1346A5784800}.Debug|Any CPU.ActiveCfg = Debug|Any CPU
		{3EF22D83-3110-4AB6-99FD-1346A5784800}.Debug|Any CPU.Build.0 = Debug|Any CPU
		{3EF22D83-3110-4AB6-99FD-1346A5784800}.Debug|Mixed Platforms.ActiveCfg = Debug|Any CPU
		{3EF22D83-3110-4AB6-99FD-1346A5784800}.Debug|Mixed Platforms.Build.0 = Debug|Any CPU
		{3EF22D83-3110-4AB6-99FD-1346A5784800}.Debug|x86.ActiveCfg = Debug|Any CPU
		{3EF22D83-3110-4AB6-99FD-1346A5784800}.Debug|x86.Build.0 = Debug|Any CPU
		{3EF22D83-3110-4AB6-99FD-1346A5784800}.EasyTest|Any CPU.ActiveCfg = Debug|Any CPU
		{3EF22D83-3110-4AB6-99FD-1346A5784800}.EasyTest|Any CPU.Build.0 = Debug|Any CPU
		{3EF22D83-3110-4AB6-99FD-1346A5784800}.EasyTest|Mixed Platforms.ActiveCfg = Debug|Any CPU
		{3EF22D83-3110-4AB6-99FD-1346A5784800}.EasyTest|Mixed Platforms.Build.0 = Debug|Any CPU
		{3EF22D83-3110-4AB6-99FD-1346A5784800}.EasyTest|x86.ActiveCfg = Debug|Any CPU
		{3EF22D83-3110-4AB6-99FD-1346A5784800}.EasyTest|x86.Build.0 = Debug|Any CPU
		{3EF22D83-3110-4AB6-99FD-1346A5784800}.RecompiledDxSources|Any CPU.ActiveCfg = Release|Any CPU
		{3EF22D83-3110-4AB6-99FD-1346A5784800}.RecompiledDxSources|Any CPU.Build.0 = Release|Any CPU
		{3EF22D83-3110-4AB6-99FD-1346A5784800}.RecompiledDxSources|Mixed Platforms.ActiveCfg = Release|Any CPU
		{3EF22D83-3110-4AB6-99FD-1346A5784800}.RecompiledDxSources|Mixed Platforms.Build.0 = Release|Any CPU
		{3EF22D83-3110-4AB6-99FD-1346A5784800}.RecompiledDxSources|x86.ActiveCfg = Release|Any CPU
		{3EF22D83-3110-4AB6-99FD-1346A5784800}.RecompiledDxSources|x86.Build.0 = Release|Any CPU
		{3EF22D83-3110-4AB6-99FD-1346A5784800}.Release|Any CPU.ActiveCfg = Release|Any CPU
		{3EF22D83-3110-4AB6-99FD-1346A5784800}.Release|Any CPU.Build.0 = Release|Any CPU
		{3EF22D83-3110-4AB6-99FD-1346A5784800}.Release|Mixed Platforms.ActiveCfg = Release|Any CPU
		{3EF22D83-3110-4AB6-99FD-1346A5784800}.Release|Mixed Platforms.Build.0 = Release|Any CPU
		{3EF22D83-3110-4AB6-99FD-1346A5784800}.Release|x86.ActiveCfg = Release|Any CPU
		{3EF22D83-3110-4AB6-99FD-1346A5784800}.Release|x86.Build.0 = Release|Any CPU
		{3EF22D83-3110-4AB6-99FD-1346A5784800}.Test|Any CPU.ActiveCfg = Debug|Any CPU
		{3EF22D83-3110-4AB6-99FD-1346A5784800}.Test|Any CPU.Build.0 = Debug|Any CPU
		{3EF22D83-3110-4AB6-99FD-1346A5784800}.Test|Mixed Platforms.ActiveCfg = Debug|Any CPU
		{3EF22D83-3110-4AB6-99FD-1346A5784800}.Test|Mixed Platforms.Build.0 = Debug|Any CPU
		{3EF22D83-3110-4AB6-99FD-1346A5784800}.Test|x86.ActiveCfg = Debug|Any CPU
		{3EF22D83-3110-4AB6-99FD-1346A5784800}.Test|x86.Build.0 = Debug|Any CPU
		{F9B6C458-59EB-44FC-899C-DBCBA869C08E}.Debug|Any CPU.ActiveCfg = Debug|Any CPU
		{F9B6C458-59EB-44FC-899C-DBCBA869C08E}.Debug|Any CPU.Build.0 = Debug|Any CPU
		{F9B6C458-59EB-44FC-899C-DBCBA869C08E}.Debug|Mixed Platforms.ActiveCfg = Debug|Any CPU
		{F9B6C458-59EB-44FC-899C-DBCBA869C08E}.Debug|Mixed Platforms.Build.0 = Debug|Any CPU
		{F9B6C458-59EB-44FC-899C-DBCBA869C08E}.Debug|x86.ActiveCfg = Debug|Any CPU
		{F9B6C458-59EB-44FC-899C-DBCBA869C08E}.Debug|x86.Build.0 = Debug|Any CPU
		{F9B6C458-59EB-44FC-899C-DBCBA869C08E}.EasyTest|Any CPU.ActiveCfg = Debug|Any CPU
		{F9B6C458-59EB-44FC-899C-DBCBA869C08E}.EasyTest|Any CPU.Build.0 = Debug|Any CPU
		{F9B6C458-59EB-44FC-899C-DBCBA869C08E}.EasyTest|Mixed Platforms.ActiveCfg = Debug|Any CPU
		{F9B6C458-59EB-44FC-899C-DBCBA869C08E}.EasyTest|Mixed Platforms.Build.0 = Debug|Any CPU
		{F9B6C458-59EB-44FC-899C-DBCBA869C08E}.EasyTest|x86.ActiveCfg = Debug|Any CPU
		{F9B6C458-59EB-44FC-899C-DBCBA869C08E}.EasyTest|x86.Build.0 = Debug|Any CPU
		{F9B6C458-59EB-44FC-899C-DBCBA869C08E}.RecompiledDxSources|Any CPU.ActiveCfg = Release|Any CPU
		{F9B6C458-59EB-44FC-899C-DBCBA869C08E}.RecompiledDxSources|Any CPU.Build.0 = Release|Any CPU
		{F9B6C458-59EB-44FC-899C-DBCBA869C08E}.RecompiledDxSources|Mixed Platforms.ActiveCfg = Release|Any CPU
		{F9B6C458-59EB-44FC-899C-DBCBA869C08E}.RecompiledDxSources|Mixed Platforms.Build.0 = Release|Any CPU
		{F9B6C458-59EB-44FC-899C-DBCBA869C08E}.RecompiledDxSources|x86.ActiveCfg = Release|Any CPU
		{F9B6C458-59EB-44FC-899C-DBCBA869C08E}.RecompiledDxSources|x86.Build.0 = Release|Any CPU
		{F9B6C458-59EB-44FC-899C-DBCBA869C08E}.Release|Any CPU.ActiveCfg = Release|Any CPU
		{F9B6C458-59EB-44FC-899C-DBCBA869C08E}.Release|Any CPU.Build.0 = Release|Any CPU
		{F9B6C458-59EB-44FC-899C-DBCBA869C08E}.Release|Mixed Platforms.ActiveCfg = Release|Any CPU
		{F9B6C458-59EB-44FC-899C-DBCBA869C08E}.Release|Mixed Platforms.Build.0 = Release|Any CPU
		{F9B6C458-59EB-44FC-899C-DBCBA869C08E}.Release|x86.ActiveCfg = Release|Any CPU
		{F9B6C458-59EB-44FC-899C-DBCBA869C08E}.Release|x86.Build.0 = Release|Any CPU
		{F9B6C458-59EB-44FC-899C-DBCBA869C08E}.Test|Any CPU.ActiveCfg = Debug|Any CPU
		{F9B6C458-59EB-44FC-899C-DBCBA869C08E}.Test|Any CPU.Build.0 = Debug|Any CPU
		{F9B6C458-59EB-44FC-899C-DBCBA869C08E}.Test|Mixed Platforms.ActiveCfg = Debug|Any CPU
		{F9B6C458-59EB-44FC-899C-DBCBA869C08E}.Test|Mixed Platforms.Build.0 = Debug|Any CPU
		{F9B6C458-59EB-44FC-899C-DBCBA869C08E}.Test|x86.ActiveCfg = Debug|Any CPU
		{F9B6C458-59EB-44FC-899C-DBCBA869C08E}.Test|x86.Build.0 = Debug|Any CPU
	EndGlobalSection
	GlobalSection(SolutionProperties) = preSolution
		HideSolutionNode = FALSE
	EndGlobalSection
	GlobalSection(ExtensibilityGlobals) = postSolution
		SolutionGuid = {D68268B4-907D-4AE1-B00B-7F69E84B4339}
	EndGlobalSection
EndGlobal
